{
  "version": 4,
  "terraform_version": "1.3.3",
  "serial": 49,
  "lineage": "2b5e0dac-bb67-2894-bd70-22dc06e11b96",
  "outputs": {
    "ip_v4_internal": {
      "value": "172.30.135.17",
      "type": "string"
    },
    "ip_v4_public": {
      "value": "90.147.170.156",
      "type": "string"
    },
    "node_name": {
      "value": "vgcn-it02-central-manager.pulsar",
      "type": "string"
    }
  },
  "resources": [
    {
      "mode": "data",
      "type": "openstack_images_image_v2",
      "name": "vgcn-image",
      "provider": "provider[\"registry.terraform.io/terraform-provider-openstack/openstack\"]",
      "instances": [
        {
          "schema_version": 0,
          "attributes": {
            "checksum": "3349a0044b36999dfcf00f520251f17a",
            "container_format": "bare",
            "created_at": "2023-01-24T13:11:57Z",
            "disk_format": "raw",
            "file": "/v2/images/93c32e68-4b0a-4c8e-84b6-58e78f7367db/file",
            "hidden": false,
            "id": "93c32e68-4b0a-4c8e-84b6-58e78f7367db",
            "member_status": null,
            "metadata": {},
            "min_disk_gb": 0,
            "min_ram_mb": 0,
            "most_recent": false,
            "name": "vggp-v60-j326-d1dfcf46c4cd-main",
            "owner": "b50a16f2358d40c78e3d4f8602164958",
            "properties": {
              "description": "VGCN image: vggp-v60-j326-d1dfcf46c4cd-main",
              "direct_url": "rbd://ba6f81aa-7e32-4d95-92f1-1581d57545ce/images/93c32e68-4b0a-4c8e-84b6-58e78f7367db/snap"
            },
            "protected": false,
            "region": "recas-cloud",
            "schema": "/v2/schemas/image",
            "size_bytes": 6291456000,
            "size_max": null,
            "size_min": null,
            "sort_direction": "asc",
            "sort_key": "name",
            "tag": null,
            "tags": [],
            "updated_at": "2023-01-24T13:20:45Z",
            "visibility": "private"
          },
          "sensitive_attributes": []
        }
      ]
    },
    {
      "mode": "data",
      "type": "openstack_networking_network_v2",
      "name": "external",
      "provider": "provider[\"registry.terraform.io/terraform-provider-openstack/openstack\"]",
      "instances": [
        {
          "schema_version": 0,
          "attributes": {
            "admin_state_up": "true",
            "all_tags": [],
            "availability_zone_hints": [],
            "description": "",
            "dns_domain": "",
            "external": false,
            "id": "fe82ef7b-4bb7-4c1e-b4ec-ec5c1b0c7333",
            "matching_subnet_cidr": null,
            "mtu": 0,
            "name": "public_net",
            "network_id": null,
            "region": "recas-cloud",
            "shared": "true",
            "status": null,
            "subnets": [
              "8885e8a9-cb18-435b-a3db-4b30d5b8b3c1",
              "a5d8f007-43bc-4874-99f0-7aa91233b6bd",
              "6fb67102-8516-4a67-8848-603b41a37ce8",
              "8eb3e335-b4e8-4afe-8b48-acb108b2ed56"
            ],
            "tags": null,
            "tenant_id": "f41187320a504846b132582e172fa268",
            "transparent_vlan": false
          },
          "sensitive_attributes": []
        }
      ]
    },
    {
      "mode": "data",
      "type": "openstack_networking_network_v2",
      "name": "internal",
      "provider": "provider[\"registry.terraform.io/terraform-provider-openstack/openstack\"]",
      "instances": [
        {
          "schema_version": 0,
          "attributes": {
            "admin_state_up": "true",
            "all_tags": [],
            "availability_zone_hints": [],
            "description": "",
            "dns_domain": "",
            "external": false,
            "id": "dfea29dd-e2e7-4562-8d3d-376ac9d34e8e",
            "matching_subnet_cidr": null,
            "mtu": 1500,
            "name": "private_net",
            "network_id": null,
            "region": "recas-cloud",
            "shared": "false",
            "status": null,
            "subnets": [
              "1f1e786e-ea10-40ef-98c3-874470dd8584"
            ],
            "tags": null,
            "tenant_id": "b50a16f2358d40c78e3d4f8602164958",
            "transparent_vlan": false
          },
          "sensitive_attributes": []
        }
      ]
    },
    {
      "mode": "data",
      "type": "template_cloudinit_config",
      "name": "nfs-share",
      "provider": "provider[\"registry.terraform.io/hashicorp/template\"]",
      "instances": [
        {
          "schema_version": 0,
          "attributes": {
            "base64_encode": true,
            "gzip": true,
            "id": "1245455536",
            "part": [
              {
                "content": "#!/bin/bash\n\nmkfs -t xfs /dev/vdb\necho \"/dev/vdb  /data/share xfs defaults,nofail 0 2\" \u003e\u003e /etc/fstab\nmount /data/share\nmkdir -p /data/share\nchown centos:centos -R /data/share\n",
                "content_type": "text/x-shellscript",
                "filename": "",
                "merge_type": ""
              },
              {
                "content": "#cloud-config\nwrite_files:\n- content: |\n    /data/share *(rw,sync)\n  owner: root:root\n  path: /etc/exports\n  permissions: '0644'\n\nruncmd:\n - [ systemctl, enable, nfs-server ]\n - [ systemctl, start, nfs-server ]\n - [ exportfs, -avr ]\n",
                "content_type": "text/cloud-config",
                "filename": "",
                "merge_type": ""
              }
            ],
            "rendered": "H4sIAAAAAAAA/6yQTYsUMRCG7wX9H8rxsCodM8qiEHHBjz14GIVFBRGRdFLZDttJmlT1TA/446V3UGZcvXlJqJen6oXnTclCWdTH/UgG0zRIHG0VneJM/gV2Zcre1v3L1ebd5vL1h0/v3766+rKCZVKfqXIs2eCTx+sGGlDqGGrg9+1qMweq6jK74mO+Nvi8i3IE3JYLzaJnxT0NA7saR2lgExPd6bl/T3cx685yD5BuAqMSnAOj9rTVW98Bub7g6teIqL0Vq7m3lW5BT8FOg3CbS7BxwDU+XeHFBWoSpwOL7SCVKcvxIqQbHyuq8SR0fdlldJSlsDl8qK5OkP8jxg1l8sqVHOL1v7wcM7CrUeh7iAOxAYXucNLgD0A8NfLoQd21vM/uISCWXaZqsJYiZnkAcbTSm4MbmsdShZeQaoq89LPBs/Wz8/MzgDpll7wBVPgVec9CycnQImXbDdRiDqyY6pYqfrsDsdgqf2MOpYFbVHa7pH8aVaqBnwEAAP//PWQwLskCAAA="
          },
          "sensitive_attributes": []
        }
      ]
    },
    {
      "mode": "managed",
      "type": "openstack_blockstorage_volume_v2",
      "name": "volume_nfs_data",
      "provider": "provider[\"registry.terraform.io/terraform-provider-openstack/openstack\"]",
      "instances": [
        {
          "schema_version": 0,
          "attributes": {
            "attachment": [],
            "availability_zone": "nova",
            "consistency_group_id": null,
            "description": "",
            "id": "2cfdb1fe-5ed9-471d-b5ea-217cd26ea8b1",
            "image_id": null,
            "metadata": {},
            "name": "vgcn-it02-volume_nfs_data",
            "region": "recas-cloud",
            "scheduler_hints": [],
            "size": 200,
            "snapshot_id": "",
            "source_replica": null,
            "source_vol_id": "",
            "timeouts": null,
            "volume_type": ""
          },
          "sensitive_attributes": [],
          "private": "eyJlMmJmYjczMC1lY2FhLTExZTYtOGY4OC0zNDM2M2JjN2M0YzAiOnsiY3JlYXRlIjo2MDAwMDAwMDAwMDAsImRlbGV0ZSI6NjAwMDAwMDAwMDAwfX0="
        }
      ]
    },
    {
      "mode": "managed",
      "type": "openstack_compute_instance_v2",
      "name": "central-manager",
      "provider": "provider[\"registry.terraform.io/terraform-provider-openstack/openstack\"]",
      "instances": [
        {
          "schema_version": 0,
          "attributes": {
            "access_ip_v4": "90.147.170.156",
            "access_ip_v6": "",
            "admin_pass": null,
            "all_metadata": {},
            "all_tags": [],
            "availability_zone": "nova",
            "availability_zone_hints": null,
            "block_device": [],
            "config_drive": null,
            "flavor_id": "8",
            "flavor_name": "medium",
            "floating_ip": null,
            "force_delete": false,
            "id": "a74831af-a3f9-4311-80cd-9ecca4e11d44",
            "image_id": "93c32e68-4b0a-4c8e-84b6-58e78f7367db",
            "image_name": "vggp-v60-j326-d1dfcf46c4cd-main",
            "key_pair": "cloud_key",
            "metadata": null,
            "name": "vgcn-it02-central-manager.pulsar",
            "network": [
              {
                "access_network": false,
                "fixed_ip_v4": "90.147.170.156",
                "fixed_ip_v6": "",
                "floating_ip": "",
                "mac": "fa:16:3e:34:87:62",
                "name": "public_net",
                "port": "",
                "uuid": "fe82ef7b-4bb7-4c1e-b4ec-ec5c1b0c7333"
              },
              {
                "access_network": false,
                "fixed_ip_v4": "172.30.135.17",
                "fixed_ip_v6": "",
                "floating_ip": "",
                "mac": "fa:16:3e:c7:d9:cc",
                "name": "private_net",
                "port": "",
                "uuid": "dfea29dd-e2e7-4562-8d3d-376ac9d34e8e"
              }
            ],
            "network_mode": null,
            "personality": [],
            "power_state": "active",
            "region": "recas-cloud",
            "scheduler_hints": [],
            "security_groups": [
              "vgcn-it02-egress-public",
              "vgcn-it02-ingress-private",
              "vgcn-it02-public-ssh"
            ],
            "stop_before_destroy": false,
            "tags": null,
            "timeouts": null,
            "user_data": "d597eafbf0b00e1f091ee1e2bd2b3d1c821d43b9",
            "vendor_options": [],
            "volume": []
          },
          "sensitive_attributes": [],
          "private": "eyJlMmJmYjczMC1lY2FhLTExZTYtOGY4OC0zNDM2M2JjN2M0YzAiOnsiY3JlYXRlIjoxODAwMDAwMDAwMDAwLCJkZWxldGUiOjE4MDAwMDAwMDAwMDAsInVwZGF0ZSI6MTgwMDAwMDAwMDAwMH19",
          "dependencies": [
            "data.openstack_images_image_v2.vgcn-image",
            "data.openstack_networking_network_v2.external",
            "data.openstack_networking_network_v2.internal",
            "data.template_cloudinit_config.nfs-share",
            "openstack_blockstorage_volume_v2.volume_nfs_data",
            "openstack_compute_instance_v2.nfs-server",
            "openstack_compute_keypair_v2.my-cloud-key"
          ]
        }
      ]
    },
    {
      "mode": "managed",
      "type": "openstack_compute_instance_v2",
      "name": "exec-node",
      "provider": "provider[\"registry.terraform.io/terraform-provider-openstack/openstack\"]",
      "instances": [
        {
          "index_key": 0,
          "schema_version": 0,
          "attributes": {
            "access_ip_v4": "172.30.135.19",
            "access_ip_v6": "",
            "admin_pass": null,
            "all_metadata": {},
            "all_tags": [],
            "availability_zone": "nova",
            "availability_zone_hints": null,
            "block_device": [],
            "config_drive": null,
            "flavor_id": "9",
            "flavor_name": "large",
            "floating_ip": null,
            "force_delete": false,
            "id": "01e7f530-6ad1-4a2b-b979-1a936d801cf1",
            "image_id": "93c32e68-4b0a-4c8e-84b6-58e78f7367db",
            "image_name": "vggp-v60-j326-d1dfcf46c4cd-main",
            "key_pair": "cloud_key",
            "metadata": null,
            "name": "vgcn-it02-exec-node-0.pulsar",
            "network": [
              {
                "access_network": false,
                "fixed_ip_v4": "172.30.135.19",
                "fixed_ip_v6": "",
                "floating_ip": "",
                "mac": "fa:16:3e:1d:db:7c",
                "name": "private_net",
                "port": "",
                "uuid": "dfea29dd-e2e7-4562-8d3d-376ac9d34e8e"
              }
            ],
            "network_mode": null,
            "personality": [],
            "power_state": "active",
            "region": "recas-cloud",
            "scheduler_hints": [],
            "security_groups": [
              "vgcn-it02-egress-public",
              "vgcn-it02-ingress-private"
            ],
            "stop_before_destroy": false,
            "tags": null,
            "timeouts": null,
            "user_data": "ff164c08788ab79e89526fa9049ae03789fa6e5b",
            "vendor_options": [],
            "volume": []
          },
          "sensitive_attributes": [],
          "private": "eyJlMmJmYjczMC1lY2FhLTExZTYtOGY4OC0zNDM2M2JjN2M0YzAiOnsiY3JlYXRlIjoxODAwMDAwMDAwMDAwLCJkZWxldGUiOjE4MDAwMDAwMDAwMDAsInVwZGF0ZSI6MTgwMDAwMDAwMDAwMH19",
          "dependencies": [
            "data.openstack_images_image_v2.vgcn-image",
            "data.openstack_networking_network_v2.external",
            "data.openstack_networking_network_v2.internal",
            "data.template_cloudinit_config.nfs-share",
            "openstack_blockstorage_volume_v2.volume_nfs_data",
            "openstack_compute_instance_v2.central-manager",
            "openstack_compute_instance_v2.nfs-server",
            "openstack_compute_keypair_v2.my-cloud-key"
          ]
        },
        {
          "index_key": 1,
          "schema_version": 0,
          "attributes": {
            "access_ip_v4": "172.30.135.18",
            "access_ip_v6": "",
            "admin_pass": null,
            "all_metadata": {},
            "all_tags": [],
            "availability_zone": "nova",
            "availability_zone_hints": null,
            "block_device": [],
            "config_drive": null,
            "flavor_id": "9",
            "flavor_name": "large",
            "floating_ip": null,
            "force_delete": false,
            "id": "c5c2cb19-efce-4c49-a272-1a298d37cb81",
            "image_id": "93c32e68-4b0a-4c8e-84b6-58e78f7367db",
            "image_name": "vggp-v60-j326-d1dfcf46c4cd-main",
            "key_pair": "cloud_key",
            "metadata": null,
            "name": "vgcn-it02-exec-node-1.pulsar",
            "network": [
              {
                "access_network": false,
                "fixed_ip_v4": "172.30.135.18",
                "fixed_ip_v6": "",
                "floating_ip": "",
                "mac": "fa:16:3e:ef:93:2f",
                "name": "private_net",
                "port": "",
                "uuid": "dfea29dd-e2e7-4562-8d3d-376ac9d34e8e"
              }
            ],
            "network_mode": null,
            "personality": [],
            "power_state": "active",
            "region": "recas-cloud",
            "scheduler_hints": [],
            "security_groups": [
              "vgcn-it02-egress-public",
              "vgcn-it02-ingress-private"
            ],
            "stop_before_destroy": false,
            "tags": null,
            "timeouts": null,
            "user_data": "ff164c08788ab79e89526fa9049ae03789fa6e5b",
            "vendor_options": [],
            "volume": []
          },
          "sensitive_attributes": [],
          "private": "eyJlMmJmYjczMC1lY2FhLTExZTYtOGY4OC0zNDM2M2JjN2M0YzAiOnsiY3JlYXRlIjoxODAwMDAwMDAwMDAwLCJkZWxldGUiOjE4MDAwMDAwMDAwMDAsInVwZGF0ZSI6MTgwMDAwMDAwMDAwMH19",
          "dependencies": [
            "data.openstack_images_image_v2.vgcn-image",
            "data.openstack_networking_network_v2.external",
            "data.openstack_networking_network_v2.internal",
            "data.template_cloudinit_config.nfs-share",
            "openstack_blockstorage_volume_v2.volume_nfs_data",
            "openstack_compute_instance_v2.central-manager",
            "openstack_compute_instance_v2.nfs-server",
            "openstack_compute_keypair_v2.my-cloud-key"
          ]
        }
      ]
    },
    {
      "mode": "managed",
      "type": "openstack_compute_instance_v2",
      "name": "nfs-server",
      "provider": "provider[\"registry.terraform.io/terraform-provider-openstack/openstack\"]",
      "instances": [
        {
          "schema_version": 0,
          "attributes": {
            "access_ip_v4": "172.30.135.16",
            "access_ip_v6": "",
            "admin_pass": null,
            "all_metadata": {},
            "all_tags": [],
            "availability_zone": "nova",
            "availability_zone_hints": null,
            "block_device": [
              {
                "boot_index": 0,
                "delete_on_termination": true,
                "destination_type": "local",
                "device_type": "",
                "disk_bus": "",
                "guest_format": "",
                "source_type": "image",
                "uuid": "93c32e68-4b0a-4c8e-84b6-58e78f7367db",
                "volume_size": 0,
                "volume_type": ""
              },
              {
                "boot_index": -1,
                "delete_on_termination": true,
                "destination_type": "volume",
                "device_type": "",
                "disk_bus": "",
                "guest_format": "",
                "source_type": "volume",
                "uuid": "2cfdb1fe-5ed9-471d-b5ea-217cd26ea8b1",
                "volume_size": 0,
                "volume_type": ""
              }
            ],
            "config_drive": null,
            "flavor_id": "8",
            "flavor_name": "medium",
            "floating_ip": null,
            "force_delete": false,
            "id": "fa5189fb-cdb8-4b27-93ab-430cf5d2cdb4",
            "image_id": "93c32e68-4b0a-4c8e-84b6-58e78f7367db",
            "image_name": "vggp-v60-j326-d1dfcf46c4cd-main",
            "key_pair": "cloud_key",
            "metadata": null,
            "name": "vgcn-it02-nfs.pulsar",
            "network": [
              {
                "access_network": false,
                "fixed_ip_v4": "172.30.135.16",
                "fixed_ip_v6": "",
                "floating_ip": "",
                "mac": "fa:16:3e:34:99:a3",
                "name": "private_net",
                "port": "",
                "uuid": "dfea29dd-e2e7-4562-8d3d-376ac9d34e8e"
              }
            ],
            "network_mode": null,
            "personality": [],
            "power_state": "active",
            "region": "recas-cloud",
            "scheduler_hints": [],
            "security_groups": [
              "vgcn-it02-egress-public",
              "vgcn-it02-ingress-private"
            ],
            "stop_before_destroy": false,
            "tags": null,
            "timeouts": null,
            "user_data": "3fdfafc39423b6c9f63517978c360496a780a864",
            "vendor_options": [],
            "volume": []
          },
          "sensitive_attributes": [],
          "private": "eyJlMmJmYjczMC1lY2FhLTExZTYtOGY4OC0zNDM2M2JjN2M0YzAiOnsiY3JlYXRlIjoxODAwMDAwMDAwMDAwLCJkZWxldGUiOjE4MDAwMDAwMDAwMDAsInVwZGF0ZSI6MTgwMDAwMDAwMDAwMH19",
          "dependencies": [
            "data.openstack_images_image_v2.vgcn-image",
            "data.openstack_networking_network_v2.internal",
            "data.template_cloudinit_config.nfs-share",
            "openstack_blockstorage_volume_v2.volume_nfs_data",
            "openstack_compute_keypair_v2.my-cloud-key"
          ]
        }
      ]
    },
    {
      "mode": "managed",
      "type": "openstack_compute_keypair_v2",
      "name": "my-cloud-key",
      "provider": "provider[\"registry.terraform.io/terraform-provider-openstack/openstack\"]",
      "instances": [
        {
          "schema_version": 0,
          "attributes": {
            "fingerprint": "aa:a5:57:ae:51:ca:1d:6f:db:60:b8:09:f9:e3:06:08",
            "id": "cloud_key",
            "name": "cloud_key",
            "private_key": "",
            "public_key": "ssh-rsa AAAAB3NzaC1yc2EAAAADAQABAAABAQDy787GZIVdHW7QV+Wu2q9q5k5CiTOq04ENioVig88IIVGNqi8qiX+3fhZx/w2hhlz6AePrYu8CfVPplCRdSMjP46av53V1M7r0+yqJvuk1PC2f/rSoEL95TvaeiV28+5Wy4MC58UvYuewuhIHcbfPiXHf3NEE3scd38GXCYKLhAP28mUQ950Ar4SoWv4irv21maJwkwqn5AYXcy1yrbBZtaTbQELVPa/E6X9j+k29bn32ITmmtKBA3ne/QlFRaaYI3XggvMXhhSSIYsJUdlSOjUTriB2DraHsxMGfOPjmPXkjvrXp9MfOzjMg10fb7K2Mda8u/ujK/dvx3BnhlSIpn marco@marco-Latitude-3440",
            "region": "recas-cloud",
            "user_id": "",
            "value_specs": null
          },
          "sensitive_attributes": [],
          "private": "bnVsbA=="
        }
      ]
    },
    {
      "mode": "managed",
      "type": "openstack_networking_secgroup_rule_v2",
      "name": "egress-public-4",
      "provider": "provider[\"registry.terraform.io/terraform-provider-openstack/openstack\"]",
      "instances": [
        {
          "schema_version": 0,
          "attributes": {
            "description": "",
            "direction": "egress",
            "ethertype": "IPv4",
            "id": "126f6ca9-727a-4ffc-8492-1388d7fd9ace",
            "port_range_max": 0,
            "port_range_min": 0,
            "protocol": "",
            "region": "recas-cloud",
            "remote_group_id": "",
            "remote_ip_prefix": "",
            "security_group_id": "63204252-340f-4602-8bcf-417d190c2d66",
            "tenant_id": "b50a16f2358d40c78e3d4f8602164958",
            "timeouts": null
          },
          "sensitive_attributes": [],
          "private": "eyJlMmJmYjczMC1lY2FhLTExZTYtOGY4OC0zNDM2M2JjN2M0YzAiOnsiZGVsZXRlIjo2MDAwMDAwMDAwMDB9fQ==",
          "dependencies": [
            "openstack_networking_secgroup_v2.egress-public"
          ]
        }
      ]
    },
    {
      "mode": "managed",
      "type": "openstack_networking_secgroup_rule_v2",
      "name": "egress-public-6",
      "provider": "provider[\"registry.terraform.io/terraform-provider-openstack/openstack\"]",
      "instances": [
        {
          "schema_version": 0,
          "attributes": {
            "description": "",
            "direction": "egress",
            "ethertype": "IPv6",
            "id": "d54f09bf-91d5-4610-9a85-3837ae39d54c",
            "port_range_max": 0,
            "port_range_min": 0,
            "protocol": "",
            "region": "recas-cloud",
            "remote_group_id": "",
            "remote_ip_prefix": "",
            "security_group_id": "63204252-340f-4602-8bcf-417d190c2d66",
            "tenant_id": "b50a16f2358d40c78e3d4f8602164958",
            "timeouts": null
          },
          "sensitive_attributes": [],
          "private": "eyJlMmJmYjczMC1lY2FhLTExZTYtOGY4OC0zNDM2M2JjN2M0YzAiOnsiZGVsZXRlIjo2MDAwMDAwMDAwMDB9fQ==",
          "dependencies": [
            "openstack_networking_secgroup_v2.egress-public"
          ]
        }
      ]
    },
    {
      "mode": "managed",
      "type": "openstack_networking_secgroup_rule_v2",
      "name": "ingress-private-4",
      "provider": "provider[\"registry.terraform.io/terraform-provider-openstack/openstack\"]",
      "instances": [
        {
          "schema_version": 0,
          "attributes": {
            "description": "",
            "direction": "ingress",
            "ethertype": "IPv4",
            "id": "e93cd7ab-6914-4efb-b79a-cb7f49d0f553",
            "port_range_max": 0,
            "port_range_min": 0,
            "protocol": "",
            "region": "recas-cloud",
            "remote_group_id": "",
            "remote_ip_prefix": "172.30.135.0/24",
            "security_group_id": "356ce373-880a-45a1-b112-9a35664fdf54",
            "tenant_id": "b50a16f2358d40c78e3d4f8602164958",
            "timeouts": null
          },
          "sensitive_attributes": [],
          "private": "eyJlMmJmYjczMC1lY2FhLTExZTYtOGY4OC0zNDM2M2JjN2M0YzAiOnsiZGVsZXRlIjo2MDAwMDAwMDAwMDB9fQ==",
          "dependencies": [
            "openstack_networking_secgroup_v2.ingress-private"
          ]
        }
      ]
    },
    {
      "mode": "managed",
      "type": "openstack_networking_secgroup_rule_v2",
      "name": "public-ssh-4",
      "provider": "provider[\"registry.terraform.io/terraform-provider-openstack/openstack\"]",
      "instances": [
        {
          "schema_version": 0,
          "attributes": {
            "description": "",
            "direction": "ingress",
            "ethertype": "IPv4",
            "id": "dd5f6367-bda9-4ebe-932c-1e416f1bb50b",
            "port_range_max": 22,
            "port_range_min": 22,
            "protocol": "tcp",
            "region": "recas-cloud",
            "remote_group_id": "",
            "remote_ip_prefix": "",
            "security_group_id": "3ca31ac3-399d-437d-b396-d25d4da82d21",
            "tenant_id": "b50a16f2358d40c78e3d4f8602164958",
            "timeouts": null
          },
          "sensitive_attributes": [],
          "private": "eyJlMmJmYjczMC1lY2FhLTExZTYtOGY4OC0zNDM2M2JjN2M0YzAiOnsiZGVsZXRlIjo2MDAwMDAwMDAwMDB9fQ==",
          "dependencies": [
            "openstack_networking_secgroup_v2.public-ssh"
          ]
        }
      ]
    },
    {
      "mode": "managed",
      "type": "openstack_networking_secgroup_rule_v2",
      "name": "publich-ssh-6",
      "provider": "provider[\"registry.terraform.io/terraform-provider-openstack/openstack\"]",
      "instances": [
        {
          "schema_version": 0,
          "attributes": {
            "description": "",
            "direction": "ingress",
            "ethertype": "IPv6",
            "id": "a9252ceb-0dcf-4ce0-b344-1126b3f7b0d6",
            "port_range_max": 22,
            "port_range_min": 22,
            "protocol": "tcp",
            "region": "recas-cloud",
            "remote_group_id": "",
            "remote_ip_prefix": "",
            "security_group_id": "3ca31ac3-399d-437d-b396-d25d4da82d21",
            "tenant_id": "b50a16f2358d40c78e3d4f8602164958",
            "timeouts": null
          },
          "sensitive_attributes": [],
          "private": "eyJlMmJmYjczMC1lY2FhLTExZTYtOGY4OC0zNDM2M2JjN2M0YzAiOnsiZGVsZXRlIjo2MDAwMDAwMDAwMDB9fQ==",
          "dependencies": [
            "openstack_networking_secgroup_v2.public-ssh"
          ]
        }
      ]
    },
    {
      "mode": "managed",
      "type": "openstack_networking_secgroup_v2",
      "name": "egress-public",
      "provider": "provider[\"registry.terraform.io/terraform-provider-openstack/openstack\"]",
      "instances": [
        {
          "schema_version": 0,
          "attributes": {
            "all_tags": [],
            "delete_default_rules": true,
            "description": "[tf] Allow any outgoing connection",
            "id": "63204252-340f-4602-8bcf-417d190c2d66",
            "name": "vgcn-it02-egress-public",
            "region": "recas-cloud",
            "tags": null,
            "tenant_id": "b50a16f2358d40c78e3d4f8602164958",
            "timeouts": null
          },
          "sensitive_attributes": [],
          "private": "eyJlMmJmYjczMC1lY2FhLTExZTYtOGY4OC0zNDM2M2JjN2M0YzAiOnsiZGVsZXRlIjo2MDAwMDAwMDAwMDB9fQ=="
        }
      ]
    },
    {
      "mode": "managed",
      "type": "openstack_networking_secgroup_v2",
      "name": "ingress-private",
      "provider": "provider[\"registry.terraform.io/terraform-provider-openstack/openstack\"]",
      "instances": [
        {
          "schema_version": 0,
          "attributes": {
            "all_tags": [],
            "delete_default_rules": true,
            "description": "[tf] Allow any incoming connection from private network",
            "id": "356ce373-880a-45a1-b112-9a35664fdf54",
            "name": "vgcn-it02-ingress-private",
            "region": "recas-cloud",
            "tags": null,
            "tenant_id": "b50a16f2358d40c78e3d4f8602164958",
            "timeouts": null
          },
          "sensitive_attributes": [],
          "private": "eyJlMmJmYjczMC1lY2FhLTExZTYtOGY4OC0zNDM2M2JjN2M0YzAiOnsiZGVsZXRlIjo2MDAwMDAwMDAwMDB9fQ=="
        }
      ]
    },
    {
      "mode": "managed",
      "type": "openstack_networking_secgroup_v2",
      "name": "public-ssh",
      "provider": "provider[\"registry.terraform.io/terraform-provider-openstack/openstack\"]",
      "instances": [
        {
          "schema_version": 0,
          "attributes": {
            "all_tags": [],
            "delete_default_rules": true,
            "description": "[tf] Allow SSH connections from anywhere",
            "id": "3ca31ac3-399d-437d-b396-d25d4da82d21",
            "name": "vgcn-it02-public-ssh",
            "region": "recas-cloud",
            "tags": null,
            "tenant_id": "b50a16f2358d40c78e3d4f8602164958",
            "timeouts": null
          },
          "sensitive_attributes": [],
          "private": "eyJlMmJmYjczMC1lY2FhLTExZTYtOGY4OC0zNDM2M2JjN2M0YzAiOnsiZGVsZXRlIjo2MDAwMDAwMDAwMDB9fQ=="
        }
      ]
    }
  ],
  "check_results": []
}
