{
    "version": 3,
    "terraform_version": "0.11.14",
    "serial": 44,
    "lineage": "6b46e682-138d-7ef2-08ba-83795d3a840c",
    "modules": [
        {
            "path": [
                "root"
            ],
            "outputs": {
                "ip_v4_internal": {
                    "sensitive": false,
                    "type": "string",
                    "value": "192.168.195.166"
                },
                "ip_v4_public": {
                    "sensitive": false,
                    "type": "string",
                    "value": "192.52.37.189"
                },
                "node_name": {
                    "sensitive": false,
                    "type": "string",
                    "value": "vgcn-de03-central-manager.pulsar"
                }
            },
            "resources": {
                "data.openstack_images_image_v2.vgcn-image": {
                    "type": "openstack_images_image_v2",
                    "depends_on": [],
                    "primary": {
                        "id": "ff22f5e2-5668-4293-95c7-75d42288d1fa",
                        "attributes": {
                            "checksum": "008352d7679af7f7fdaa04d899035bb6",
                            "container_format": "bare",
                            "created_at": "2019-09-05T12:12:33Z",
                            "disk_format": "raw",
                            "file": "/v2/images/ff22f5e2-5668-4293-95c7-75d42288d1fa/file",
                            "id": "ff22f5e2-5668-4293-95c7-75d42288d1fa",
                            "metadata.%": "0",
                            "min_disk_gb": "0",
                            "min_ram_mb": "0",
                            "most_recent": "false",
                            "name": "vggp-v31-j132-4ab83d5ffde9-master",
                            "owner": "36d6d9420bb04403b55fb21052efe4be",
                            "protected": "false",
                            "schema": "/v2/schemas/image",
                            "size_bytes": "4194304000",
                            "sort_direction": "asc",
                            "sort_key": "name",
                            "tags.#": "0",
                            "updated_at": "2019-09-05T12:13:54Z",
                            "visibility": "shared"
                        },
                        "meta": {},
                        "tainted": false
                    },
                    "deposed": [],
                    "provider": "provider.openstack"
                },
                "data.openstack_networking_network_v2.external": {
                    "type": "openstack_networking_network_v2",
                    "depends_on": [],
                    "primary": {
                        "id": "6a68b40c-356f-4d4c-95e9-e5c72855fb35",
                        "attributes": {
                            "admin_state_up": "true",
                            "all_tags.#": "0",
                            "availability_zone_hints.#": "0",
                            "description": "",
                            "dns_domain": "",
                            "external": "true",
                            "id": "6a68b40c-356f-4d4c-95e9-e5c72855fb35",
                            "mtu": "1500",
                            "name": "public",
                            "region": "Freiburg",
                            "shared": "true",
                            "tenant_id": "0e73357886c449e3a6eb13d513c49aa4",
                            "transparent_vlan": "false"
                        },
                        "meta": {},
                        "tainted": false
                    },
                    "deposed": [],
                    "provider": "provider.openstack"
                },
                "data.openstack_networking_network_v2.internal": {
                    "type": "openstack_networking_network_v2",
                    "depends_on": [],
                    "primary": {
                        "id": "0e3fe711-4e20-4643-bc72-30949dd78950",
                        "attributes": {
                            "admin_state_up": "true",
                            "all_tags.#": "0",
                            "availability_zone_hints.#": "0",
                            "description": "",
                            "dns_domain": "",
                            "external": "false",
                            "id": "0e3fe711-4e20-4643-bc72-30949dd78950",
                            "mtu": "1450",
                            "name": "vgcn-de03-private",
                            "region": "Freiburg",
                            "shared": "false",
                            "tenant_id": "36d6d9420bb04403b55fb21052efe4be",
                            "transparent_vlan": "false"
                        },
                        "meta": {},
                        "tainted": false
                    },
                    "deposed": [],
                    "provider": "provider.openstack"
                },
                "data.template_cloudinit_config.nfs-share": {
                    "type": "template_cloudinit_config",
                    "depends_on": [],
                    "primary": {
                        "id": "3217397081",
                        "attributes": {
                            "base64_encode": "true",
                            "gzip": "true",
                            "id": "3217397081",
                            "part.#": "2",
                            "part.0.content": "#!/bin/bash\n\nmkfs -t xfs /dev/vdb\necho \"/dev/vdb  /data/share xfs defaults,nofail 0 2\" \u003e\u003e /etc/fstab\nmount /data/share\nmkdir -p /data/share\nchown centos:centos -R /data/share\n",
                            "part.0.content_type": "text/x-shellscript",
                            "part.0.filename": "",
                            "part.0.merge_type": "",
                            "part.1.content": "    #cloud-config\n    write_files:\n    - content: |\n        /data/share *(rw,sync)\n      owner: root:root\n      path: /etc/exports\n      permissions: '0644'\n\n    runcmd:\n     - [ systemctl, enable, nfs-server ]\n     - [ systemctl, start, nfs-server ]\n     - [ exportfs, -avr ]\n",
                            "part.1.content_type": "text/cloud-config",
                            "part.1.filename": "",
                            "part.1.merge_type": "",
                            "rendered": "H4sIAAAAAAAA/6yQX2sVMRDF3wP7Hcbbh6pszFWKQsSCf/rgw1UoKoiIZJNJN3STLJnZe/eCH152t5Wt2jfzkDDn/DIznLc5MSaWn449aohDx6E3hVUMI7qX0OQhOVOOrza797uLNx8/f3j3+vLrRkyV/IKFQk4anj7ZVqISUq6hSvzuXUwij0VeJJtdSFcaXjSBV8A8nHFkNUpqsevIltBzJXYh4l9zTh6oJiTVGGqFiNeeQDKMnkA53Ku9awTaNsPmtgRQzrBR1JqCM+jQm6FjqlP2JnSwhWcbOD8HhWyVJzaNiHlIvP4o4rULBWR/R7RtPiSwmDiTXh6Ql3eQ/xOM7fLgpM3Jh6t7cgEAOFlzs3IogfGHDx2SngUJdmmv4ecsTGed0OOH5VDTMdlHN3Y+JCwaSs6sp+tG7g23eskMxz4XplsDSww07UYaTrfPz85OxWyVIdnoljVAwjegIzFGy10NmEzTYQ3JkyQseyzw/Z8gsSl8H7cs4qkGafaT82f6UlbiVwAAAP//53DkVfUCAAA="
                        },
                        "meta": {},
                        "tainted": false
                    },
                    "deposed": [],
                    "provider": "provider.template"
                },
                "openstack_blockstorage_volume_v2.gpu-node-c-vol": {
                    "type": "openstack_blockstorage_volume_v2",
                    "depends_on": [],
                    "primary": {
                        "id": "d75ffb97-5176-4da3-94f3-2dfeefc49ba4",
                        "attributes": {
                            "attachment.#": "0",
                            "availability_zone": "nova",
                            "description": "",
                            "id": "d75ffb97-5176-4da3-94f3-2dfeefc49ba4",
                            "metadata.%": "0",
                            "name": "vgcn-de03-gpu-node-c0-vol",
                            "region": "Freiburg",
                            "size": "500",
                            "snapshot_id": "",
                            "source_vol_id": "",
                            "volume_type": "default"
                        },
                        "meta": {
                            "e2bfb730-ecaa-11e6-8f88-34363bc7c4c0": {
                                "create": 600000000000,
                                "delete": 600000000000
                            }
                        },
                        "tainted": false
                    },
                    "deposed": [],
                    "provider": "provider.openstack"
                },
                "openstack_blockstorage_volume_v2.gpu-node-d-vol": {
                    "type": "openstack_blockstorage_volume_v2",
                    "depends_on": [],
                    "primary": {
                        "id": "ec86d240-b516-4974-95e6-6407d41fdbc8",
                        "attributes": {
                            "attachment.#": "0",
                            "availability_zone": "nova",
                            "description": "",
                            "id": "ec86d240-b516-4974-95e6-6407d41fdbc8",
                            "metadata.%": "0",
                            "name": "vgcn-de03-gpu-node-d0-vol",
                            "region": "Freiburg",
                            "size": "500",
                            "snapshot_id": "",
                            "source_vol_id": "",
                            "volume_type": "default"
                        },
                        "meta": {
                            "e2bfb730-ecaa-11e6-8f88-34363bc7c4c0": {
                                "create": 600000000000,
                                "delete": 600000000000
                            }
                        },
                        "tainted": false
                    },
                    "deposed": [],
                    "provider": "provider.openstack"
                },
                "openstack_blockstorage_volume_v2.node-a-vol.0": {
                    "type": "openstack_blockstorage_volume_v2",
                    "depends_on": [],
                    "primary": {
                        "id": "4935f451-dcbd-4414-a449-b6d148837be7",
                        "attributes": {
                            "attachment.#": "0",
                            "availability_zone": "nova",
                            "description": "",
                            "id": "4935f451-dcbd-4414-a449-b6d148837be7",
                            "metadata.%": "0",
                            "name": "vgcn-de03-gpu-node-a0-vol",
                            "region": "Freiburg",
                            "size": "500",
                            "snapshot_id": "",
                            "source_vol_id": "",
                            "volume_type": "default"
                        },
                        "meta": {
                            "e2bfb730-ecaa-11e6-8f88-34363bc7c4c0": {
                                "create": 600000000000,
                                "delete": 600000000000
                            }
                        },
                        "tainted": false
                    },
                    "deposed": [],
                    "provider": "provider.openstack"
                },
                "openstack_blockstorage_volume_v2.node-a-vol.1": {
                    "type": "openstack_blockstorage_volume_v2",
                    "depends_on": [],
                    "primary": {
                        "id": "bb4ef8ea-a495-4529-a17d-afb25ac8ff8a",
                        "attributes": {
                            "attachment.#": "0",
                            "availability_zone": "nova",
                            "description": "",
                            "id": "bb4ef8ea-a495-4529-a17d-afb25ac8ff8a",
                            "metadata.%": "0",
                            "name": "vgcn-de03-gpu-node-a1-vol",
                            "region": "Freiburg",
                            "size": "500",
                            "snapshot_id": "",
                            "source_vol_id": "",
                            "volume_type": "default"
                        },
                        "meta": {
                            "e2bfb730-ecaa-11e6-8f88-34363bc7c4c0": {
                                "create": 600000000000,
                                "delete": 600000000000
                            }
                        },
                        "tainted": false
                    },
                    "deposed": [],
                    "provider": "provider.openstack"
                },
                "openstack_blockstorage_volume_v2.node-a-vol.2": {
                    "type": "openstack_blockstorage_volume_v2",
                    "depends_on": [],
                    "primary": {
                        "id": "06701d21-0e25-4fd5-92b0-9ae880630b77",
                        "attributes": {
                            "attachment.#": "0",
                            "availability_zone": "nova",
                            "description": "",
                            "id": "06701d21-0e25-4fd5-92b0-9ae880630b77",
                            "metadata.%": "0",
                            "name": "vgcn-de03-gpu-node-a2-vol",
                            "region": "Freiburg",
                            "size": "500",
                            "snapshot_id": "",
                            "source_vol_id": "",
                            "volume_type": "default"
                        },
                        "meta": {
                            "e2bfb730-ecaa-11e6-8f88-34363bc7c4c0": {
                                "create": 600000000000,
                                "delete": 600000000000
                            }
                        },
                        "tainted": false
                    },
                    "deposed": [],
                    "provider": "provider.openstack"
                },
                "openstack_blockstorage_volume_v2.node-a-vol.3": {
                    "type": "openstack_blockstorage_volume_v2",
                    "depends_on": [],
                    "primary": {
                        "id": "e36b038d-638d-4e51-b23a-ba3c105922d6",
                        "attributes": {
                            "attachment.#": "0",
                            "availability_zone": "nova",
                            "description": "",
                            "id": "e36b038d-638d-4e51-b23a-ba3c105922d6",
                            "metadata.%": "0",
                            "name": "vgcn-de03-gpu-node-a3-vol",
                            "region": "Freiburg",
                            "size": "500",
                            "snapshot_id": "",
                            "source_vol_id": "",
                            "volume_type": "default"
                        },
                        "meta": {
                            "e2bfb730-ecaa-11e6-8f88-34363bc7c4c0": {
                                "create": 600000000000,
                                "delete": 600000000000
                            }
                        },
                        "tainted": false
                    },
                    "deposed": [],
                    "provider": "provider.openstack"
                },
                "openstack_blockstorage_volume_v2.node-a-vol.4": {
                    "type": "openstack_blockstorage_volume_v2",
                    "depends_on": [],
                    "primary": {
                        "id": "9e1128e9-770b-4170-9d76-a85cb4a94db1",
                        "attributes": {
                            "attachment.#": "0",
                            "availability_zone": "nova",
                            "description": "",
                            "id": "9e1128e9-770b-4170-9d76-a85cb4a94db1",
                            "metadata.%": "0",
                            "name": "vgcn-de03-gpu-node-a4-vol",
                            "region": "Freiburg",
                            "size": "500",
                            "snapshot_id": "",
                            "source_vol_id": "",
                            "volume_type": "default"
                        },
                        "meta": {
                            "e2bfb730-ecaa-11e6-8f88-34363bc7c4c0": {
                                "create": 600000000000,
                                "delete": 600000000000
                            }
                        },
                        "tainted": false
                    },
                    "deposed": [],
                    "provider": "provider.openstack"
                },
                "openstack_blockstorage_volume_v2.node-a-vol.5": {
                    "type": "openstack_blockstorage_volume_v2",
                    "depends_on": [],
                    "primary": {
                        "id": "17efda5a-5a35-4426-b28e-241deb3c96cf",
                        "attributes": {
                            "attachment.#": "0",
                            "availability_zone": "nova",
                            "description": "",
                            "id": "17efda5a-5a35-4426-b28e-241deb3c96cf",
                            "metadata.%": "0",
                            "name": "vgcn-de03-gpu-node-a5-vol",
                            "region": "Freiburg",
                            "size": "500",
                            "snapshot_id": "",
                            "source_vol_id": "",
                            "volume_type": "default"
                        },
                        "meta": {
                            "e2bfb730-ecaa-11e6-8f88-34363bc7c4c0": {
                                "create": 600000000000,
                                "delete": 600000000000
                            }
                        },
                        "tainted": false
                    },
                    "deposed": [],
                    "provider": "provider.openstack"
                },
                "openstack_blockstorage_volume_v2.node-a-vol.6": {
                    "type": "openstack_blockstorage_volume_v2",
                    "depends_on": [],
                    "primary": {
                        "id": "95f925c3-99ea-4f03-b521-42a261d040e2",
                        "attributes": {
                            "attachment.#": "0",
                            "availability_zone": "nova",
                            "description": "",
                            "id": "95f925c3-99ea-4f03-b521-42a261d040e2",
                            "metadata.%": "0",
                            "name": "vgcn-de03-gpu-node-a6-vol",
                            "region": "Freiburg",
                            "size": "500",
                            "snapshot_id": "",
                            "source_vol_id": "",
                            "volume_type": "default"
                        },
                        "meta": {
                            "e2bfb730-ecaa-11e6-8f88-34363bc7c4c0": {
                                "create": 600000000000,
                                "delete": 600000000000
                            }
                        },
                        "tainted": false
                    },
                    "deposed": [],
                    "provider": "provider.openstack"
                },
                "openstack_blockstorage_volume_v2.node-a-vol.7": {
                    "type": "openstack_blockstorage_volume_v2",
                    "depends_on": [],
                    "primary": {
                        "id": "98d0141a-81d7-4bab-a7de-a1c6c75204f5",
                        "attributes": {
                            "attachment.#": "0",
                            "availability_zone": "nova",
                            "description": "",
                            "id": "98d0141a-81d7-4bab-a7de-a1c6c75204f5",
                            "metadata.%": "0",
                            "name": "vgcn-de03-gpu-node-a7-vol",
                            "region": "Freiburg",
                            "size": "500",
                            "snapshot_id": "",
                            "source_vol_id": "",
                            "volume_type": "default"
                        },
                        "meta": {
                            "e2bfb730-ecaa-11e6-8f88-34363bc7c4c0": {
                                "create": 600000000000,
                                "delete": 600000000000
                            }
                        },
                        "tainted": false
                    },
                    "deposed": [],
                    "provider": "provider.openstack"
                },
                "openstack_blockstorage_volume_v2.node-b-vol.0": {
                    "type": "openstack_blockstorage_volume_v2",
                    "depends_on": [],
                    "primary": {
                        "id": "f7b82498-45cb-4be7-8f6f-45bc2f53de58",
                        "attributes": {
                            "attachment.#": "0",
                            "availability_zone": "nova",
                            "description": "",
                            "id": "f7b82498-45cb-4be7-8f6f-45bc2f53de58",
                            "metadata.%": "0",
                            "name": "vgcn-de03-gpu-node-b0-vol",
                            "region": "Freiburg",
                            "size": "500",
                            "snapshot_id": "",
                            "source_vol_id": "",
                            "volume_type": "default"
                        },
                        "meta": {
                            "e2bfb730-ecaa-11e6-8f88-34363bc7c4c0": {
                                "create": 600000000000,
                                "delete": 600000000000
                            }
                        },
                        "tainted": false
                    },
                    "deposed": [],
                    "provider": "provider.openstack"
                },
                "openstack_blockstorage_volume_v2.node-b-vol.1": {
                    "type": "openstack_blockstorage_volume_v2",
                    "depends_on": [],
                    "primary": {
                        "id": "ce5c8465-a3c9-4b4b-8c5f-92d44c00e5d2",
                        "attributes": {
                            "attachment.#": "0",
                            "availability_zone": "nova",
                            "description": "",
                            "id": "ce5c8465-a3c9-4b4b-8c5f-92d44c00e5d2",
                            "metadata.%": "0",
                            "name": "vgcn-de03-gpu-node-b1-vol",
                            "region": "Freiburg",
                            "size": "500",
                            "snapshot_id": "",
                            "source_vol_id": "",
                            "volume_type": "default"
                        },
                        "meta": {
                            "e2bfb730-ecaa-11e6-8f88-34363bc7c4c0": {
                                "create": 600000000000,
                                "delete": 600000000000
                            }
                        },
                        "tainted": false
                    },
                    "deposed": [],
                    "provider": "provider.openstack"
                },
                "openstack_blockstorage_volume_v2.node-b-vol.2": {
                    "type": "openstack_blockstorage_volume_v2",
                    "depends_on": [],
                    "primary": {
                        "id": "2211a673-1205-4273-8eb5-8dd3b6e638b9",
                        "attributes": {
                            "attachment.#": "0",
                            "availability_zone": "nova",
                            "description": "",
                            "id": "2211a673-1205-4273-8eb5-8dd3b6e638b9",
                            "metadata.%": "0",
                            "name": "vgcn-de03-gpu-node-b2-vol",
                            "region": "Freiburg",
                            "size": "500",
                            "snapshot_id": "",
                            "source_vol_id": "",
                            "volume_type": "default"
                        },
                        "meta": {
                            "e2bfb730-ecaa-11e6-8f88-34363bc7c4c0": {
                                "create": 600000000000,
                                "delete": 600000000000
                            }
                        },
                        "tainted": false
                    },
                    "deposed": [],
                    "provider": "provider.openstack"
                },
                "openstack_blockstorage_volume_v2.node-b-vol.3": {
                    "type": "openstack_blockstorage_volume_v2",
                    "depends_on": [],
                    "primary": {
                        "id": "70e82ee4-5404-4e28-86c5-6a245ef08b01",
                        "attributes": {
                            "attachment.#": "0",
                            "availability_zone": "nova",
                            "description": "",
                            "id": "70e82ee4-5404-4e28-86c5-6a245ef08b01",
                            "metadata.%": "0",
                            "name": "vgcn-de03-gpu-node-b3-vol",
                            "region": "Freiburg",
                            "size": "500",
                            "snapshot_id": "",
                            "source_vol_id": "",
                            "volume_type": "default"
                        },
                        "meta": {
                            "e2bfb730-ecaa-11e6-8f88-34363bc7c4c0": {
                                "create": 600000000000,
                                "delete": 600000000000
                            }
                        },
                        "tainted": false
                    },
                    "deposed": [],
                    "provider": "provider.openstack"
                },
                "openstack_blockstorage_volume_v2.node-b-vol.4": {
                    "type": "openstack_blockstorage_volume_v2",
                    "depends_on": [],
                    "primary": {
                        "id": "76ec69bf-d499-4487-9e15-df3de5e06bda",
                        "attributes": {
                            "attachment.#": "0",
                            "availability_zone": "nova",
                            "description": "",
                            "id": "76ec69bf-d499-4487-9e15-df3de5e06bda",
                            "metadata.%": "0",
                            "name": "vgcn-de03-gpu-node-b4-vol",
                            "region": "Freiburg",
                            "size": "500",
                            "snapshot_id": "",
                            "source_vol_id": "",
                            "volume_type": "default"
                        },
                        "meta": {
                            "e2bfb730-ecaa-11e6-8f88-34363bc7c4c0": {
                                "create": 600000000000,
                                "delete": 600000000000
                            }
                        },
                        "tainted": false
                    },
                    "deposed": [],
                    "provider": "provider.openstack"
                },
                "openstack_blockstorage_volume_v2.node-b-vol.5": {
                    "type": "openstack_blockstorage_volume_v2",
                    "depends_on": [],
                    "primary": {
                        "id": "71c8755b-4653-46c9-ac58-ff2b51d98512",
                        "attributes": {
                            "attachment.#": "0",
                            "availability_zone": "nova",
                            "description": "",
                            "id": "71c8755b-4653-46c9-ac58-ff2b51d98512",
                            "metadata.%": "0",
                            "name": "vgcn-de03-gpu-node-b5-vol",
                            "region": "Freiburg",
                            "size": "500",
                            "snapshot_id": "",
                            "source_vol_id": "",
                            "volume_type": "default"
                        },
                        "meta": {
                            "e2bfb730-ecaa-11e6-8f88-34363bc7c4c0": {
                                "create": 600000000000,
                                "delete": 600000000000
                            }
                        },
                        "tainted": false
                    },
                    "deposed": [],
                    "provider": "provider.openstack"
                },
                "openstack_blockstorage_volume_v2.node-b-vol.6": {
                    "type": "openstack_blockstorage_volume_v2",
                    "depends_on": [],
                    "primary": {
                        "id": "e9e04ebb-3dfa-4ac6-8b84-072311d3eadb",
                        "attributes": {
                            "attachment.#": "0",
                            "availability_zone": "nova",
                            "description": "",
                            "id": "e9e04ebb-3dfa-4ac6-8b84-072311d3eadb",
                            "metadata.%": "0",
                            "name": "vgcn-de03-gpu-node-b6-vol",
                            "region": "Freiburg",
                            "size": "500",
                            "snapshot_id": "",
                            "source_vol_id": "",
                            "volume_type": "default"
                        },
                        "meta": {
                            "e2bfb730-ecaa-11e6-8f88-34363bc7c4c0": {
                                "create": 600000000000,
                                "delete": 600000000000
                            }
                        },
                        "tainted": false
                    },
                    "deposed": [],
                    "provider": "provider.openstack"
                },
                "openstack_blockstorage_volume_v2.volume_nfs_data": {
                    "type": "openstack_blockstorage_volume_v2",
                    "depends_on": [],
                    "primary": {
                        "id": "f9caadba-24c5-4a60-ab34-dc5887e35b3e",
                        "attributes": {
                            "attachment.#": "0",
                            "availability_zone": "nova",
                            "description": "",
                            "id": "f9caadba-24c5-4a60-ab34-dc5887e35b3e",
                            "metadata.%": "0",
                            "name": "vgcn-de03-volume_nfs_data",
                            "region": "Freiburg",
                            "size": "10240",
                            "snapshot_id": "",
                            "source_vol_id": "",
                            "volume_type": "default"
                        },
                        "meta": {
                            "e2bfb730-ecaa-11e6-8f88-34363bc7c4c0": {
                                "create": 600000000000,
                                "delete": 600000000000
                            }
                        },
                        "tainted": false
                    },
                    "deposed": [],
                    "provider": "provider.openstack"
                },
                "openstack_compute_instance_v2.central-manager": {
                    "type": "openstack_compute_instance_v2",
                    "depends_on": [
                        "data.openstack_images_image_v2.vgcn-image",
                        "data.openstack_networking_network_v2.external",
                        "data.openstack_networking_network_v2.internal",
                        "openstack_compute_instance_v2.nfs-server",
                        "openstack_compute_keypair_v2.my-cloud-key"
                    ],
                    "primary": {
                        "id": "164a7f00-d77f-4143-bf87-f763357dff2a",
                        "attributes": {
                            "access_ip_v4": "192.52.37.189",
                            "access_ip_v6": "",
                            "all_metadata.%": "0",
                            "availability_zone": "nova",
                            "flavor_id": "36c48d98-dfa6-428f-b4f5-e1803cb9500b",
                            "flavor_name": "m1.medium",
                            "force_delete": "false",
                            "id": "164a7f00-d77f-4143-bf87-f763357dff2a",
                            "image_id": "ff22f5e2-5668-4293-95c7-75d42288d1fa",
                            "image_name": "vggp-v31-j132-4ab83d5ffde9-master",
                            "key_pair": "cloud2",
                            "name": "vgcn-de03-central-manager.pulsar",
                            "network.#": "2",
                            "network.0.access_network": "false",
                            "network.0.fixed_ip_v4": "192.52.37.189",
                            "network.0.fixed_ip_v6": "",
                            "network.0.floating_ip": "",
                            "network.0.mac": "fa:16:3e:d1:20:27",
                            "network.0.name": "public",
                            "network.0.port": "",
                            "network.0.uuid": "6a68b40c-356f-4d4c-95e9-e5c72855fb35",
                            "network.1.access_network": "false",
                            "network.1.fixed_ip_v4": "192.168.195.166",
                            "network.1.fixed_ip_v6": "",
                            "network.1.floating_ip": "",
                            "network.1.mac": "fa:16:3e:62:d6:03",
                            "network.1.name": "vgcn-de03-private",
                            "network.1.port": "",
                            "network.1.uuid": "0e3fe711-4e20-4643-bc72-30949dd78950",
                            "power_state": "active",
                            "region": "Freiburg",
                            "security_groups.#": "3",
                            "security_groups.2380101305": "vgcn-de03-public-ssh",
                            "security_groups.2908006740": "vgcn-de03-egress-public",
                            "security_groups.3699642652": "vgcn-de03-ingress-private",
                            "stop_before_destroy": "false",
                            "user_data": "7db297d885d251b00c00eceeb0ce65c3093bd3fd"
                        },
                        "meta": {
                            "e2bfb730-ecaa-11e6-8f88-34363bc7c4c0": {
                                "create": 1800000000000,
                                "delete": 1800000000000,
                                "update": 1800000000000
                            }
                        },
                        "tainted": false
                    },
                    "deposed": [],
                    "provider": "provider.openstack"
                },
                "openstack_compute_instance_v2.gpu-node-a.0": {
                    "type": "openstack_compute_instance_v2",
                    "depends_on": [
                        "data.openstack_networking_network_v2.internal",
                        "openstack_compute_instance_v2.central-manager",
                        "openstack_compute_instance_v2.nfs-server",
                        "openstack_compute_keypair_v2.my-cloud-key"
                    ],
                    "primary": {
                        "id": "aae405ff-8845-4fd6-9463-351ef8753fcf",
                        "attributes": {
                            "access_ip_v4": "192.168.195.66",
                            "access_ip_v6": "",
                            "all_metadata.%": "0",
                            "availability_zone": "nova",
                            "flavor_id": "50ca7a26-ee25-4097-b71c-3392905c9175",
                            "flavor_name": "g1.gput4_g1c8m20",
                            "force_delete": "false",
                            "id": "aae405ff-8845-4fd6-9463-351ef8753fcf",
                            "image_id": "413fa1a9-37cf-433e-9604-4733caf8d035",
                            "image_name": "vggp-v31-j138-29cbb3fcb2cf-master",
                            "key_pair": "cloud2",
                            "name": "vgcn-de03-gpu-node-0.pulsar",
                            "network.#": "1",
                            "network.0.access_network": "false",
                            "network.0.fixed_ip_v4": "192.168.195.66",
                            "network.0.fixed_ip_v6": "",
                            "network.0.floating_ip": "",
                            "network.0.mac": "fa:16:3e:1d:ef:09",
                            "network.0.name": "vgcn-de03-private",
                            "network.0.port": "",
                            "network.0.uuid": "0e3fe711-4e20-4643-bc72-30949dd78950",
                            "power_state": "active",
                            "region": "Freiburg",
                            "security_groups.#": "2",
                            "security_groups.2908006740": "vgcn-de03-egress-public",
                            "security_groups.3699642652": "vgcn-de03-ingress-private",
                            "stop_before_destroy": "false",
                            "user_data": "afd8e8eec51a8d876575caebc9e5be1d96930508"
                        },
                        "meta": {
                            "e2bfb730-ecaa-11e6-8f88-34363bc7c4c0": {
                                "create": 1800000000000,
                                "delete": 1800000000000,
                                "update": 1800000000000
                            }
                        },
                        "tainted": false
                    },
                    "deposed": [],
                    "provider": "provider.openstack"
                },
                "openstack_compute_instance_v2.gpu-node-a.1": {
                    "type": "openstack_compute_instance_v2",
                    "depends_on": [
                        "data.openstack_networking_network_v2.internal",
                        "openstack_compute_instance_v2.central-manager",
                        "openstack_compute_instance_v2.nfs-server",
                        "openstack_compute_keypair_v2.my-cloud-key"
                    ],
                    "primary": {
                        "id": "682f046e-924f-4d58-9f0a-af7fff3e3a19",
                        "attributes": {
                            "access_ip_v4": "192.168.195.80",
                            "access_ip_v6": "",
                            "all_metadata.%": "0",
                            "availability_zone": "nova",
                            "flavor_id": "50ca7a26-ee25-4097-b71c-3392905c9175",
                            "flavor_name": "g1.gput4_g1c8m20",
                            "force_delete": "false",
                            "id": "682f046e-924f-4d58-9f0a-af7fff3e3a19",
                            "image_id": "413fa1a9-37cf-433e-9604-4733caf8d035",
                            "image_name": "vggp-v31-j138-29cbb3fcb2cf-master",
                            "key_pair": "cloud2",
                            "name": "vgcn-de03-gpu-node-1.pulsar",
                            "network.#": "1",
                            "network.0.access_network": "false",
                            "network.0.fixed_ip_v4": "192.168.195.80",
                            "network.0.fixed_ip_v6": "",
                            "network.0.floating_ip": "",
                            "network.0.mac": "fa:16:3e:1e:5b:e8",
                            "network.0.name": "vgcn-de03-private",
                            "network.0.port": "",
                            "network.0.uuid": "0e3fe711-4e20-4643-bc72-30949dd78950",
                            "power_state": "active",
                            "region": "Freiburg",
                            "security_groups.#": "2",
                            "security_groups.2908006740": "vgcn-de03-egress-public",
                            "security_groups.3699642652": "vgcn-de03-ingress-private",
                            "stop_before_destroy": "false",
                            "user_data": "afd8e8eec51a8d876575caebc9e5be1d96930508"
                        },
                        "meta": {
                            "e2bfb730-ecaa-11e6-8f88-34363bc7c4c0": {
                                "create": 1800000000000,
                                "delete": 1800000000000,
                                "update": 1800000000000
                            }
                        },
                        "tainted": false
                    },
                    "deposed": [],
                    "provider": "provider.openstack"
                },
                "openstack_compute_instance_v2.gpu-node-a.2": {
                    "type": "openstack_compute_instance_v2",
                    "depends_on": [
                        "data.openstack_networking_network_v2.internal",
                        "openstack_compute_instance_v2.central-manager",
                        "openstack_compute_instance_v2.nfs-server",
                        "openstack_compute_keypair_v2.my-cloud-key"
                    ],
                    "primary": {
                        "id": "50f590c5-a60e-4fb6-9059-d6ad131c30e3",
                        "attributes": {
                            "access_ip_v4": "192.168.195.189",
                            "access_ip_v6": "",
                            "all_metadata.%": "0",
                            "availability_zone": "nova",
                            "flavor_id": "50ca7a26-ee25-4097-b71c-3392905c9175",
                            "flavor_name": "g1.gput4_g1c8m20",
                            "force_delete": "false",
                            "id": "50f590c5-a60e-4fb6-9059-d6ad131c30e3",
                            "image_id": "413fa1a9-37cf-433e-9604-4733caf8d035",
                            "image_name": "vggp-v31-j138-29cbb3fcb2cf-master",
                            "key_pair": "cloud2",
                            "name": "vgcn-de03-gpu-node-2.pulsar",
                            "network.#": "1",
                            "network.0.access_network": "false",
                            "network.0.fixed_ip_v4": "192.168.195.189",
                            "network.0.fixed_ip_v6": "",
                            "network.0.floating_ip": "",
                            "network.0.mac": "fa:16:3e:d7:c1:54",
                            "network.0.name": "vgcn-de03-private",
                            "network.0.port": "",
                            "network.0.uuid": "0e3fe711-4e20-4643-bc72-30949dd78950",
                            "power_state": "active",
                            "region": "Freiburg",
                            "security_groups.#": "2",
                            "security_groups.2908006740": "vgcn-de03-egress-public",
                            "security_groups.3699642652": "vgcn-de03-ingress-private",
                            "stop_before_destroy": "false",
                            "user_data": "afd8e8eec51a8d876575caebc9e5be1d96930508"
                        },
                        "meta": {
                            "e2bfb730-ecaa-11e6-8f88-34363bc7c4c0": {
                                "create": 1800000000000,
                                "delete": 1800000000000,
                                "update": 1800000000000
                            }
                        },
                        "tainted": false
                    },
                    "deposed": [],
                    "provider": "provider.openstack"
                },
                "openstack_compute_instance_v2.gpu-node-a.3": {
                    "type": "openstack_compute_instance_v2",
                    "depends_on": [
                        "data.openstack_networking_network_v2.internal",
                        "openstack_compute_instance_v2.central-manager",
                        "openstack_compute_instance_v2.nfs-server",
                        "openstack_compute_keypair_v2.my-cloud-key"
                    ],
                    "primary": {
                        "id": "14205761-947d-4341-983b-f4af1bd7c1c0",
                        "attributes": {
                            "access_ip_v4": "192.168.195.79",
                            "access_ip_v6": "",
                            "all_metadata.%": "0",
                            "availability_zone": "nova",
                            "flavor_id": "50ca7a26-ee25-4097-b71c-3392905c9175",
                            "flavor_name": "g1.gput4_g1c8m20",
                            "force_delete": "false",
                            "id": "14205761-947d-4341-983b-f4af1bd7c1c0",
                            "image_id": "413fa1a9-37cf-433e-9604-4733caf8d035",
                            "image_name": "vggp-v31-j138-29cbb3fcb2cf-master",
                            "key_pair": "cloud2",
                            "name": "vgcn-de03-gpu-node-3.pulsar",
                            "network.#": "1",
                            "network.0.access_network": "false",
                            "network.0.fixed_ip_v4": "192.168.195.79",
                            "network.0.fixed_ip_v6": "",
                            "network.0.floating_ip": "",
                            "network.0.mac": "fa:16:3e:81:62:19",
                            "network.0.name": "vgcn-de03-private",
                            "network.0.port": "",
                            "network.0.uuid": "0e3fe711-4e20-4643-bc72-30949dd78950",
                            "power_state": "active",
                            "region": "Freiburg",
                            "security_groups.#": "2",
                            "security_groups.2908006740": "vgcn-de03-egress-public",
                            "security_groups.3699642652": "vgcn-de03-ingress-private",
                            "stop_before_destroy": "false",
                            "user_data": "afd8e8eec51a8d876575caebc9e5be1d96930508"
                        },
                        "meta": {
                            "e2bfb730-ecaa-11e6-8f88-34363bc7c4c0": {
                                "create": 1800000000000,
                                "delete": 1800000000000,
                                "update": 1800000000000
                            }
                        },
                        "tainted": false
                    },
                    "deposed": [],
                    "provider": "provider.openstack"
                },
                "openstack_compute_instance_v2.gpu-node-a.4": {
                    "type": "openstack_compute_instance_v2",
                    "depends_on": [
                        "data.openstack_networking_network_v2.internal",
                        "openstack_compute_instance_v2.central-manager",
                        "openstack_compute_instance_v2.nfs-server",
                        "openstack_compute_keypair_v2.my-cloud-key"
                    ],
                    "primary": {
                        "id": "6d3a3b97-fb9f-4a38-ba6f-0411dc97052b",
                        "attributes": {
                            "access_ip_v4": "192.168.195.242",
                            "access_ip_v6": "",
                            "all_metadata.%": "0",
                            "availability_zone": "nova",
                            "flavor_id": "50ca7a26-ee25-4097-b71c-3392905c9175",
                            "flavor_name": "g1.gput4_g1c8m20",
                            "force_delete": "false",
                            "id": "6d3a3b97-fb9f-4a38-ba6f-0411dc97052b",
                            "image_id": "413fa1a9-37cf-433e-9604-4733caf8d035",
                            "image_name": "vggp-v31-j138-29cbb3fcb2cf-master",
                            "key_pair": "cloud2",
                            "name": "vgcn-de03-gpu-node-4.pulsar",
                            "network.#": "1",
                            "network.0.access_network": "false",
                            "network.0.fixed_ip_v4": "192.168.195.242",
                            "network.0.fixed_ip_v6": "",
                            "network.0.floating_ip": "",
                            "network.0.mac": "fa:16:3e:4a:3f:d4",
                            "network.0.name": "vgcn-de03-private",
                            "network.0.port": "",
                            "network.0.uuid": "0e3fe711-4e20-4643-bc72-30949dd78950",
                            "power_state": "active",
                            "region": "Freiburg",
                            "security_groups.#": "2",
                            "security_groups.2908006740": "vgcn-de03-egress-public",
                            "security_groups.3699642652": "vgcn-de03-ingress-private",
                            "stop_before_destroy": "false",
                            "user_data": "afd8e8eec51a8d876575caebc9e5be1d96930508"
                        },
                        "meta": {
                            "e2bfb730-ecaa-11e6-8f88-34363bc7c4c0": {
                                "create": 1800000000000,
                                "delete": 1800000000000,
                                "update": 1800000000000
                            }
                        },
                        "tainted": false
                    },
                    "deposed": [],
                    "provider": "provider.openstack"
                },
                "openstack_compute_instance_v2.gpu-node-a.5": {
                    "type": "openstack_compute_instance_v2",
                    "depends_on": [
                        "data.openstack_networking_network_v2.internal",
                        "openstack_compute_instance_v2.central-manager",
                        "openstack_compute_instance_v2.nfs-server",
                        "openstack_compute_keypair_v2.my-cloud-key"
                    ],
                    "primary": {
                        "id": "5136d294-c0d8-4a12-93ae-2d0134d2778f",
                        "attributes": {
                            "access_ip_v4": "192.168.195.21",
                            "access_ip_v6": "",
                            "all_metadata.%": "0",
                            "availability_zone": "nova",
                            "flavor_id": "50ca7a26-ee25-4097-b71c-3392905c9175",
                            "flavor_name": "g1.gput4_g1c8m20",
                            "force_delete": "false",
                            "id": "5136d294-c0d8-4a12-93ae-2d0134d2778f",
                            "image_id": "413fa1a9-37cf-433e-9604-4733caf8d035",
                            "image_name": "vggp-v31-j138-29cbb3fcb2cf-master",
                            "key_pair": "cloud2",
                            "name": "vgcn-de03-gpu-node-5.pulsar",
                            "network.#": "1",
                            "network.0.access_network": "false",
                            "network.0.fixed_ip_v4": "192.168.195.21",
                            "network.0.fixed_ip_v6": "",
                            "network.0.floating_ip": "",
                            "network.0.mac": "fa:16:3e:60:6a:ec",
                            "network.0.name": "vgcn-de03-private",
                            "network.0.port": "",
                            "network.0.uuid": "0e3fe711-4e20-4643-bc72-30949dd78950",
                            "power_state": "active",
                            "region": "Freiburg",
                            "security_groups.#": "2",
                            "security_groups.2908006740": "vgcn-de03-egress-public",
                            "security_groups.3699642652": "vgcn-de03-ingress-private",
                            "stop_before_destroy": "false",
                            "user_data": "afd8e8eec51a8d876575caebc9e5be1d96930508"
                        },
                        "meta": {
                            "e2bfb730-ecaa-11e6-8f88-34363bc7c4c0": {
                                "create": 1800000000000,
                                "delete": 1800000000000,
                                "update": 1800000000000
                            }
                        },
                        "tainted": false
                    },
                    "deposed": [],
                    "provider": "provider.openstack"
                },
                "openstack_compute_instance_v2.gpu-node-a.6": {
                    "type": "openstack_compute_instance_v2",
                    "depends_on": [
                        "data.openstack_networking_network_v2.internal",
                        "openstack_compute_instance_v2.central-manager",
                        "openstack_compute_instance_v2.nfs-server",
                        "openstack_compute_keypair_v2.my-cloud-key"
                    ],
                    "primary": {
                        "id": "c932b16a-f2bb-49a0-b7e5-fefef4bd96b8",
                        "attributes": {
                            "access_ip_v4": "192.168.195.197",
                            "access_ip_v6": "",
                            "all_metadata.%": "0",
                            "availability_zone": "nova",
                            "flavor_id": "50ca7a26-ee25-4097-b71c-3392905c9175",
                            "flavor_name": "g1.gput4_g1c8m20",
                            "force_delete": "false",
                            "id": "c932b16a-f2bb-49a0-b7e5-fefef4bd96b8",
                            "image_id": "413fa1a9-37cf-433e-9604-4733caf8d035",
                            "image_name": "vggp-v31-j138-29cbb3fcb2cf-master",
                            "key_pair": "cloud2",
                            "name": "vgcn-de03-gpu-node-6.pulsar",
                            "network.#": "1",
                            "network.0.access_network": "false",
                            "network.0.fixed_ip_v4": "192.168.195.197",
                            "network.0.fixed_ip_v6": "",
                            "network.0.floating_ip": "",
                            "network.0.mac": "fa:16:3e:25:8a:7c",
                            "network.0.name": "vgcn-de03-private",
                            "network.0.port": "",
                            "network.0.uuid": "0e3fe711-4e20-4643-bc72-30949dd78950",
                            "power_state": "active",
                            "region": "Freiburg",
                            "security_groups.#": "2",
                            "security_groups.2908006740": "vgcn-de03-egress-public",
                            "security_groups.3699642652": "vgcn-de03-ingress-private",
                            "stop_before_destroy": "false",
                            "user_data": "afd8e8eec51a8d876575caebc9e5be1d96930508"
                        },
                        "meta": {
                            "e2bfb730-ecaa-11e6-8f88-34363bc7c4c0": {
                                "create": 1800000000000,
                                "delete": 1800000000000,
                                "update": 1800000000000
                            }
                        },
                        "tainted": false
                    },
                    "deposed": [],
                    "provider": "provider.openstack"
                },
                "openstack_compute_instance_v2.gpu-node-a.7": {
                    "type": "openstack_compute_instance_v2",
                    "depends_on": [
                        "data.openstack_networking_network_v2.internal",
                        "openstack_compute_instance_v2.central-manager",
                        "openstack_compute_instance_v2.nfs-server",
                        "openstack_compute_keypair_v2.my-cloud-key"
                    ],
                    "primary": {
                        "id": "5e9592a4-7a41-40a3-b8ca-1375d3ed48da",
                        "attributes": {
                            "access_ip_v4": "192.168.195.60",
                            "access_ip_v6": "",
                            "all_metadata.%": "0",
                            "availability_zone": "nova",
                            "flavor_id": "50ca7a26-ee25-4097-b71c-3392905c9175",
                            "flavor_name": "g1.gput4_g1c8m20",
                            "force_delete": "false",
                            "id": "5e9592a4-7a41-40a3-b8ca-1375d3ed48da",
                            "image_id": "413fa1a9-37cf-433e-9604-4733caf8d035",
                            "image_name": "vggp-v31-j138-29cbb3fcb2cf-master",
                            "key_pair": "cloud2",
                            "name": "vgcn-de03-gpu-node-7.pulsar",
                            "network.#": "1",
                            "network.0.access_network": "false",
                            "network.0.fixed_ip_v4": "192.168.195.60",
                            "network.0.fixed_ip_v6": "",
                            "network.0.floating_ip": "",
                            "network.0.mac": "fa:16:3e:01:a5:6b",
                            "network.0.name": "vgcn-de03-private",
                            "network.0.port": "",
                            "network.0.uuid": "0e3fe711-4e20-4643-bc72-30949dd78950",
                            "power_state": "active",
                            "region": "Freiburg",
                            "security_groups.#": "2",
                            "security_groups.2908006740": "vgcn-de03-egress-public",
                            "security_groups.3699642652": "vgcn-de03-ingress-private",
                            "stop_before_destroy": "false",
                            "user_data": "afd8e8eec51a8d876575caebc9e5be1d96930508"
                        },
                        "meta": {
                            "e2bfb730-ecaa-11e6-8f88-34363bc7c4c0": {
                                "create": 1800000000000,
                                "delete": 1800000000000,
                                "update": 1800000000000
                            }
                        },
                        "tainted": false
                    },
                    "deposed": [],
                    "provider": "provider.openstack"
                },
                "openstack_compute_instance_v2.gpu-node-b.0": {
                    "type": "openstack_compute_instance_v2",
                    "depends_on": [
                        "data.openstack_networking_network_v2.internal",
                        "openstack_compute_instance_v2.central-manager",
                        "openstack_compute_instance_v2.nfs-server",
                        "openstack_compute_keypair_v2.my-cloud-key"
                    ],
                    "primary": {
                        "id": "b03a03ce-b9c6-4ac0-9e2d-dcff5449b501",
                        "attributes": {
                            "access_ip_v4": "192.168.195.139",
                            "access_ip_v6": "",
                            "all_metadata.%": "0",
                            "availability_zone": "nova",
                            "flavor_id": "d2b84b78-1a35-4474-b31d-e5803c0e9a9c",
                            "flavor_name": "g1.n46_g1c8m20",
                            "force_delete": "false",
                            "id": "b03a03ce-b9c6-4ac0-9e2d-dcff5449b501",
                            "image_id": "413fa1a9-37cf-433e-9604-4733caf8d035",
                            "image_name": "vggp-v31-j138-29cbb3fcb2cf-master",
                            "key_pair": "cloud2",
                            "name": "vgcn-de03-gpu-node-b0.pulsar",
                            "network.#": "1",
                            "network.0.access_network": "false",
                            "network.0.fixed_ip_v4": "192.168.195.139",
                            "network.0.fixed_ip_v6": "",
                            "network.0.floating_ip": "",
                            "network.0.mac": "fa:16:3e:eb:45:74",
                            "network.0.name": "vgcn-de03-private",
                            "network.0.port": "",
                            "network.0.uuid": "0e3fe711-4e20-4643-bc72-30949dd78950",
                            "power_state": "active",
                            "region": "Freiburg",
                            "security_groups.#": "2",
                            "security_groups.2908006740": "vgcn-de03-egress-public",
                            "security_groups.3699642652": "vgcn-de03-ingress-private",
                            "stop_before_destroy": "false",
                            "user_data": "afd8e8eec51a8d876575caebc9e5be1d96930508"
                        },
                        "meta": {
                            "e2bfb730-ecaa-11e6-8f88-34363bc7c4c0": {
                                "create": 1800000000000,
                                "delete": 1800000000000,
                                "update": 1800000000000
                            }
                        },
                        "tainted": false
                    },
                    "deposed": [],
                    "provider": "provider.openstack"
                },
                "openstack_compute_instance_v2.gpu-node-b.1": {
                    "type": "openstack_compute_instance_v2",
                    "depends_on": [
                        "data.openstack_networking_network_v2.internal",
                        "openstack_compute_instance_v2.central-manager",
                        "openstack_compute_instance_v2.nfs-server",
                        "openstack_compute_keypair_v2.my-cloud-key"
                    ],
                    "primary": {
                        "id": "aac10dfa-b11f-426d-9252-4fb0a38b28c8",
                        "attributes": {
                            "access_ip_v4": "192.168.195.117",
                            "access_ip_v6": "",
                            "all_metadata.%": "0",
                            "availability_zone": "nova",
                            "flavor_id": "d2b84b78-1a35-4474-b31d-e5803c0e9a9c",
                            "flavor_name": "g1.n46_g1c8m20",
                            "force_delete": "false",
                            "id": "aac10dfa-b11f-426d-9252-4fb0a38b28c8",
                            "image_id": "413fa1a9-37cf-433e-9604-4733caf8d035",
                            "image_name": "vggp-v31-j138-29cbb3fcb2cf-master",
                            "key_pair": "cloud2",
                            "name": "vgcn-de03-gpu-node-b1.pulsar",
                            "network.#": "1",
                            "network.0.access_network": "false",
                            "network.0.fixed_ip_v4": "192.168.195.117",
                            "network.0.fixed_ip_v6": "",
                            "network.0.floating_ip": "",
                            "network.0.mac": "fa:16:3e:b3:fd:fd",
                            "network.0.name": "vgcn-de03-private",
                            "network.0.port": "",
                            "network.0.uuid": "0e3fe711-4e20-4643-bc72-30949dd78950",
                            "power_state": "active",
                            "region": "Freiburg",
                            "security_groups.#": "2",
                            "security_groups.2908006740": "vgcn-de03-egress-public",
                            "security_groups.3699642652": "vgcn-de03-ingress-private",
                            "stop_before_destroy": "false",
                            "user_data": "afd8e8eec51a8d876575caebc9e5be1d96930508"
                        },
                        "meta": {
                            "e2bfb730-ecaa-11e6-8f88-34363bc7c4c0": {
                                "create": 1800000000000,
                                "delete": 1800000000000,
                                "update": 1800000000000
                            }
                        },
                        "tainted": false
                    },
                    "deposed": [],
                    "provider": "provider.openstack"
                },
                "openstack_compute_instance_v2.gpu-node-b.2": {
                    "type": "openstack_compute_instance_v2",
                    "depends_on": [
                        "data.openstack_networking_network_v2.internal",
                        "openstack_compute_instance_v2.central-manager",
                        "openstack_compute_instance_v2.nfs-server",
                        "openstack_compute_keypair_v2.my-cloud-key"
                    ],
                    "primary": {
                        "id": "eff0a512-be62-47bd-a4fc-372d7bbe6931",
                        "attributes": {
                            "access_ip_v4": "192.168.195.186",
                            "access_ip_v6": "",
                            "all_metadata.%": "0",
                            "availability_zone": "nova",
                            "flavor_id": "d2b84b78-1a35-4474-b31d-e5803c0e9a9c",
                            "flavor_name": "g1.n46_g1c8m20",
                            "force_delete": "false",
                            "id": "eff0a512-be62-47bd-a4fc-372d7bbe6931",
                            "image_id": "413fa1a9-37cf-433e-9604-4733caf8d035",
                            "image_name": "vggp-v31-j138-29cbb3fcb2cf-master",
                            "key_pair": "cloud2",
                            "name": "vgcn-de03-gpu-node-b2.pulsar",
                            "network.#": "1",
                            "network.0.access_network": "false",
                            "network.0.fixed_ip_v4": "192.168.195.186",
                            "network.0.fixed_ip_v6": "",
                            "network.0.floating_ip": "",
                            "network.0.mac": "fa:16:3e:85:e5:69",
                            "network.0.name": "vgcn-de03-private",
                            "network.0.port": "",
                            "network.0.uuid": "0e3fe711-4e20-4643-bc72-30949dd78950",
                            "power_state": "active",
                            "region": "Freiburg",
                            "security_groups.#": "2",
                            "security_groups.2908006740": "vgcn-de03-egress-public",
                            "security_groups.3699642652": "vgcn-de03-ingress-private",
                            "stop_before_destroy": "false",
                            "user_data": "afd8e8eec51a8d876575caebc9e5be1d96930508"
                        },
                        "meta": {
                            "e2bfb730-ecaa-11e6-8f88-34363bc7c4c0": {
                                "create": 1800000000000,
                                "delete": 1800000000000,
                                "update": 1800000000000
                            }
                        },
                        "tainted": false
                    },
                    "deposed": [],
                    "provider": "provider.openstack"
                },
                "openstack_compute_instance_v2.gpu-node-b.3": {
                    "type": "openstack_compute_instance_v2",
                    "depends_on": [
                        "data.openstack_networking_network_v2.internal",
                        "openstack_compute_instance_v2.central-manager",
                        "openstack_compute_instance_v2.nfs-server",
                        "openstack_compute_keypair_v2.my-cloud-key"
                    ],
                    "primary": {
                        "id": "3aa34589-5c7b-4b3b-aa93-688414bbff9a",
                        "attributes": {
                            "access_ip_v4": "192.168.195.56",
                            "access_ip_v6": "",
                            "all_metadata.%": "0",
                            "availability_zone": "nova",
                            "flavor_id": "d2b84b78-1a35-4474-b31d-e5803c0e9a9c",
                            "flavor_name": "g1.n46_g1c8m20",
                            "force_delete": "false",
                            "id": "3aa34589-5c7b-4b3b-aa93-688414bbff9a",
                            "image_id": "413fa1a9-37cf-433e-9604-4733caf8d035",
                            "image_name": "vggp-v31-j138-29cbb3fcb2cf-master",
                            "key_pair": "cloud2",
                            "name": "vgcn-de03-gpu-node-b3.pulsar",
                            "network.#": "1",
                            "network.0.access_network": "false",
                            "network.0.fixed_ip_v4": "192.168.195.56",
                            "network.0.fixed_ip_v6": "",
                            "network.0.floating_ip": "",
                            "network.0.mac": "fa:16:3e:64:60:bf",
                            "network.0.name": "vgcn-de03-private",
                            "network.0.port": "",
                            "network.0.uuid": "0e3fe711-4e20-4643-bc72-30949dd78950",
                            "power_state": "active",
                            "region": "Freiburg",
                            "security_groups.#": "2",
                            "security_groups.2908006740": "vgcn-de03-egress-public",
                            "security_groups.3699642652": "vgcn-de03-ingress-private",
                            "stop_before_destroy": "false",
                            "user_data": "afd8e8eec51a8d876575caebc9e5be1d96930508"
                        },
                        "meta": {
                            "e2bfb730-ecaa-11e6-8f88-34363bc7c4c0": {
                                "create": 1800000000000,
                                "delete": 1800000000000,
                                "update": 1800000000000
                            }
                        },
                        "tainted": false
                    },
                    "deposed": [],
                    "provider": "provider.openstack"
                },
                "openstack_compute_instance_v2.gpu-node-b.4": {
                    "type": "openstack_compute_instance_v2",
                    "depends_on": [
                        "data.openstack_networking_network_v2.internal",
                        "openstack_compute_instance_v2.central-manager",
                        "openstack_compute_instance_v2.nfs-server",
                        "openstack_compute_keypair_v2.my-cloud-key"
                    ],
                    "primary": {
                        "id": "42ca6810-c333-4be4-a67c-c05eb0bb8ba9",
                        "attributes": {
                            "access_ip_v4": "192.168.195.89",
                            "access_ip_v6": "",
                            "all_metadata.%": "0",
                            "availability_zone": "nova",
                            "flavor_id": "d2b84b78-1a35-4474-b31d-e5803c0e9a9c",
                            "flavor_name": "g1.n46_g1c8m20",
                            "force_delete": "false",
                            "id": "42ca6810-c333-4be4-a67c-c05eb0bb8ba9",
                            "image_id": "413fa1a9-37cf-433e-9604-4733caf8d035",
                            "image_name": "vggp-v31-j138-29cbb3fcb2cf-master",
                            "key_pair": "cloud2",
                            "name": "vgcn-de03-gpu-node-b4.pulsar",
                            "network.#": "1",
                            "network.0.access_network": "false",
                            "network.0.fixed_ip_v4": "192.168.195.89",
                            "network.0.fixed_ip_v6": "",
                            "network.0.floating_ip": "",
                            "network.0.mac": "fa:16:3e:34:7a:a8",
                            "network.0.name": "vgcn-de03-private",
                            "network.0.port": "",
                            "network.0.uuid": "0e3fe711-4e20-4643-bc72-30949dd78950",
                            "power_state": "active",
                            "region": "Freiburg",
                            "security_groups.#": "2",
                            "security_groups.2908006740": "vgcn-de03-egress-public",
                            "security_groups.3699642652": "vgcn-de03-ingress-private",
                            "stop_before_destroy": "false",
                            "user_data": "afd8e8eec51a8d876575caebc9e5be1d96930508"
                        },
                        "meta": {
                            "e2bfb730-ecaa-11e6-8f88-34363bc7c4c0": {
                                "create": 1800000000000,
                                "delete": 1800000000000,
                                "update": 1800000000000
                            }
                        },
                        "tainted": false
                    },
                    "deposed": [],
                    "provider": "provider.openstack"
                },
                "openstack_compute_instance_v2.gpu-node-b.5": {
                    "type": "openstack_compute_instance_v2",
                    "depends_on": [
                        "data.openstack_networking_network_v2.internal",
                        "openstack_compute_instance_v2.central-manager",
                        "openstack_compute_instance_v2.nfs-server",
                        "openstack_compute_keypair_v2.my-cloud-key"
                    ],
                    "primary": {
                        "id": "dad88cee-e3a8-4a52-8b47-f935f28a10cf",
                        "attributes": {
                            "access_ip_v4": "192.168.195.169",
                            "access_ip_v6": "",
                            "all_metadata.%": "0",
                            "availability_zone": "nova",
                            "flavor_id": "d2b84b78-1a35-4474-b31d-e5803c0e9a9c",
                            "flavor_name": "g1.n46_g1c8m20",
                            "force_delete": "false",
                            "id": "dad88cee-e3a8-4a52-8b47-f935f28a10cf",
                            "image_id": "413fa1a9-37cf-433e-9604-4733caf8d035",
                            "image_name": "vggp-v31-j138-29cbb3fcb2cf-master",
                            "key_pair": "cloud2",
                            "name": "vgcn-de03-gpu-node-b5.pulsar",
                            "network.#": "1",
                            "network.0.access_network": "false",
                            "network.0.fixed_ip_v4": "192.168.195.169",
                            "network.0.fixed_ip_v6": "",
                            "network.0.floating_ip": "",
                            "network.0.mac": "fa:16:3e:2c:c1:b4",
                            "network.0.name": "vgcn-de03-private",
                            "network.0.port": "",
                            "network.0.uuid": "0e3fe711-4e20-4643-bc72-30949dd78950",
                            "power_state": "active",
                            "region": "Freiburg",
                            "security_groups.#": "2",
                            "security_groups.2908006740": "vgcn-de03-egress-public",
                            "security_groups.3699642652": "vgcn-de03-ingress-private",
                            "stop_before_destroy": "false",
                            "user_data": "afd8e8eec51a8d876575caebc9e5be1d96930508"
                        },
                        "meta": {
                            "e2bfb730-ecaa-11e6-8f88-34363bc7c4c0": {
                                "create": 1800000000000,
                                "delete": 1800000000000,
                                "update": 1800000000000
                            }
                        },
                        "tainted": false
                    },
                    "deposed": [],
                    "provider": "provider.openstack"
                },
                "openstack_compute_instance_v2.gpu-node-b.6": {
                    "type": "openstack_compute_instance_v2",
                    "depends_on": [
                        "data.openstack_networking_network_v2.internal",
                        "openstack_compute_instance_v2.central-manager",
                        "openstack_compute_instance_v2.nfs-server",
                        "openstack_compute_keypair_v2.my-cloud-key"
                    ],
                    "primary": {
                        "id": "38c34db6-9133-4281-9446-efa431a0af78",
                        "attributes": {
                            "access_ip_v4": "192.168.195.41",
                            "access_ip_v6": "",
                            "all_metadata.%": "0",
                            "availability_zone": "nova",
                            "flavor_id": "d2b84b78-1a35-4474-b31d-e5803c0e9a9c",
                            "flavor_name": "g1.n46_g1c8m20",
                            "force_delete": "false",
                            "id": "38c34db6-9133-4281-9446-efa431a0af78",
                            "image_id": "413fa1a9-37cf-433e-9604-4733caf8d035",
                            "image_name": "vggp-v31-j138-29cbb3fcb2cf-master",
                            "key_pair": "cloud2",
                            "name": "vgcn-de03-gpu-node-b6.pulsar",
                            "network.#": "1",
                            "network.0.access_network": "false",
                            "network.0.fixed_ip_v4": "192.168.195.41",
                            "network.0.fixed_ip_v6": "",
                            "network.0.floating_ip": "",
                            "network.0.mac": "fa:16:3e:e8:80:c3",
                            "network.0.name": "vgcn-de03-private",
                            "network.0.port": "",
                            "network.0.uuid": "0e3fe711-4e20-4643-bc72-30949dd78950",
                            "power_state": "active",
                            "region": "Freiburg",
                            "security_groups.#": "2",
                            "security_groups.2908006740": "vgcn-de03-egress-public",
                            "security_groups.3699642652": "vgcn-de03-ingress-private",
                            "stop_before_destroy": "false",
                            "user_data": "afd8e8eec51a8d876575caebc9e5be1d96930508"
                        },
                        "meta": {
                            "e2bfb730-ecaa-11e6-8f88-34363bc7c4c0": {
                                "create": 1800000000000,
                                "delete": 1800000000000,
                                "update": 1800000000000
                            }
                        },
                        "tainted": false
                    },
                    "deposed": [],
                    "provider": "provider.openstack"
                },
                "openstack_compute_instance_v2.gpu-node-c": {
                    "type": "openstack_compute_instance_v2",
                    "depends_on": [
                        "data.openstack_networking_network_v2.internal",
                        "openstack_compute_instance_v2.central-manager",
                        "openstack_compute_instance_v2.nfs-server",
                        "openstack_compute_keypair_v2.my-cloud-key"
                    ],
                    "primary": {
                        "id": "09ffa97d-acde-4fab-9117-d5e22156ba2b",
                        "attributes": {
                            "flavor_name": "g1.n46_g1c8m20_2",
                            "force_delete": "false",
                            "id": "09ffa97d-acde-4fab-9117-d5e22156ba2b",
                            "image_id": "413fa1a9-37cf-433e-9604-4733caf8d035",
                            "key_pair": "cloud2",
                            "name": "vgcn-de03-gpu-node-c0.pulsar",
                            "network.#": "1",
                            "network.0.access_network": "false",
                            "network.0.fixed_ip_v4": "",
                            "network.0.fixed_ip_v6": "",
                            "network.0.floating_ip": "",
                            "network.0.mac": "",
                            "network.0.name": "",
                            "network.0.port": "",
                            "network.0.uuid": "0e3fe711-4e20-4643-bc72-30949dd78950",
                            "power_state": "active",
                            "security_groups.#": "2",
                            "security_groups.2908006740": "vgcn-de03-egress-public",
                            "security_groups.3699642652": "vgcn-de03-ingress-private",
                            "stop_before_destroy": "false",
                            "user_data": "afd8e8eec51a8d876575caebc9e5be1d96930508"
                        },
                        "meta": {
                            "e2bfb730-ecaa-11e6-8f88-34363bc7c4c0": {
                                "create": 1800000000000,
                                "delete": 1800000000000,
                                "update": 1800000000000
                            }
                        },
                        "tainted": false
                    },
                    "deposed": [],
                    "provider": "provider.openstack"
                },
                "openstack_compute_instance_v2.gpu-node-d": {
                    "type": "openstack_compute_instance_v2",
                    "depends_on": [
                        "data.openstack_networking_network_v2.internal",
                        "openstack_compute_instance_v2.central-manager",
                        "openstack_compute_instance_v2.nfs-server",
                        "openstack_compute_keypair_v2.my-cloud-key"
                    ],
                    "primary": {
                        "id": "1453491e-6680-4aa8-a31d-77a399641ebb",
                        "attributes": {
                            "access_ip_v4": "192.168.195.103",
                            "access_ip_v6": "",
                            "all_metadata.%": "0",
                            "availability_zone": "nova",
                            "flavor_id": "4655da90-2d87-484a-863a-4d86104c7bcf",
                            "flavor_name": "g1.n36_g1c40m115",
                            "force_delete": "false",
                            "id": "1453491e-6680-4aa8-a31d-77a399641ebb",
                            "image_id": "413fa1a9-37cf-433e-9604-4733caf8d035",
                            "image_name": "vggp-v31-j138-29cbb3fcb2cf-master",
                            "key_pair": "cloud2",
                            "name": "vgcn-de03-gpu-node-d0.pulsar",
                            "network.#": "1",
                            "network.0.access_network": "false",
                            "network.0.fixed_ip_v4": "192.168.195.103",
                            "network.0.fixed_ip_v6": "",
                            "network.0.floating_ip": "",
                            "network.0.mac": "fa:16:3e:e5:76:bb",
                            "network.0.name": "vgcn-de03-private",
                            "network.0.port": "",
                            "network.0.uuid": "0e3fe711-4e20-4643-bc72-30949dd78950",
                            "power_state": "active",
                            "region": "Freiburg",
                            "security_groups.#": "2",
                            "security_groups.2908006740": "vgcn-de03-egress-public",
                            "security_groups.3699642652": "vgcn-de03-ingress-private",
                            "stop_before_destroy": "false",
                            "user_data": "afd8e8eec51a8d876575caebc9e5be1d96930508"
                        },
                        "meta": {
                            "e2bfb730-ecaa-11e6-8f88-34363bc7c4c0": {
                                "create": 1800000000000,
                                "delete": 1800000000000,
                                "update": 1800000000000
                            }
                        },
                        "tainted": false
                    },
                    "deposed": [],
                    "provider": "provider.openstack"
                },
                "openstack_compute_instance_v2.nfs-server": {
                    "type": "openstack_compute_instance_v2",
                    "depends_on": [
                        "data.openstack_images_image_v2.vgcn-image",
                        "data.openstack_networking_network_v2.internal",
                        "data.template_cloudinit_config.nfs-share",
                        "openstack_blockstorage_volume_v2.volume_nfs_data",
                        "openstack_compute_keypair_v2.my-cloud-key"
                    ],
                    "primary": {
                        "id": "baae67a3-66b4-469f-9f55-0f0354b3854e",
                        "attributes": {
                            "access_ip_v4": "192.168.195.157",
                            "access_ip_v6": "",
                            "all_metadata.%": "0",
                            "availability_zone": "nova",
                            "block_device.#": "2",
                            "block_device.0.boot_index": "0",
                            "block_device.0.delete_on_termination": "true",
                            "block_device.0.destination_type": "local",
                            "block_device.0.device_type": "",
                            "block_device.0.disk_bus": "",
                            "block_device.0.guest_format": "",
                            "block_device.0.source_type": "image",
                            "block_device.0.uuid": "ff22f5e2-5668-4293-95c7-75d42288d1fa",
                            "block_device.0.volume_size": "0",
                            "block_device.1.boot_index": "-1",
                            "block_device.1.delete_on_termination": "true",
                            "block_device.1.destination_type": "volume",
                            "block_device.1.device_type": "",
                            "block_device.1.disk_bus": "",
                            "block_device.1.guest_format": "",
                            "block_device.1.source_type": "volume",
                            "block_device.1.uuid": "f9caadba-24c5-4a60-ab34-dc5887e35b3e",
                            "block_device.1.volume_size": "0",
                            "flavor_id": "36c48d98-dfa6-428f-b4f5-e1803cb9500b",
                            "flavor_name": "m1.medium",
                            "force_delete": "false",
                            "id": "baae67a3-66b4-469f-9f55-0f0354b3854e",
                            "image_id": "ff22f5e2-5668-4293-95c7-75d42288d1fa",
                            "image_name": "vggp-v31-j132-4ab83d5ffde9-master",
                            "key_pair": "cloud2",
                            "name": "vgcn-de03-nfs.pulsar",
                            "network.#": "1",
                            "network.0.access_network": "false",
                            "network.0.fixed_ip_v4": "192.168.195.157",
                            "network.0.fixed_ip_v6": "",
                            "network.0.floating_ip": "",
                            "network.0.mac": "fa:16:3e:39:e2:11",
                            "network.0.name": "vgcn-de03-private",
                            "network.0.port": "",
                            "network.0.uuid": "0e3fe711-4e20-4643-bc72-30949dd78950",
                            "power_state": "active",
                            "region": "Freiburg",
                            "security_groups.#": "2",
                            "security_groups.2908006740": "vgcn-de03-egress-public",
                            "security_groups.3699642652": "vgcn-de03-ingress-private",
                            "stop_before_destroy": "false",
                            "user_data": "0e8ce8068aa1b8c618772b7a03d0d5d31fe0e8c1"
                        },
                        "meta": {
                            "e2bfb730-ecaa-11e6-8f88-34363bc7c4c0": {
                                "create": 1800000000000,
                                "delete": 1800000000000,
                                "update": 1800000000000
                            }
                        },
                        "tainted": false
                    },
                    "deposed": [],
                    "provider": "provider.openstack"
                },
                "openstack_compute_keypair_v2.my-cloud-key": {
                    "type": "openstack_compute_keypair_v2",
                    "depends_on": [],
                    "primary": {
                        "id": "cloud2",
                        "attributes": {
                            "fingerprint": "4a:72:2c:7e:d2:b7:f2:c4:5a:9e:bb:ca:c7:8f:d7:a3",
                            "id": "cloud2",
                            "name": "cloud2",
                            "private_key": "",
                            "public_key": "ssh-rsa AAAAB3NzaC1yc2EAAAADAQABAAACAQDV7gfNbNN5O8vH6/tM/iOFXKBP2YKRHXOmdfV8ogvu9BdVV0IPmDzk2EooVpThDE1VMv1hz3811tvBhHRJ6IgNhVIV/61w/+RazQD/AU27X8bX+Hb9EQ/bP4DW+6ySd/z5vdDLzpH5dbiMhzPEDkXVsylUT+hkQnas6cHspDhHmtKQ5MWOgDe3D/IEudTDJQe8hxxaU4TaZUmFzn7eYp9HvuK8qW0yCy4NWOxJJHA+G5wSCyLuKnaKo4AitUIzSKF1AB94oq7b96KONhPxgRptAk4OYIUTdNFbrI5HDaSNzHLnF5FbjQvG+Eu6m5nY5yvJMogE+jiuWeIXCZTCFljg287FUo0ohmbZpd802L6VXun14VumRC+rRgPrvBALo/CsyCsPIoBSTKhVElxKVOcRjmTLNfrUZM0GQxqJhIvah8BV+JTExkipPwkrKTdMAWIXvCoehxV+WMpBWqtEEzAzEoqJpaiec7HfriwsHTGESZWAPYEbFjzbHXQZtqBkbOvtokPMRmTWfWKxaplCMN6ddJeeY6faorD0w/e6lszWES1Q1ieajiPKDy37UvybKKvPTk4o3MzyzYOS4c8HQj+jnGeR5Q3ETuyz4psLyOfuBtIrfOeuxV42rFDmkYM3IrrRR+F9oklFG6Ig8DVfgQEzSG36NkgvpF4OdFvigYqXvw== cloud@vgcn",
                            "region": "Freiburg"
                        },
                        "meta": {},
                        "tainted": false
                    },
                    "deposed": [],
                    "provider": "provider.openstack"
                },
                "openstack_compute_volume_attach_v2.attached-node-a.0": {
                    "type": "openstack_compute_volume_attach_v2",
                    "depends_on": [
                        "openstack_blockstorage_volume_v2.node-a-vol.*",
                        "openstack_compute_instance_v2.gpu-node-a.*"
                    ],
                    "primary": {
                        "id": "aae405ff-8845-4fd6-9463-351ef8753fcf/4935f451-dcbd-4414-a449-b6d148837be7",
                        "attributes": {
                            "device": "/dev/vdb",
                            "id": "aae405ff-8845-4fd6-9463-351ef8753fcf/4935f451-dcbd-4414-a449-b6d148837be7",
                            "instance_id": "aae405ff-8845-4fd6-9463-351ef8753fcf",
                            "region": "Freiburg",
                            "volume_id": "4935f451-dcbd-4414-a449-b6d148837be7"
                        },
                        "meta": {
                            "e2bfb730-ecaa-11e6-8f88-34363bc7c4c0": {
                                "create": 600000000000,
                                "delete": 600000000000
                            }
                        },
                        "tainted": false
                    },
                    "deposed": [],
                    "provider": "provider.openstack"
                },
                "openstack_compute_volume_attach_v2.attached-node-a.1": {
                    "type": "openstack_compute_volume_attach_v2",
                    "depends_on": [
                        "openstack_blockstorage_volume_v2.node-a-vol.*",
                        "openstack_compute_instance_v2.gpu-node-a.*"
                    ],
                    "primary": {
                        "id": "682f046e-924f-4d58-9f0a-af7fff3e3a19/bb4ef8ea-a495-4529-a17d-afb25ac8ff8a",
                        "attributes": {
                            "device": "/dev/vdb",
                            "id": "682f046e-924f-4d58-9f0a-af7fff3e3a19/bb4ef8ea-a495-4529-a17d-afb25ac8ff8a",
                            "instance_id": "682f046e-924f-4d58-9f0a-af7fff3e3a19",
                            "region": "Freiburg",
                            "volume_id": "bb4ef8ea-a495-4529-a17d-afb25ac8ff8a"
                        },
                        "meta": {
                            "e2bfb730-ecaa-11e6-8f88-34363bc7c4c0": {
                                "create": 600000000000,
                                "delete": 600000000000
                            }
                        },
                        "tainted": false
                    },
                    "deposed": [],
                    "provider": "provider.openstack"
                },
                "openstack_compute_volume_attach_v2.attached-node-a.2": {
                    "type": "openstack_compute_volume_attach_v2",
                    "depends_on": [
                        "openstack_blockstorage_volume_v2.node-a-vol.*",
                        "openstack_compute_instance_v2.gpu-node-a.*"
                    ],
                    "primary": {
                        "id": "50f590c5-a60e-4fb6-9059-d6ad131c30e3/06701d21-0e25-4fd5-92b0-9ae880630b77",
                        "attributes": {
                            "device": "/dev/vdb",
                            "id": "50f590c5-a60e-4fb6-9059-d6ad131c30e3/06701d21-0e25-4fd5-92b0-9ae880630b77",
                            "instance_id": "50f590c5-a60e-4fb6-9059-d6ad131c30e3",
                            "region": "Freiburg",
                            "volume_id": "06701d21-0e25-4fd5-92b0-9ae880630b77"
                        },
                        "meta": {
                            "e2bfb730-ecaa-11e6-8f88-34363bc7c4c0": {
                                "create": 600000000000,
                                "delete": 600000000000
                            }
                        },
                        "tainted": false
                    },
                    "deposed": [],
                    "provider": "provider.openstack"
                },
                "openstack_compute_volume_attach_v2.attached-node-a.3": {
                    "type": "openstack_compute_volume_attach_v2",
                    "depends_on": [
                        "openstack_blockstorage_volume_v2.node-a-vol.*",
                        "openstack_compute_instance_v2.gpu-node-a.*"
                    ],
                    "primary": {
                        "id": "14205761-947d-4341-983b-f4af1bd7c1c0/e36b038d-638d-4e51-b23a-ba3c105922d6",
                        "attributes": {
                            "device": "/dev/vdb",
                            "id": "14205761-947d-4341-983b-f4af1bd7c1c0/e36b038d-638d-4e51-b23a-ba3c105922d6",
                            "instance_id": "14205761-947d-4341-983b-f4af1bd7c1c0",
                            "region": "Freiburg",
                            "volume_id": "e36b038d-638d-4e51-b23a-ba3c105922d6"
                        },
                        "meta": {
                            "e2bfb730-ecaa-11e6-8f88-34363bc7c4c0": {
                                "create": 600000000000,
                                "delete": 600000000000
                            }
                        },
                        "tainted": false
                    },
                    "deposed": [],
                    "provider": "provider.openstack"
                },
                "openstack_compute_volume_attach_v2.attached-node-a.4": {
                    "type": "openstack_compute_volume_attach_v2",
                    "depends_on": [
                        "openstack_blockstorage_volume_v2.node-a-vol.*",
                        "openstack_compute_instance_v2.gpu-node-a.*"
                    ],
                    "primary": {
                        "id": "6d3a3b97-fb9f-4a38-ba6f-0411dc97052b/9e1128e9-770b-4170-9d76-a85cb4a94db1",
                        "attributes": {
                            "device": "/dev/vdb",
                            "id": "6d3a3b97-fb9f-4a38-ba6f-0411dc97052b/9e1128e9-770b-4170-9d76-a85cb4a94db1",
                            "instance_id": "6d3a3b97-fb9f-4a38-ba6f-0411dc97052b",
                            "region": "Freiburg",
                            "volume_id": "9e1128e9-770b-4170-9d76-a85cb4a94db1"
                        },
                        "meta": {
                            "e2bfb730-ecaa-11e6-8f88-34363bc7c4c0": {
                                "create": 600000000000,
                                "delete": 600000000000
                            }
                        },
                        "tainted": false
                    },
                    "deposed": [],
                    "provider": "provider.openstack"
                },
                "openstack_compute_volume_attach_v2.attached-node-a.5": {
                    "type": "openstack_compute_volume_attach_v2",
                    "depends_on": [
                        "openstack_blockstorage_volume_v2.node-a-vol.*",
                        "openstack_compute_instance_v2.gpu-node-a.*"
                    ],
                    "primary": {
                        "id": "5136d294-c0d8-4a12-93ae-2d0134d2778f/17efda5a-5a35-4426-b28e-241deb3c96cf",
                        "attributes": {
                            "device": "/dev/vdb",
                            "id": "5136d294-c0d8-4a12-93ae-2d0134d2778f/17efda5a-5a35-4426-b28e-241deb3c96cf",
                            "instance_id": "5136d294-c0d8-4a12-93ae-2d0134d2778f",
                            "region": "Freiburg",
                            "volume_id": "17efda5a-5a35-4426-b28e-241deb3c96cf"
                        },
                        "meta": {
                            "e2bfb730-ecaa-11e6-8f88-34363bc7c4c0": {
                                "create": 600000000000,
                                "delete": 600000000000
                            }
                        },
                        "tainted": false
                    },
                    "deposed": [],
                    "provider": "provider.openstack"
                },
                "openstack_compute_volume_attach_v2.attached-node-a.6": {
                    "type": "openstack_compute_volume_attach_v2",
                    "depends_on": [
                        "openstack_blockstorage_volume_v2.node-a-vol.*",
                        "openstack_compute_instance_v2.gpu-node-a.*"
                    ],
                    "primary": {
                        "id": "c932b16a-f2bb-49a0-b7e5-fefef4bd96b8/95f925c3-99ea-4f03-b521-42a261d040e2",
                        "attributes": {
                            "device": "/dev/vdb",
                            "id": "c932b16a-f2bb-49a0-b7e5-fefef4bd96b8/95f925c3-99ea-4f03-b521-42a261d040e2",
                            "instance_id": "c932b16a-f2bb-49a0-b7e5-fefef4bd96b8",
                            "region": "Freiburg",
                            "volume_id": "95f925c3-99ea-4f03-b521-42a261d040e2"
                        },
                        "meta": {
                            "e2bfb730-ecaa-11e6-8f88-34363bc7c4c0": {
                                "create": 600000000000,
                                "delete": 600000000000
                            }
                        },
                        "tainted": false
                    },
                    "deposed": [],
                    "provider": "provider.openstack"
                },
                "openstack_compute_volume_attach_v2.attached-node-a.7": {
                    "type": "openstack_compute_volume_attach_v2",
                    "depends_on": [
                        "openstack_blockstorage_volume_v2.node-a-vol.*",
                        "openstack_compute_instance_v2.gpu-node-a.*"
                    ],
                    "primary": {
                        "id": "5e9592a4-7a41-40a3-b8ca-1375d3ed48da/98d0141a-81d7-4bab-a7de-a1c6c75204f5",
                        "attributes": {
                            "device": "/dev/vdb",
                            "id": "5e9592a4-7a41-40a3-b8ca-1375d3ed48da/98d0141a-81d7-4bab-a7de-a1c6c75204f5",
                            "instance_id": "5e9592a4-7a41-40a3-b8ca-1375d3ed48da",
                            "region": "Freiburg",
                            "volume_id": "98d0141a-81d7-4bab-a7de-a1c6c75204f5"
                        },
                        "meta": {
                            "e2bfb730-ecaa-11e6-8f88-34363bc7c4c0": {
                                "create": 600000000000,
                                "delete": 600000000000
                            }
                        },
                        "tainted": false
                    },
                    "deposed": [],
                    "provider": "provider.openstack"
                },
                "openstack_compute_volume_attach_v2.attached-node-b.0": {
                    "type": "openstack_compute_volume_attach_v2",
                    "depends_on": [
                        "openstack_blockstorage_volume_v2.node-b-vol.*",
                        "openstack_compute_instance_v2.gpu-node-b.*"
                    ],
                    "primary": {
                        "id": "b03a03ce-b9c6-4ac0-9e2d-dcff5449b501/f7b82498-45cb-4be7-8f6f-45bc2f53de58",
                        "attributes": {
                            "device": "/dev/vdb",
                            "id": "b03a03ce-b9c6-4ac0-9e2d-dcff5449b501/f7b82498-45cb-4be7-8f6f-45bc2f53de58",
                            "instance_id": "b03a03ce-b9c6-4ac0-9e2d-dcff5449b501",
                            "region": "Freiburg",
                            "volume_id": "f7b82498-45cb-4be7-8f6f-45bc2f53de58"
                        },
                        "meta": {
                            "e2bfb730-ecaa-11e6-8f88-34363bc7c4c0": {
                                "create": 600000000000,
                                "delete": 600000000000
                            }
                        },
                        "tainted": false
                    },
                    "deposed": [],
                    "provider": "provider.openstack"
                },
                "openstack_compute_volume_attach_v2.attached-node-b.1": {
                    "type": "openstack_compute_volume_attach_v2",
                    "depends_on": [
                        "openstack_blockstorage_volume_v2.node-b-vol.*",
                        "openstack_compute_instance_v2.gpu-node-b.*"
                    ],
                    "primary": {
                        "id": "aac10dfa-b11f-426d-9252-4fb0a38b28c8/ce5c8465-a3c9-4b4b-8c5f-92d44c00e5d2",
                        "attributes": {
                            "device": "/dev/vdb",
                            "id": "aac10dfa-b11f-426d-9252-4fb0a38b28c8/ce5c8465-a3c9-4b4b-8c5f-92d44c00e5d2",
                            "instance_id": "aac10dfa-b11f-426d-9252-4fb0a38b28c8",
                            "region": "Freiburg",
                            "volume_id": "ce5c8465-a3c9-4b4b-8c5f-92d44c00e5d2"
                        },
                        "meta": {
                            "e2bfb730-ecaa-11e6-8f88-34363bc7c4c0": {
                                "create": 600000000000,
                                "delete": 600000000000
                            }
                        },
                        "tainted": false
                    },
                    "deposed": [],
                    "provider": "provider.openstack"
                },
                "openstack_compute_volume_attach_v2.attached-node-b.2": {
                    "type": "openstack_compute_volume_attach_v2",
                    "depends_on": [
                        "openstack_blockstorage_volume_v2.node-b-vol.*",
                        "openstack_compute_instance_v2.gpu-node-b.*"
                    ],
                    "primary": {
                        "id": "eff0a512-be62-47bd-a4fc-372d7bbe6931/2211a673-1205-4273-8eb5-8dd3b6e638b9",
                        "attributes": {
                            "device": "/dev/vdb",
                            "id": "eff0a512-be62-47bd-a4fc-372d7bbe6931/2211a673-1205-4273-8eb5-8dd3b6e638b9",
                            "instance_id": "eff0a512-be62-47bd-a4fc-372d7bbe6931",
                            "region": "Freiburg",
                            "volume_id": "2211a673-1205-4273-8eb5-8dd3b6e638b9"
                        },
                        "meta": {
                            "e2bfb730-ecaa-11e6-8f88-34363bc7c4c0": {
                                "create": 600000000000,
                                "delete": 600000000000
                            }
                        },
                        "tainted": false
                    },
                    "deposed": [],
                    "provider": "provider.openstack"
                },
                "openstack_compute_volume_attach_v2.attached-node-b.3": {
                    "type": "openstack_compute_volume_attach_v2",
                    "depends_on": [
                        "openstack_blockstorage_volume_v2.node-b-vol.*",
                        "openstack_compute_instance_v2.gpu-node-b.*"
                    ],
                    "primary": {
                        "id": "3aa34589-5c7b-4b3b-aa93-688414bbff9a/70e82ee4-5404-4e28-86c5-6a245ef08b01",
                        "attributes": {
                            "device": "/dev/vdb",
                            "id": "3aa34589-5c7b-4b3b-aa93-688414bbff9a/70e82ee4-5404-4e28-86c5-6a245ef08b01",
                            "instance_id": "3aa34589-5c7b-4b3b-aa93-688414bbff9a",
                            "region": "Freiburg",
                            "volume_id": "70e82ee4-5404-4e28-86c5-6a245ef08b01"
                        },
                        "meta": {
                            "e2bfb730-ecaa-11e6-8f88-34363bc7c4c0": {
                                "create": 600000000000,
                                "delete": 600000000000
                            }
                        },
                        "tainted": false
                    },
                    "deposed": [],
                    "provider": "provider.openstack"
                },
                "openstack_compute_volume_attach_v2.attached-node-b.4": {
                    "type": "openstack_compute_volume_attach_v2",
                    "depends_on": [
                        "openstack_blockstorage_volume_v2.node-b-vol.*",
                        "openstack_compute_instance_v2.gpu-node-b.*"
                    ],
                    "primary": {
                        "id": "42ca6810-c333-4be4-a67c-c05eb0bb8ba9/76ec69bf-d499-4487-9e15-df3de5e06bda",
                        "attributes": {
                            "device": "/dev/vdb",
                            "id": "42ca6810-c333-4be4-a67c-c05eb0bb8ba9/76ec69bf-d499-4487-9e15-df3de5e06bda",
                            "instance_id": "42ca6810-c333-4be4-a67c-c05eb0bb8ba9",
                            "region": "Freiburg",
                            "volume_id": "76ec69bf-d499-4487-9e15-df3de5e06bda"
                        },
                        "meta": {
                            "e2bfb730-ecaa-11e6-8f88-34363bc7c4c0": {
                                "create": 600000000000,
                                "delete": 600000000000
                            }
                        },
                        "tainted": false
                    },
                    "deposed": [],
                    "provider": "provider.openstack"
                },
                "openstack_compute_volume_attach_v2.attached-node-b.5": {
                    "type": "openstack_compute_volume_attach_v2",
                    "depends_on": [
                        "openstack_blockstorage_volume_v2.node-b-vol.*",
                        "openstack_compute_instance_v2.gpu-node-b.*"
                    ],
                    "primary": {
                        "id": "dad88cee-e3a8-4a52-8b47-f935f28a10cf/71c8755b-4653-46c9-ac58-ff2b51d98512",
                        "attributes": {
                            "device": "/dev/vdb",
                            "id": "dad88cee-e3a8-4a52-8b47-f935f28a10cf/71c8755b-4653-46c9-ac58-ff2b51d98512",
                            "instance_id": "dad88cee-e3a8-4a52-8b47-f935f28a10cf",
                            "region": "Freiburg",
                            "volume_id": "71c8755b-4653-46c9-ac58-ff2b51d98512"
                        },
                        "meta": {
                            "e2bfb730-ecaa-11e6-8f88-34363bc7c4c0": {
                                "create": 600000000000,
                                "delete": 600000000000
                            }
                        },
                        "tainted": false
                    },
                    "deposed": [],
                    "provider": "provider.openstack"
                },
                "openstack_compute_volume_attach_v2.attached-node-b.6": {
                    "type": "openstack_compute_volume_attach_v2",
                    "depends_on": [
                        "openstack_blockstorage_volume_v2.node-b-vol.*",
                        "openstack_compute_instance_v2.gpu-node-b.*"
                    ],
                    "primary": {
                        "id": "38c34db6-9133-4281-9446-efa431a0af78/e9e04ebb-3dfa-4ac6-8b84-072311d3eadb",
                        "attributes": {
                            "device": "/dev/vdb",
                            "id": "38c34db6-9133-4281-9446-efa431a0af78/e9e04ebb-3dfa-4ac6-8b84-072311d3eadb",
                            "instance_id": "38c34db6-9133-4281-9446-efa431a0af78",
                            "region": "Freiburg",
                            "volume_id": "e9e04ebb-3dfa-4ac6-8b84-072311d3eadb"
                        },
                        "meta": {
                            "e2bfb730-ecaa-11e6-8f88-34363bc7c4c0": {
                                "create": 600000000000,
                                "delete": 600000000000
                            }
                        },
                        "tainted": false
                    },
                    "deposed": [],
                    "provider": "provider.openstack"
                },
                "openstack_compute_volume_attach_v2.attached-node-d": {
                    "type": "openstack_compute_volume_attach_v2",
                    "depends_on": [
                        "openstack_blockstorage_volume_v2.gpu-node-d-vol",
                        "openstack_compute_instance_v2.gpu-node-d.*"
                    ],
                    "primary": {
                        "id": "1453491e-6680-4aa8-a31d-77a399641ebb/ec86d240-b516-4974-95e6-6407d41fdbc8",
                        "attributes": {
                            "device": "/dev/vdb",
                            "id": "1453491e-6680-4aa8-a31d-77a399641ebb/ec86d240-b516-4974-95e6-6407d41fdbc8",
                            "instance_id": "1453491e-6680-4aa8-a31d-77a399641ebb",
                            "region": "Freiburg",
                            "volume_id": "ec86d240-b516-4974-95e6-6407d41fdbc8"
                        },
                        "meta": {
                            "e2bfb730-ecaa-11e6-8f88-34363bc7c4c0": {
                                "create": 600000000000,
                                "delete": 600000000000
                            }
                        },
                        "tainted": false
                    },
                    "deposed": [],
                    "provider": "provider.openstack"
                },
                "openstack_networking_network_v2._internal": {
                    "type": "openstack_networking_network_v2",
                    "depends_on": [],
                    "primary": {
                        "id": "0e3fe711-4e20-4643-bc72-30949dd78950",
                        "attributes": {
                            "admin_state_up": "true",
                            "all_tags.#": "0",
                            "availability_zone_hints.#": "0",
                            "description": "",
                            "dns_domain": "",
                            "external": "false",
                            "id": "0e3fe711-4e20-4643-bc72-30949dd78950",
                            "mtu": "1450",
                            "name": "vgcn-de03-private",
                            "port_security_enabled": "true",
                            "qos_policy_id": "",
                            "region": "Freiburg",
                            "shared": "false",
                            "tags.#": "0",
                            "tenant_id": "36d6d9420bb04403b55fb21052efe4be",
                            "transparent_vlan": "false"
                        },
                        "meta": {
                            "e2bfb730-ecaa-11e6-8f88-34363bc7c4c0": {
                                "create": 600000000000,
                                "delete": 600000000000
                            }
                        },
                        "tainted": false
                    },
                    "deposed": [],
                    "provider": "provider.openstack"
                },
                "openstack_networking_router_interface_v2.router_interface_1": {
                    "type": "openstack_networking_router_interface_v2",
                    "depends_on": [
                        "openstack_networking_router_v2.router_1",
                        "openstack_networking_subnet_v2._internal"
                    ],
                    "primary": {
                        "id": "307715a1-3a32-409a-90bf-5981c82c93ec",
                        "attributes": {
                            "id": "307715a1-3a32-409a-90bf-5981c82c93ec",
                            "port_id": "307715a1-3a32-409a-90bf-5981c82c93ec",
                            "region": "Freiburg",
                            "router_id": "08e526f0-b9ba-4347-9f34-51e1299014ea",
                            "subnet_id": "6e030854-dfb2-4a53-a2bb-5a826b533f5f"
                        },
                        "meta": {
                            "e2bfb730-ecaa-11e6-8f88-34363bc7c4c0": {
                                "create": 600000000000,
                                "delete": 600000000000
                            }
                        },
                        "tainted": false
                    },
                    "deposed": [],
                    "provider": "provider.openstack"
                },
                "openstack_networking_router_v2.router_1": {
                    "type": "openstack_networking_router_v2",
                    "depends_on": [
                        "data.openstack_networking_network_v2.external"
                    ],
                    "primary": {
                        "id": "08e526f0-b9ba-4347-9f34-51e1299014ea",
                        "attributes": {
                            "admin_state_up": "true",
                            "all_tags.#": "0",
                            "availability_zone_hints.#": "0",
                            "description": "",
                            "distributed": "false",
                            "enable_snat": "true",
                            "external_fixed_ip.#": "1",
                            "external_fixed_ip.0.ip_address": "192.52.34.157",
                            "external_fixed_ip.0.subnet_id": "ee3e2b95-351c-49c7-a57f-cac4dfe57832",
                            "external_gateway": "6a68b40c-356f-4d4c-95e9-e5c72855fb35",
                            "external_network_id": "6a68b40c-356f-4d4c-95e9-e5c72855fb35",
                            "id": "08e526f0-b9ba-4347-9f34-51e1299014ea",
                            "name": "vgcn-de03-router",
                            "region": "Freiburg",
                            "tags.#": "0",
                            "tenant_id": "36d6d9420bb04403b55fb21052efe4be"
                        },
                        "meta": {
                            "e2bfb730-ecaa-11e6-8f88-34363bc7c4c0": {
                                "create": 600000000000,
                                "delete": 600000000000
                            }
                        },
                        "tainted": false
                    },
                    "deposed": [],
                    "provider": "provider.openstack"
                },
                "openstack_networking_secgroup_rule_v2.egress-public-4": {
                    "type": "openstack_networking_secgroup_rule_v2",
                    "depends_on": [
                        "openstack_networking_secgroup_v2.egress-public"
                    ],
                    "primary": {
                        "id": "326b954a-5044-4ce4-ab79-d78b97df5729",
                        "attributes": {
                            "description": "",
                            "direction": "egress",
                            "ethertype": "IPv4",
                            "id": "326b954a-5044-4ce4-ab79-d78b97df5729",
                            "port_range_max": "0",
                            "port_range_min": "0",
                            "protocol": "",
                            "region": "Freiburg",
                            "remote_group_id": "",
                            "remote_ip_prefix": "",
                            "security_group_id": "170fdd72-746e-4b6e-8cea-eaeff4609a16",
                            "tenant_id": "36d6d9420bb04403b55fb21052efe4be"
                        },
                        "meta": {
                            "e2bfb730-ecaa-11e6-8f88-34363bc7c4c0": {
                                "delete": 600000000000
                            }
                        },
                        "tainted": false
                    },
                    "deposed": [],
                    "provider": "provider.openstack"
                },
                "openstack_networking_secgroup_rule_v2.egress-public-6": {
                    "type": "openstack_networking_secgroup_rule_v2",
                    "depends_on": [
                        "openstack_networking_secgroup_v2.egress-public"
                    ],
                    "primary": {
                        "id": "f2303e36-d0b7-4c0b-8056-84d3269338f5",
                        "attributes": {
                            "description": "",
                            "direction": "egress",
                            "ethertype": "IPv6",
                            "id": "f2303e36-d0b7-4c0b-8056-84d3269338f5",
                            "port_range_max": "0",
                            "port_range_min": "0",
                            "protocol": "",
                            "region": "Freiburg",
                            "remote_group_id": "",
                            "remote_ip_prefix": "",
                            "security_group_id": "170fdd72-746e-4b6e-8cea-eaeff4609a16",
                            "tenant_id": "36d6d9420bb04403b55fb21052efe4be"
                        },
                        "meta": {
                            "e2bfb730-ecaa-11e6-8f88-34363bc7c4c0": {
                                "delete": 600000000000
                            }
                        },
                        "tainted": false
                    },
                    "deposed": [],
                    "provider": "provider.openstack"
                },
                "openstack_networking_secgroup_rule_v2.ingress-private-4": {
                    "type": "openstack_networking_secgroup_rule_v2",
                    "depends_on": [
                        "openstack_networking_secgroup_v2.ingress-private"
                    ],
                    "primary": {
                        "id": "062cdf5d-aaf6-4b26-87f6-4f169e69ea75",
                        "attributes": {
                            "description": "",
                            "direction": "ingress",
                            "ethertype": "IPv4",
                            "id": "062cdf5d-aaf6-4b26-87f6-4f169e69ea75",
                            "port_range_max": "0",
                            "port_range_min": "0",
                            "protocol": "",
                            "region": "Freiburg",
                            "remote_group_id": "",
                            "remote_ip_prefix": "192.168.195.0/24",
                            "security_group_id": "251a15bd-e25b-42ac-a1c4-2f3719b63ce3",
                            "tenant_id": "36d6d9420bb04403b55fb21052efe4be"
                        },
                        "meta": {
                            "e2bfb730-ecaa-11e6-8f88-34363bc7c4c0": {
                                "delete": 600000000000
                            }
                        },
                        "tainted": false
                    },
                    "deposed": [],
                    "provider": "provider.openstack"
                },
                "openstack_networking_secgroup_rule_v2.public-ssh-4": {
                    "type": "openstack_networking_secgroup_rule_v2",
                    "depends_on": [
                        "openstack_networking_secgroup_v2.public-ssh"
                    ],
                    "primary": {
                        "id": "fc9f5bd7-99c3-455c-be36-ae214201034d",
                        "attributes": {
                            "description": "",
                            "direction": "ingress",
                            "ethertype": "IPv4",
                            "id": "fc9f5bd7-99c3-455c-be36-ae214201034d",
                            "port_range_max": "22",
                            "port_range_min": "22",
                            "protocol": "tcp",
                            "region": "Freiburg",
                            "remote_group_id": "",
                            "remote_ip_prefix": "",
                            "security_group_id": "c8ce691e-16c9-43fa-aba3-7792ccbe37e1",
                            "tenant_id": "36d6d9420bb04403b55fb21052efe4be"
                        },
                        "meta": {
                            "e2bfb730-ecaa-11e6-8f88-34363bc7c4c0": {
                                "delete": 600000000000
                            }
                        },
                        "tainted": false
                    },
                    "deposed": [],
                    "provider": "provider.openstack"
                },
                "openstack_networking_secgroup_rule_v2.publich-ssh-6": {
                    "type": "openstack_networking_secgroup_rule_v2",
                    "depends_on": [
                        "openstack_networking_secgroup_v2.public-ssh"
                    ],
                    "primary": {
                        "id": "8a875aba-320c-4963-89ca-937deac03d42",
                        "attributes": {
                            "description": "",
                            "direction": "ingress",
                            "ethertype": "IPv6",
                            "id": "8a875aba-320c-4963-89ca-937deac03d42",
                            "port_range_max": "22",
                            "port_range_min": "22",
                            "protocol": "tcp",
                            "region": "Freiburg",
                            "remote_group_id": "",
                            "remote_ip_prefix": "",
                            "security_group_id": "c8ce691e-16c9-43fa-aba3-7792ccbe37e1",
                            "tenant_id": "36d6d9420bb04403b55fb21052efe4be"
                        },
                        "meta": {
                            "e2bfb730-ecaa-11e6-8f88-34363bc7c4c0": {
                                "delete": 600000000000
                            }
                        },
                        "tainted": false
                    },
                    "deposed": [],
                    "provider": "provider.openstack"
                },
                "openstack_networking_secgroup_v2.egress-public": {
                    "type": "openstack_networking_secgroup_v2",
                    "depends_on": [],
                    "primary": {
                        "id": "170fdd72-746e-4b6e-8cea-eaeff4609a16",
                        "attributes": {
                            "all_tags.#": "0",
                            "delete_default_rules": "true",
                            "description": "[tf] Allow any outgoing connection",
                            "id": "170fdd72-746e-4b6e-8cea-eaeff4609a16",
                            "name": "vgcn-de03-egress-public",
                            "region": "Freiburg",
                            "tags.#": "0",
                            "tenant_id": "36d6d9420bb04403b55fb21052efe4be"
                        },
                        "meta": {
                            "e2bfb730-ecaa-11e6-8f88-34363bc7c4c0": {
                                "delete": 600000000000
                            }
                        },
                        "tainted": false
                    },
                    "deposed": [],
                    "provider": "provider.openstack"
                },
                "openstack_networking_secgroup_v2.ingress-private": {
                    "type": "openstack_networking_secgroup_v2",
                    "depends_on": [],
                    "primary": {
                        "id": "251a15bd-e25b-42ac-a1c4-2f3719b63ce3",
                        "attributes": {
                            "all_tags.#": "0",
                            "delete_default_rules": "true",
                            "description": "[tf] Allow any incoming connection from private network",
                            "id": "251a15bd-e25b-42ac-a1c4-2f3719b63ce3",
                            "name": "vgcn-de03-ingress-private",
                            "region": "Freiburg",
                            "tags.#": "0",
                            "tenant_id": "36d6d9420bb04403b55fb21052efe4be"
                        },
                        "meta": {
                            "e2bfb730-ecaa-11e6-8f88-34363bc7c4c0": {
                                "delete": 600000000000
                            }
                        },
                        "tainted": false
                    },
                    "deposed": [],
                    "provider": "provider.openstack"
                },
                "openstack_networking_secgroup_v2.public-ssh": {
                    "type": "openstack_networking_secgroup_v2",
                    "depends_on": [],
                    "primary": {
                        "id": "c8ce691e-16c9-43fa-aba3-7792ccbe37e1",
                        "attributes": {
                            "all_tags.#": "0",
                            "delete_default_rules": "true",
                            "description": "[tf] Allow SSH connections from anywhere",
                            "id": "c8ce691e-16c9-43fa-aba3-7792ccbe37e1",
                            "name": "vgcn-de03-public-ssh",
                            "region": "Freiburg",
                            "tags.#": "0",
                            "tenant_id": "36d6d9420bb04403b55fb21052efe4be"
                        },
                        "meta": {
                            "e2bfb730-ecaa-11e6-8f88-34363bc7c4c0": {
                                "delete": 600000000000
                            }
                        },
                        "tainted": false
                    },
                    "deposed": [],
                    "provider": "provider.openstack"
                },
                "openstack_networking_subnet_v2._internal": {
                    "type": "openstack_networking_subnet_v2",
                    "depends_on": [
                        "openstack_networking_network_v2._internal"
                    ],
                    "primary": {
                        "id": "6e030854-dfb2-4a53-a2bb-5a826b533f5f",
                        "attributes": {
                            "all_tags.#": "0",
                            "allocation_pool.#": "1",
                            "allocation_pool.1630629780.end": "192.168.195.254",
                            "allocation_pool.1630629780.start": "192.168.195.2",
                            "allocation_pools.#": "1",
                            "allocation_pools.0.end": "192.168.195.254",
                            "allocation_pools.0.start": "192.168.195.2",
                            "cidr": "192.168.195.0/24",
                            "description": "",
                            "dns_nameservers.#": "0",
                            "enable_dhcp": "true",
                            "gateway_ip": "192.168.195.1",
                            "id": "6e030854-dfb2-4a53-a2bb-5a826b533f5f",
                            "ip_version": "4",
                            "ipv6_address_mode": "",
                            "ipv6_ra_mode": "",
                            "name": "vgcn-de03-private-subnet",
                            "network_id": "0e3fe711-4e20-4643-bc72-30949dd78950",
                            "no_gateway": "false",
                            "region": "Freiburg",
                            "subnetpool_id": "",
                            "tags.#": "0",
                            "tenant_id": "36d6d9420bb04403b55fb21052efe4be"
                        },
                        "meta": {
                            "e2bfb730-ecaa-11e6-8f88-34363bc7c4c0": {
                                "create": 600000000000,
                                "delete": 600000000000
                            }
                        },
                        "tainted": false
                    },
                    "deposed": [],
                    "provider": "provider.openstack"
                }
            },
            "depends_on": []
        }
    ]
}
