{
    "version": 3,
    "terraform_version": "0.11.14",
    "serial": 43,
    "lineage": "6b46e682-138d-7ef2-08ba-83795d3a840c",
    "modules": [
        {
            "path": [
                "root"
            ],
            "outputs": {
                "ip_v4_internal": {
                    "sensitive": false,
                    "type": "string",
                    "value": "192.168.195.15"
                },
                "ip_v4_public": {
                    "sensitive": false,
                    "type": "string",
                    "value": "192.52.35.14"
                },
                "node_name": {
                    "sensitive": false,
                    "type": "string",
                    "value": "vgcn-de03-central-manager.pulsar"
                }
            },
            "resources": {
                "data.openstack_images_image_v2.vgcn-image": {
                    "type": "openstack_images_image_v2",
                    "depends_on": [],
                    "primary": {
                        "id": "ff22f5e2-5668-4293-95c7-75d42288d1fa",
                        "attributes": {
                            "checksum": "008352d7679af7f7fdaa04d899035bb6",
                            "container_format": "bare",
                            "created_at": "2019-09-05T12:12:33Z",
                            "disk_format": "raw",
                            "file": "/v2/images/ff22f5e2-5668-4293-95c7-75d42288d1fa/file",
                            "id": "ff22f5e2-5668-4293-95c7-75d42288d1fa",
                            "metadata.%": "0",
                            "min_disk_gb": "0",
                            "min_ram_mb": "0",
                            "most_recent": "false",
                            "name": "vggp-v31-j132-4ab83d5ffde9-master",
                            "owner": "36d6d9420bb04403b55fb21052efe4be",
                            "protected": "false",
                            "schema": "/v2/schemas/image",
                            "size_bytes": "4194304000",
                            "sort_direction": "asc",
                            "sort_key": "name",
                            "tags.#": "0",
                            "updated_at": "2019-09-05T12:13:54Z",
                            "visibility": "shared"
                        },
                        "meta": {},
                        "tainted": false
                    },
                    "deposed": [],
                    "provider": "provider.openstack"
                },
                "data.openstack_networking_network_v2.external": {
                    "type": "openstack_networking_network_v2",
                    "depends_on": [],
                    "primary": {
                        "id": "6a68b40c-356f-4d4c-95e9-e5c72855fb35",
                        "attributes": {
                            "admin_state_up": "true",
                            "all_tags.#": "0",
                            "availability_zone_hints.#": "0",
                            "description": "",
                            "dns_domain": "",
                            "external": "true",
                            "id": "6a68b40c-356f-4d4c-95e9-e5c72855fb35",
                            "mtu": "1500",
                            "name": "public",
                            "region": "Freiburg",
                            "shared": "true",
                            "tenant_id": "0e73357886c449e3a6eb13d513c49aa4",
                            "transparent_vlan": "false"
                        },
                        "meta": {},
                        "tainted": false
                    },
                    "deposed": [],
                    "provider": "provider.openstack"
                },
                "data.openstack_networking_network_v2.internal": {
                    "type": "openstack_networking_network_v2",
                    "depends_on": [],
                    "primary": {
                        "id": "0e3fe711-4e20-4643-bc72-30949dd78950",
                        "attributes": {
                            "admin_state_up": "true",
                            "all_tags.#": "0",
                            "availability_zone_hints.#": "0",
                            "description": "",
                            "dns_domain": "",
                            "external": "false",
                            "id": "0e3fe711-4e20-4643-bc72-30949dd78950",
                            "mtu": "1450",
                            "name": "vgcn-de03-private",
                            "region": "Freiburg",
                            "shared": "false",
                            "tenant_id": "36d6d9420bb04403b55fb21052efe4be",
                            "transparent_vlan": "false"
                        },
                        "meta": {},
                        "tainted": false
                    },
                    "deposed": [],
                    "provider": "provider.openstack"
                },
                "data.template_cloudinit_config.nfs-share": {
                    "type": "template_cloudinit_config",
                    "depends_on": [],
                    "primary": {
                        "id": "3217397081",
                        "attributes": {
                            "base64_encode": "true",
                            "gzip": "true",
                            "id": "3217397081",
                            "part.#": "2",
                            "part.0.content": "#!/bin/bash\n\nmkfs -t xfs /dev/vdb\necho \"/dev/vdb  /data/share xfs defaults,nofail 0 2\" \u003e\u003e /etc/fstab\nmount /data/share\nmkdir -p /data/share\nchown centos:centos -R /data/share\n",
                            "part.0.content_type": "text/x-shellscript",
                            "part.0.filename": "",
                            "part.0.merge_type": "",
                            "part.1.content": "    #cloud-config\n    write_files:\n    - content: |\n        /data/share *(rw,sync)\n      owner: root:root\n      path: /etc/exports\n      permissions: '0644'\n\n    runcmd:\n     - [ systemctl, enable, nfs-server ]\n     - [ systemctl, start, nfs-server ]\n     - [ exportfs, -avr ]\n",
                            "part.1.content_type": "text/cloud-config",
                            "part.1.filename": "",
                            "part.1.merge_type": "",
                            "rendered": "H4sIAAAAAAAA/6yQX2sVMRDF3wP7Hcbbh6pszFWKQsSCf/rgw1UoKoiIZJNJN3STLJnZe/eCH152t5Wt2jfzkDDn/DIznLc5MSaWn449aohDx6E3hVUMI7qX0OQhOVOOrza797uLNx8/f3j3+vLrRkyV/IKFQk4anj7ZVqISUq6hSvzuXUwij0VeJJtdSFcaXjSBV8A8nHFkNUpqsevIltBzJXYh4l9zTh6oJiTVGGqFiNeeQDKMnkA53Ku9awTaNsPmtgRQzrBR1JqCM+jQm6FjqlP2JnSwhWcbOD8HhWyVJzaNiHlIvP4o4rULBWR/R7RtPiSwmDiTXh6Ql3eQ/xOM7fLgpM3Jh6t7cgEAOFlzs3IogfGHDx2SngUJdmmv4ecsTGed0OOH5VDTMdlHN3Y+JCwaSs6sp+tG7g23eskMxz4XplsDSww07UYaTrfPz85OxWyVIdnoljVAwjegIzFGy10NmEzTYQ3JkyQseyzw/Z8gsSl8H7cs4qkGafaT82f6UlbiVwAAAP//53DkVfUCAAA="
                        },
                        "meta": {},
                        "tainted": false
                    },
                    "deposed": [],
                    "provider": "provider.template"
                },
                "openstack_blockstorage_volume_v2.gpu-node-c-vol.0": {
                    "type": "openstack_blockstorage_volume_v2",
                    "depends_on": [],
                    "primary": {
                        "id": "f1a5f339-234f-4e9b-9cf2-755b16a83764",
                        "attributes": {
                            "attachment.#": "1",
                            "attachment.1656185422.device": "/dev/vdb",
                            "attachment.1656185422.id": "f1a5f339-234f-4e9b-9cf2-755b16a83764",
                            "attachment.1656185422.instance_id": "295658d1-1dd5-435b-b88d-837478cf4c96",
                            "availability_zone": "nova",
                            "description": "",
                            "id": "f1a5f339-234f-4e9b-9cf2-755b16a83764",
                            "metadata.%": "0",
                            "name": "vgcn-de03-gpu-node-c0-vol",
                            "region": "Freiburg",
                            "size": "500",
                            "snapshot_id": "",
                            "source_vol_id": "",
                            "volume_type": "default"
                        },
                        "meta": {
                            "e2bfb730-ecaa-11e6-8f88-34363bc7c4c0": {
                                "create": 600000000000,
                                "delete": 600000000000
                            }
                        },
                        "tainted": false
                    },
                    "deposed": [],
                    "provider": "provider.openstack"
                },
                "openstack_blockstorage_volume_v2.gpu-node-c-vol.1": {
                    "type": "openstack_blockstorage_volume_v2",
                    "depends_on": [],
                    "primary": {
                        "id": "bbd5fb0d-7ef1-4e20-a688-5b5f473e2e24",
                        "attributes": {
                            "attachment.#": "1",
                            "attachment.3640717807.device": "/dev/vdb",
                            "attachment.3640717807.id": "bbd5fb0d-7ef1-4e20-a688-5b5f473e2e24",
                            "attachment.3640717807.instance_id": "75f542b2-15ae-46cf-a6d0-2081111a2c2e",
                            "availability_zone": "nova",
                            "description": "",
                            "id": "bbd5fb0d-7ef1-4e20-a688-5b5f473e2e24",
                            "metadata.%": "0",
                            "name": "vgcn-de03-gpu-node-c1-vol",
                            "region": "Freiburg",
                            "size": "500",
                            "snapshot_id": "",
                            "source_vol_id": "",
                            "volume_type": "default"
                        },
                        "meta": {
                            "e2bfb730-ecaa-11e6-8f88-34363bc7c4c0": {
                                "create": 600000000000,
                                "delete": 600000000000
                            }
                        },
                        "tainted": false
                    },
                    "deposed": [],
                    "provider": "provider.openstack"
                },
                "openstack_blockstorage_volume_v2.gpu-node-d-vol": {
                    "type": "openstack_blockstorage_volume_v2",
                    "depends_on": [],
                    "primary": {
                        "id": "a0a584df-5091-4e87-b760-3afc2ad8d212",
                        "attributes": {
                            "attachment.#": "1",
                            "attachment.300178380.device": "/dev/vdb",
                            "attachment.300178380.id": "a0a584df-5091-4e87-b760-3afc2ad8d212",
                            "attachment.300178380.instance_id": "50487ff6-b5e4-46ef-b1a9-e58368e180c8",
                            "availability_zone": "nova",
                            "description": "",
                            "id": "a0a584df-5091-4e87-b760-3afc2ad8d212",
                            "metadata.%": "0",
                            "name": "vgcn-de03-gpu-node-d0-vol",
                            "region": "Freiburg",
                            "size": "500",
                            "snapshot_id": "",
                            "source_vol_id": "",
                            "volume_type": "default"
                        },
                        "meta": {
                            "e2bfb730-ecaa-11e6-8f88-34363bc7c4c0": {
                                "create": 600000000000,
                                "delete": 600000000000
                            }
                        },
                        "tainted": false
                    },
                    "deposed": [],
                    "provider": "provider.openstack"
                },
                "openstack_blockstorage_volume_v2.node-a-vol.0": {
                    "type": "openstack_blockstorage_volume_v2",
                    "depends_on": [],
                    "primary": {
                        "id": "723adcfe-20c6-457d-abef-e89bbe3468d5",
                        "attributes": {
                            "attachment.#": "0",
                            "availability_zone": "nova",
                            "description": "",
                            "id": "723adcfe-20c6-457d-abef-e89bbe3468d5",
                            "metadata.%": "0",
                            "name": "vgcn-de03-gpu-node-a0-vol",
                            "region": "Freiburg",
                            "size": "500",
                            "snapshot_id": "",
                            "source_vol_id": "",
                            "volume_type": "default"
                        },
                        "meta": {
                            "e2bfb730-ecaa-11e6-8f88-34363bc7c4c0": {
                                "create": 600000000000,
                                "delete": 600000000000
                            }
                        },
                        "tainted": false
                    },
                    "deposed": [],
                    "provider": "provider.openstack"
                },
                "openstack_blockstorage_volume_v2.node-a-vol.1": {
                    "type": "openstack_blockstorage_volume_v2",
                    "depends_on": [],
                    "primary": {
                        "id": "92092b02-1dfe-4145-9034-09eb56ae0e83",
                        "attributes": {
                            "attachment.#": "0",
                            "availability_zone": "nova",
                            "description": "",
                            "id": "92092b02-1dfe-4145-9034-09eb56ae0e83",
                            "metadata.%": "0",
                            "name": "vgcn-de03-gpu-node-a1-vol",
                            "region": "Freiburg",
                            "size": "500",
                            "snapshot_id": "",
                            "source_vol_id": "",
                            "volume_type": "default"
                        },
                        "meta": {
                            "e2bfb730-ecaa-11e6-8f88-34363bc7c4c0": {
                                "create": 600000000000,
                                "delete": 600000000000
                            }
                        },
                        "tainted": false
                    },
                    "deposed": [],
                    "provider": "provider.openstack"
                },
                "openstack_blockstorage_volume_v2.node-a-vol.2": {
                    "type": "openstack_blockstorage_volume_v2",
                    "depends_on": [],
                    "primary": {
                        "id": "fa370caf-828a-4396-8fe3-703928d384bf",
                        "attributes": {
                            "attachment.#": "0",
                            "availability_zone": "nova",
                            "description": "",
                            "id": "fa370caf-828a-4396-8fe3-703928d384bf",
                            "metadata.%": "0",
                            "name": "vgcn-de03-gpu-node-a2-vol",
                            "region": "Freiburg",
                            "size": "500",
                            "snapshot_id": "",
                            "source_vol_id": "",
                            "volume_type": "default"
                        },
                        "meta": {
                            "e2bfb730-ecaa-11e6-8f88-34363bc7c4c0": {
                                "create": 600000000000,
                                "delete": 600000000000
                            }
                        },
                        "tainted": false
                    },
                    "deposed": [],
                    "provider": "provider.openstack"
                },
                "openstack_blockstorage_volume_v2.node-a-vol.3": {
                    "type": "openstack_blockstorage_volume_v2",
                    "depends_on": [],
                    "primary": {
                        "id": "bc6954e3-be62-4d4f-abb2-9567ae21616f",
                        "attributes": {
                            "attachment.#": "0",
                            "availability_zone": "nova",
                            "description": "",
                            "id": "bc6954e3-be62-4d4f-abb2-9567ae21616f",
                            "metadata.%": "0",
                            "name": "vgcn-de03-gpu-node-a3-vol",
                            "region": "Freiburg",
                            "size": "500",
                            "snapshot_id": "",
                            "source_vol_id": "",
                            "volume_type": "default"
                        },
                        "meta": {
                            "e2bfb730-ecaa-11e6-8f88-34363bc7c4c0": {
                                "create": 600000000000,
                                "delete": 600000000000
                            }
                        },
                        "tainted": false
                    },
                    "deposed": [],
                    "provider": "provider.openstack"
                },
                "openstack_blockstorage_volume_v2.node-a-vol.4": {
                    "type": "openstack_blockstorage_volume_v2",
                    "depends_on": [],
                    "primary": {
                        "id": "0feabc64-64b0-4cad-9cfe-1b2994bf4973",
                        "attributes": {
                            "attachment.#": "0",
                            "availability_zone": "nova",
                            "description": "",
                            "id": "0feabc64-64b0-4cad-9cfe-1b2994bf4973",
                            "metadata.%": "0",
                            "name": "vgcn-de03-gpu-node-a4-vol",
                            "region": "Freiburg",
                            "size": "500",
                            "snapshot_id": "",
                            "source_vol_id": "",
                            "volume_type": "default"
                        },
                        "meta": {
                            "e2bfb730-ecaa-11e6-8f88-34363bc7c4c0": {
                                "create": 600000000000,
                                "delete": 600000000000
                            }
                        },
                        "tainted": false
                    },
                    "deposed": [],
                    "provider": "provider.openstack"
                },
                "openstack_blockstorage_volume_v2.node-a-vol.5": {
                    "type": "openstack_blockstorage_volume_v2",
                    "depends_on": [],
                    "primary": {
                        "id": "e6d1512c-ca5c-413c-a45c-32543998be22",
                        "attributes": {
                            "attachment.#": "0",
                            "availability_zone": "nova",
                            "description": "",
                            "id": "e6d1512c-ca5c-413c-a45c-32543998be22",
                            "metadata.%": "0",
                            "name": "vgcn-de03-gpu-node-a5-vol",
                            "region": "Freiburg",
                            "size": "500",
                            "snapshot_id": "",
                            "source_vol_id": "",
                            "volume_type": "default"
                        },
                        "meta": {
                            "e2bfb730-ecaa-11e6-8f88-34363bc7c4c0": {
                                "create": 600000000000,
                                "delete": 600000000000
                            }
                        },
                        "tainted": false
                    },
                    "deposed": [],
                    "provider": "provider.openstack"
                },
                "openstack_blockstorage_volume_v2.node-a-vol.6": {
                    "type": "openstack_blockstorage_volume_v2",
                    "depends_on": [],
                    "primary": {
                        "id": "16a40715-8d5c-44db-9105-23823187f170",
                        "attributes": {
                            "attachment.#": "0",
                            "availability_zone": "nova",
                            "description": "",
                            "id": "16a40715-8d5c-44db-9105-23823187f170",
                            "metadata.%": "0",
                            "name": "vgcn-de03-gpu-node-a6-vol",
                            "region": "Freiburg",
                            "size": "500",
                            "snapshot_id": "",
                            "source_vol_id": "",
                            "volume_type": "default"
                        },
                        "meta": {
                            "e2bfb730-ecaa-11e6-8f88-34363bc7c4c0": {
                                "create": 600000000000,
                                "delete": 600000000000
                            }
                        },
                        "tainted": false
                    },
                    "deposed": [],
                    "provider": "provider.openstack"
                },
                "openstack_blockstorage_volume_v2.node-a-vol.7": {
                    "type": "openstack_blockstorage_volume_v2",
                    "depends_on": [],
                    "primary": {
                        "id": "6fa7f89c-baa4-4570-ba7e-44ae9a98d421",
                        "attributes": {
                            "attachment.#": "0",
                            "availability_zone": "nova",
                            "description": "",
                            "id": "6fa7f89c-baa4-4570-ba7e-44ae9a98d421",
                            "metadata.%": "0",
                            "name": "vgcn-de03-gpu-node-a7-vol",
                            "region": "Freiburg",
                            "size": "500",
                            "snapshot_id": "",
                            "source_vol_id": "",
                            "volume_type": "default"
                        },
                        "meta": {
                            "e2bfb730-ecaa-11e6-8f88-34363bc7c4c0": {
                                "create": 600000000000,
                                "delete": 600000000000
                            }
                        },
                        "tainted": false
                    },
                    "deposed": [],
                    "provider": "provider.openstack"
                },
                "openstack_blockstorage_volume_v2.node-b-vol.0": {
                    "type": "openstack_blockstorage_volume_v2",
                    "depends_on": [],
                    "primary": {
                        "id": "f7b82498-45cb-4be7-8f6f-45bc2f53de58",
                        "attributes": {
                            "attachment.#": "1",
                            "attachment.2183310716.device": "/dev/vdb",
                            "attachment.2183310716.id": "f7b82498-45cb-4be7-8f6f-45bc2f53de58",
                            "attachment.2183310716.instance_id": "82a7e4d1-e735-43e0-9450-8b3edcc8239c",
                            "availability_zone": "nova",
                            "description": "",
                            "id": "f7b82498-45cb-4be7-8f6f-45bc2f53de58",
                            "metadata.%": "0",
                            "name": "vgcn-de03-gpu-node-b0-vol",
                            "region": "Freiburg",
                            "size": "500",
                            "snapshot_id": "",
                            "source_vol_id": "",
                            "volume_type": "default"
                        },
                        "meta": {
                            "e2bfb730-ecaa-11e6-8f88-34363bc7c4c0": {
                                "create": 600000000000,
                                "delete": 600000000000
                            }
                        },
                        "tainted": false
                    },
                    "deposed": [],
                    "provider": "provider.openstack"
                },
                "openstack_blockstorage_volume_v2.node-b-vol.1": {
                    "type": "openstack_blockstorage_volume_v2",
                    "depends_on": [],
                    "primary": {
                        "id": "be0dc063-264c-44f3-9478-3c2180323469",
                        "attributes": {
                            "attachment.#": "1",
                            "attachment.3037344259.device": "/dev/vdb",
                            "attachment.3037344259.id": "be0dc063-264c-44f3-9478-3c2180323469",
                            "attachment.3037344259.instance_id": "3dfc4ed3-aec8-443f-a757-dd90615b0185",
                            "availability_zone": "nova",
                            "description": "",
                            "id": "be0dc063-264c-44f3-9478-3c2180323469",
                            "metadata.%": "0",
                            "name": "vgcn-de03-gpu-node-b1-vol",
                            "region": "Freiburg",
                            "size": "500",
                            "snapshot_id": "",
                            "source_vol_id": "",
                            "volume_type": "default"
                        },
                        "meta": {
                            "e2bfb730-ecaa-11e6-8f88-34363bc7c4c0": {
                                "create": 600000000000,
                                "delete": 600000000000
                            }
                        },
                        "tainted": false
                    },
                    "deposed": [],
                    "provider": "provider.openstack"
                },
                "openstack_blockstorage_volume_v2.node-b-vol.2": {
                    "type": "openstack_blockstorage_volume_v2",
                    "depends_on": [],
                    "primary": {
                        "id": "b24682dd-5ab8-4ef7-a9a0-026ac5165a8d",
                        "attributes": {
                            "attachment.#": "1",
                            "attachment.2592436341.device": "/dev/vdb",
                            "attachment.2592436341.id": "b24682dd-5ab8-4ef7-a9a0-026ac5165a8d",
                            "attachment.2592436341.instance_id": "0782b081-ba61-4f22-9096-52846c4f7788",
                            "availability_zone": "nova",
                            "description": "",
                            "id": "b24682dd-5ab8-4ef7-a9a0-026ac5165a8d",
                            "metadata.%": "0",
                            "name": "vgcn-de03-gpu-node-b2-vol",
                            "region": "Freiburg",
                            "size": "500",
                            "snapshot_id": "",
                            "source_vol_id": "",
                            "volume_type": "default"
                        },
                        "meta": {
                            "e2bfb730-ecaa-11e6-8f88-34363bc7c4c0": {
                                "create": 600000000000,
                                "delete": 600000000000
                            }
                        },
                        "tainted": false
                    },
                    "deposed": [],
                    "provider": "provider.openstack"
                },
                "openstack_blockstorage_volume_v2.node-b-vol.3": {
                    "type": "openstack_blockstorage_volume_v2",
                    "depends_on": [],
                    "primary": {
                        "id": "4c24be2f-b136-4ef3-a84f-4707c3f0da1a",
                        "attributes": {
                            "attachment.#": "1",
                            "attachment.737165937.device": "/dev/vdb",
                            "attachment.737165937.id": "4c24be2f-b136-4ef3-a84f-4707c3f0da1a",
                            "attachment.737165937.instance_id": "26b37412-3c63-4bc9-813c-18ccf7c041b5",
                            "availability_zone": "nova",
                            "description": "",
                            "id": "4c24be2f-b136-4ef3-a84f-4707c3f0da1a",
                            "metadata.%": "0",
                            "name": "vgcn-de03-gpu-node-b3-vol",
                            "region": "Freiburg",
                            "size": "500",
                            "snapshot_id": "",
                            "source_vol_id": "",
                            "volume_type": "default"
                        },
                        "meta": {
                            "e2bfb730-ecaa-11e6-8f88-34363bc7c4c0": {
                                "create": 600000000000,
                                "delete": 600000000000
                            }
                        },
                        "tainted": false
                    },
                    "deposed": [],
                    "provider": "provider.openstack"
                },
                "openstack_blockstorage_volume_v2.node-b-vol.4": {
                    "type": "openstack_blockstorage_volume_v2",
                    "depends_on": [],
                    "primary": {
                        "id": "df636021-fa87-4468-b419-1e4af92ad521",
                        "attributes": {
                            "attachment.#": "1",
                            "attachment.1949252139.device": "/dev/vdb",
                            "attachment.1949252139.id": "df636021-fa87-4468-b419-1e4af92ad521",
                            "attachment.1949252139.instance_id": "0c5ec843-6e4b-43d9-9cb2-ce8263c5ed43",
                            "availability_zone": "nova",
                            "description": "",
                            "id": "df636021-fa87-4468-b419-1e4af92ad521",
                            "metadata.%": "0",
                            "name": "vgcn-de03-gpu-node-b4-vol",
                            "region": "Freiburg",
                            "size": "500",
                            "snapshot_id": "",
                            "source_vol_id": "",
                            "volume_type": "default"
                        },
                        "meta": {
                            "e2bfb730-ecaa-11e6-8f88-34363bc7c4c0": {
                                "create": 600000000000,
                                "delete": 600000000000
                            }
                        },
                        "tainted": false
                    },
                    "deposed": [],
                    "provider": "provider.openstack"
                },
                "openstack_blockstorage_volume_v2.node-b-vol.5": {
                    "type": "openstack_blockstorage_volume_v2",
                    "depends_on": [],
                    "primary": {
                        "id": "217834ae-e3ef-4ee3-8774-f1660dca1f8a",
                        "attributes": {
                            "attachment.#": "1",
                            "attachment.2727773391.device": "/dev/vdb",
                            "attachment.2727773391.id": "217834ae-e3ef-4ee3-8774-f1660dca1f8a",
                            "attachment.2727773391.instance_id": "affe5252-1e39-4b66-8183-a319ed39f2ea",
                            "availability_zone": "nova",
                            "description": "",
                            "id": "217834ae-e3ef-4ee3-8774-f1660dca1f8a",
                            "metadata.%": "0",
                            "name": "vgcn-de03-gpu-node-b5-vol",
                            "region": "Freiburg",
                            "size": "500",
                            "snapshot_id": "",
                            "source_vol_id": "",
                            "volume_type": "default"
                        },
                        "meta": {
                            "e2bfb730-ecaa-11e6-8f88-34363bc7c4c0": {
                                "create": 600000000000,
                                "delete": 600000000000
                            }
                        },
                        "tainted": false
                    },
                    "deposed": [],
                    "provider": "provider.openstack"
                },
                "openstack_blockstorage_volume_v2.node-b-vol.6": {
                    "type": "openstack_blockstorage_volume_v2",
                    "depends_on": [],
                    "primary": {
                        "id": "ad68b68b-5de4-4c95-8718-527d812217ae",
                        "attributes": {
                            "attachment.#": "1",
                            "attachment.2335361949.device": "/dev/vdb",
                            "attachment.2335361949.id": "ad68b68b-5de4-4c95-8718-527d812217ae",
                            "attachment.2335361949.instance_id": "d944c470-78f4-42d4-bb83-b9a67e7b2e69",
                            "availability_zone": "nova",
                            "description": "",
                            "id": "ad68b68b-5de4-4c95-8718-527d812217ae",
                            "metadata.%": "0",
                            "name": "vgcn-de03-gpu-node-b6-vol",
                            "region": "Freiburg",
                            "size": "500",
                            "snapshot_id": "",
                            "source_vol_id": "",
                            "volume_type": "default"
                        },
                        "meta": {
                            "e2bfb730-ecaa-11e6-8f88-34363bc7c4c0": {
                                "create": 600000000000,
                                "delete": 600000000000
                            }
                        },
                        "tainted": false
                    },
                    "deposed": [],
                    "provider": "provider.openstack"
                },
                "openstack_blockstorage_volume_v2.volume_nfs_data": {
                    "type": "openstack_blockstorage_volume_v2",
                    "depends_on": [],
                    "primary": {
                        "id": "708f319e-ea74-4373-ae4b-c460f9ca9b9a",
                        "attributes": {
                            "attachment.#": "1",
                            "attachment.950837848.device": "/dev/vdb",
                            "attachment.950837848.id": "708f319e-ea74-4373-ae4b-c460f9ca9b9a",
                            "attachment.950837848.instance_id": "5dbd46ec-ebcb-4968-8e00-a4d3a8618f15",
                            "availability_zone": "nova",
                            "description": "",
                            "id": "708f319e-ea74-4373-ae4b-c460f9ca9b9a",
                            "metadata.%": "0",
                            "name": "vgcn-de03-volume_nfs_data",
                            "region": "Freiburg",
                            "size": "400",
                            "snapshot_id": "",
                            "source_vol_id": "",
                            "volume_type": "default"
                        },
                        "meta": {
                            "e2bfb730-ecaa-11e6-8f88-34363bc7c4c0": {
                                "create": 600000000000,
                                "delete": 600000000000
                            }
                        },
                        "tainted": false
                    },
                    "deposed": [],
                    "provider": "provider.openstack"
                },
                "openstack_compute_instance_v2.central-manager": {
                    "type": "openstack_compute_instance_v2",
                    "depends_on": [
                        "data.openstack_images_image_v2.vgcn-image",
                        "data.openstack_networking_network_v2.external",
                        "data.openstack_networking_network_v2.internal",
                        "openstack_compute_instance_v2.nfs-server",
                        "openstack_compute_keypair_v2.my-cloud-key"
                    ],
                    "primary": {
                        "id": "8b1fc9a1-b0dd-4f10-8d4b-0fbba20a91b5",
                        "attributes": {
                            "access_ip_v4": "192.52.35.14",
                            "access_ip_v6": "",
                            "all_metadata.%": "1",
                            "all_metadata.poweroff": "19_12_12_ceph_maintenance",
                            "availability_zone": "nova",
                            "flavor_id": "36c48d98-dfa6-428f-b4f5-e1803cb9500b",
                            "flavor_name": "m1.medium",
                            "force_delete": "false",
                            "id": "8b1fc9a1-b0dd-4f10-8d4b-0fbba20a91b5",
                            "image_id": "ff22f5e2-5668-4293-95c7-75d42288d1fa",
                            "image_name": "vggp-v31-j132-4ab83d5ffde9-master",
                            "key_pair": "cloud2",
                            "name": "vgcn-de03-central-manager.pulsar",
                            "network.#": "2",
                            "network.0.access_network": "false",
                            "network.0.fixed_ip_v4": "192.52.35.14",
                            "network.0.fixed_ip_v6": "",
                            "network.0.floating_ip": "",
                            "network.0.mac": "fa:16:3e:5d:a9:31",
                            "network.0.name": "public",
                            "network.0.port": "",
                            "network.0.uuid": "6a68b40c-356f-4d4c-95e9-e5c72855fb35",
                            "network.1.access_network": "false",
                            "network.1.fixed_ip_v4": "192.168.195.15",
                            "network.1.fixed_ip_v6": "",
                            "network.1.floating_ip": "",
                            "network.1.mac": "fa:16:3e:f3:83:e8",
                            "network.1.name": "vgcn-de03-private",
                            "network.1.port": "",
                            "network.1.uuid": "0e3fe711-4e20-4643-bc72-30949dd78950",
                            "power_state": "active",
                            "region": "Freiburg",
                            "security_groups.#": "3",
                            "security_groups.2380101305": "vgcn-de03-public-ssh",
                            "security_groups.2908006740": "vgcn-de03-egress-public",
                            "security_groups.3699642652": "vgcn-de03-ingress-private",
                            "stop_before_destroy": "false",
                            "user_data": "d997f7397ab963291a8775cf5539906284d46244"
                        },
                        "meta": {
                            "e2bfb730-ecaa-11e6-8f88-34363bc7c4c0": {
                                "create": 1800000000000,
                                "delete": 1800000000000,
                                "update": 1800000000000
                            }
                        },
                        "tainted": false
                    },
                    "deposed": [],
                    "provider": "provider.openstack"
                },
                "openstack_compute_instance_v2.gpu-node-a.0": {
                    "type": "openstack_compute_instance_v2",
                    "depends_on": [
                        "data.openstack_networking_network_v2.internal",
                        "openstack_compute_instance_v2.central-manager",
                        "openstack_compute_instance_v2.nfs-server",
                        "openstack_compute_keypair_v2.my-cloud-key"
                    ],
                    "primary": {
                        "id": "ec05b33e-226c-42c1-965a-b769e1b26431",
                        "attributes": {
                            "access_ip_v4": "192.168.195.200",
                            "access_ip_v6": "",
                            "all_metadata.%": "0",
                            "availability_zone": "nova",
                            "flavor_id": "50ca7a26-ee25-4097-b71c-3392905c9175",
                            "flavor_name": "g1.gput4_g1c8m20",
                            "force_delete": "false",
                            "id": "ec05b33e-226c-42c1-965a-b769e1b26431",
                            "image_id": "413fa1a9-37cf-433e-9604-4733caf8d035",
                            "image_name": "vggp-v31-j138-29cbb3fcb2cf-master",
                            "key_pair": "cloud2",
                            "name": "vgcn-de03-gpu-node-0.pulsar",
                            "network.#": "1",
                            "network.0.access_network": "false",
                            "network.0.fixed_ip_v4": "192.168.195.200",
                            "network.0.fixed_ip_v6": "",
                            "network.0.floating_ip": "",
                            "network.0.mac": "fa:16:3e:db:3f:7d",
                            "network.0.name": "vgcn-de03-private",
                            "network.0.port": "",
                            "network.0.uuid": "0e3fe711-4e20-4643-bc72-30949dd78950",
                            "power_state": "active",
                            "region": "Freiburg",
                            "security_groups.#": "2",
                            "security_groups.2908006740": "vgcn-de03-egress-public",
                            "security_groups.3699642652": "vgcn-de03-ingress-private",
                            "stop_before_destroy": "false",
                            "user_data": "e685e28b9f4991dddb2c515b5923670327cff652"
                        },
                        "meta": {
                            "e2bfb730-ecaa-11e6-8f88-34363bc7c4c0": {
                                "create": 1800000000000,
                                "delete": 1800000000000,
                                "update": 1800000000000
                            }
                        },
                        "tainted": false
                    },
                    "deposed": [],
                    "provider": "provider.openstack"
                },
                "openstack_compute_instance_v2.gpu-node-a.1": {
                    "type": "openstack_compute_instance_v2",
                    "depends_on": [
                        "data.openstack_networking_network_v2.internal",
                        "openstack_compute_instance_v2.central-manager",
                        "openstack_compute_instance_v2.nfs-server",
                        "openstack_compute_keypair_v2.my-cloud-key"
                    ],
                    "primary": {
                        "id": "7a8a3a1f-5d86-44a7-a903-537a208b4053",
                        "attributes": {
                            "access_ip_v4": "192.168.195.35",
                            "access_ip_v6": "",
                            "all_metadata.%": "0",
                            "availability_zone": "nova",
                            "flavor_id": "50ca7a26-ee25-4097-b71c-3392905c9175",
                            "flavor_name": "g1.gput4_g1c8m20",
                            "force_delete": "false",
                            "id": "7a8a3a1f-5d86-44a7-a903-537a208b4053",
                            "image_id": "413fa1a9-37cf-433e-9604-4733caf8d035",
                            "image_name": "vggp-v31-j138-29cbb3fcb2cf-master",
                            "key_pair": "cloud2",
                            "name": "vgcn-de03-gpu-node-1.pulsar",
                            "network.#": "1",
                            "network.0.access_network": "false",
                            "network.0.fixed_ip_v4": "192.168.195.35",
                            "network.0.fixed_ip_v6": "",
                            "network.0.floating_ip": "",
                            "network.0.mac": "fa:16:3e:f3:de:0a",
                            "network.0.name": "vgcn-de03-private",
                            "network.0.port": "",
                            "network.0.uuid": "0e3fe711-4e20-4643-bc72-30949dd78950",
                            "power_state": "active",
                            "region": "Freiburg",
                            "security_groups.#": "2",
                            "security_groups.2908006740": "vgcn-de03-egress-public",
                            "security_groups.3699642652": "vgcn-de03-ingress-private",
                            "stop_before_destroy": "false",
                            "user_data": "e685e28b9f4991dddb2c515b5923670327cff652"
                        },
                        "meta": {
                            "e2bfb730-ecaa-11e6-8f88-34363bc7c4c0": {
                                "create": 1800000000000,
                                "delete": 1800000000000,
                                "update": 1800000000000
                            }
                        },
                        "tainted": false
                    },
                    "deposed": [],
                    "provider": "provider.openstack"
                },
                "openstack_compute_instance_v2.gpu-node-a.2": {
                    "type": "openstack_compute_instance_v2",
                    "depends_on": [
                        "data.openstack_networking_network_v2.internal",
                        "openstack_compute_instance_v2.central-manager",
                        "openstack_compute_instance_v2.nfs-server",
                        "openstack_compute_keypair_v2.my-cloud-key"
                    ],
                    "primary": {
                        "id": "b5c0f2d3-1fd2-4b4b-9320-4f446837d6d6",
                        "attributes": {
                            "access_ip_v4": "192.168.195.4",
                            "access_ip_v6": "",
                            "all_metadata.%": "0",
                            "availability_zone": "nova",
                            "flavor_id": "50ca7a26-ee25-4097-b71c-3392905c9175",
                            "flavor_name": "g1.gput4_g1c8m20",
                            "force_delete": "false",
                            "id": "b5c0f2d3-1fd2-4b4b-9320-4f446837d6d6",
                            "image_id": "413fa1a9-37cf-433e-9604-4733caf8d035",
                            "image_name": "vggp-v31-j138-29cbb3fcb2cf-master",
                            "key_pair": "cloud2",
                            "name": "vgcn-de03-gpu-node-2.pulsar",
                            "network.#": "1",
                            "network.0.access_network": "false",
                            "network.0.fixed_ip_v4": "192.168.195.4",
                            "network.0.fixed_ip_v6": "",
                            "network.0.floating_ip": "",
                            "network.0.mac": "fa:16:3e:20:f8:f7",
                            "network.0.name": "vgcn-de03-private",
                            "network.0.port": "",
                            "network.0.uuid": "0e3fe711-4e20-4643-bc72-30949dd78950",
                            "power_state": "active",
                            "region": "Freiburg",
                            "security_groups.#": "2",
                            "security_groups.2908006740": "vgcn-de03-egress-public",
                            "security_groups.3699642652": "vgcn-de03-ingress-private",
                            "stop_before_destroy": "false",
                            "user_data": "e685e28b9f4991dddb2c515b5923670327cff652"
                        },
                        "meta": {
                            "e2bfb730-ecaa-11e6-8f88-34363bc7c4c0": {
                                "create": 1800000000000,
                                "delete": 1800000000000,
                                "update": 1800000000000
                            }
                        },
                        "tainted": false
                    },
                    "deposed": [],
                    "provider": "provider.openstack"
                },
                "openstack_compute_instance_v2.gpu-node-a.3": {
                    "type": "openstack_compute_instance_v2",
                    "depends_on": [
                        "data.openstack_networking_network_v2.internal",
                        "openstack_compute_instance_v2.central-manager",
                        "openstack_compute_instance_v2.nfs-server",
                        "openstack_compute_keypair_v2.my-cloud-key"
                    ],
                    "primary": {
                        "id": "dc61ce9c-2094-40f4-88ce-9bf8c6af422e",
                        "attributes": {
                            "access_ip_v4": "192.168.195.22",
                            "access_ip_v6": "",
                            "all_metadata.%": "0",
                            "availability_zone": "nova",
                            "flavor_id": "50ca7a26-ee25-4097-b71c-3392905c9175",
                            "flavor_name": "g1.gput4_g1c8m20",
                            "force_delete": "false",
                            "id": "dc61ce9c-2094-40f4-88ce-9bf8c6af422e",
                            "image_id": "413fa1a9-37cf-433e-9604-4733caf8d035",
                            "image_name": "vggp-v31-j138-29cbb3fcb2cf-master",
                            "key_pair": "cloud2",
                            "name": "vgcn-de03-gpu-node-3.pulsar",
                            "network.#": "1",
                            "network.0.access_network": "false",
                            "network.0.fixed_ip_v4": "192.168.195.22",
                            "network.0.fixed_ip_v6": "",
                            "network.0.floating_ip": "",
                            "network.0.mac": "fa:16:3e:70:fc:6a",
                            "network.0.name": "vgcn-de03-private",
                            "network.0.port": "",
                            "network.0.uuid": "0e3fe711-4e20-4643-bc72-30949dd78950",
                            "power_state": "active",
                            "region": "Freiburg",
                            "security_groups.#": "2",
                            "security_groups.2908006740": "vgcn-de03-egress-public",
                            "security_groups.3699642652": "vgcn-de03-ingress-private",
                            "stop_before_destroy": "false",
                            "user_data": "e685e28b9f4991dddb2c515b5923670327cff652"
                        },
                        "meta": {
                            "e2bfb730-ecaa-11e6-8f88-34363bc7c4c0": {
                                "create": 1800000000000,
                                "delete": 1800000000000,
                                "update": 1800000000000
                            }
                        },
                        "tainted": false
                    },
                    "deposed": [],
                    "provider": "provider.openstack"
                },
                "openstack_compute_instance_v2.gpu-node-a.4": {
                    "type": "openstack_compute_instance_v2",
                    "depends_on": [
                        "data.openstack_networking_network_v2.internal",
                        "openstack_compute_instance_v2.central-manager",
                        "openstack_compute_instance_v2.nfs-server",
                        "openstack_compute_keypair_v2.my-cloud-key"
                    ],
                    "primary": {
                        "id": "8ac26316-bb09-4b06-af71-97016ae6d4bc",
                        "attributes": {
                            "access_ip_v4": "192.168.195.214",
                            "access_ip_v6": "",
                            "all_metadata.%": "0",
                            "availability_zone": "nova",
                            "flavor_id": "50ca7a26-ee25-4097-b71c-3392905c9175",
                            "flavor_name": "g1.gput4_g1c8m20",
                            "force_delete": "false",
                            "id": "8ac26316-bb09-4b06-af71-97016ae6d4bc",
                            "image_id": "413fa1a9-37cf-433e-9604-4733caf8d035",
                            "image_name": "vggp-v31-j138-29cbb3fcb2cf-master",
                            "key_pair": "cloud2",
                            "name": "vgcn-de03-gpu-node-4.pulsar",
                            "network.#": "1",
                            "network.0.access_network": "false",
                            "network.0.fixed_ip_v4": "192.168.195.214",
                            "network.0.fixed_ip_v6": "",
                            "network.0.floating_ip": "",
                            "network.0.mac": "fa:16:3e:4c:e3:2e",
                            "network.0.name": "vgcn-de03-private",
                            "network.0.port": "",
                            "network.0.uuid": "0e3fe711-4e20-4643-bc72-30949dd78950",
                            "power_state": "active",
                            "region": "Freiburg",
                            "security_groups.#": "2",
                            "security_groups.2908006740": "vgcn-de03-egress-public",
                            "security_groups.3699642652": "vgcn-de03-ingress-private",
                            "stop_before_destroy": "false",
                            "user_data": "e685e28b9f4991dddb2c515b5923670327cff652"
                        },
                        "meta": {
                            "e2bfb730-ecaa-11e6-8f88-34363bc7c4c0": {
                                "create": 1800000000000,
                                "delete": 1800000000000,
                                "update": 1800000000000
                            }
                        },
                        "tainted": false
                    },
                    "deposed": [],
                    "provider": "provider.openstack"
                },
                "openstack_compute_instance_v2.gpu-node-a.5": {
                    "type": "openstack_compute_instance_v2",
                    "depends_on": [
                        "data.openstack_networking_network_v2.internal",
                        "openstack_compute_instance_v2.central-manager",
                        "openstack_compute_instance_v2.nfs-server",
                        "openstack_compute_keypair_v2.my-cloud-key"
                    ],
                    "primary": {
                        "id": "b624685c-ed26-4cbf-8caa-fd57eb8dbabb",
                        "attributes": {
                            "access_ip_v4": "192.168.195.107",
                            "access_ip_v6": "",
                            "all_metadata.%": "0",
                            "availability_zone": "nova",
                            "flavor_id": "50ca7a26-ee25-4097-b71c-3392905c9175",
                            "flavor_name": "g1.gput4_g1c8m20",
                            "force_delete": "false",
                            "id": "b624685c-ed26-4cbf-8caa-fd57eb8dbabb",
                            "image_id": "413fa1a9-37cf-433e-9604-4733caf8d035",
                            "image_name": "vggp-v31-j138-29cbb3fcb2cf-master",
                            "key_pair": "cloud2",
                            "name": "vgcn-de03-gpu-node-5.pulsar",
                            "network.#": "1",
                            "network.0.access_network": "false",
                            "network.0.fixed_ip_v4": "192.168.195.107",
                            "network.0.fixed_ip_v6": "",
                            "network.0.floating_ip": "",
                            "network.0.mac": "fa:16:3e:8e:cc:40",
                            "network.0.name": "vgcn-de03-private",
                            "network.0.port": "",
                            "network.0.uuid": "0e3fe711-4e20-4643-bc72-30949dd78950",
                            "power_state": "active",
                            "region": "Freiburg",
                            "security_groups.#": "2",
                            "security_groups.2908006740": "vgcn-de03-egress-public",
                            "security_groups.3699642652": "vgcn-de03-ingress-private",
                            "stop_before_destroy": "false",
                            "user_data": "e685e28b9f4991dddb2c515b5923670327cff652"
                        },
                        "meta": {
                            "e2bfb730-ecaa-11e6-8f88-34363bc7c4c0": {
                                "create": 1800000000000,
                                "delete": 1800000000000,
                                "update": 1800000000000
                            }
                        },
                        "tainted": false
                    },
                    "deposed": [],
                    "provider": "provider.openstack"
                },
                "openstack_compute_instance_v2.gpu-node-a.6": {
                    "type": "openstack_compute_instance_v2",
                    "depends_on": [
                        "data.openstack_networking_network_v2.internal",
                        "openstack_compute_instance_v2.central-manager",
                        "openstack_compute_instance_v2.nfs-server",
                        "openstack_compute_keypair_v2.my-cloud-key"
                    ],
                    "primary": {
                        "id": "ebad8003-d4d3-4516-b312-621b57a1e544",
                        "attributes": {
                            "access_ip_v4": "192.168.195.82",
                            "access_ip_v6": "",
                            "all_metadata.%": "0",
                            "availability_zone": "nova",
                            "flavor_id": "50ca7a26-ee25-4097-b71c-3392905c9175",
                            "flavor_name": "g1.gput4_g1c8m20",
                            "force_delete": "false",
                            "id": "ebad8003-d4d3-4516-b312-621b57a1e544",
                            "image_id": "413fa1a9-37cf-433e-9604-4733caf8d035",
                            "image_name": "vggp-v31-j138-29cbb3fcb2cf-master",
                            "key_pair": "cloud2",
                            "name": "vgcn-de03-gpu-node-6.pulsar",
                            "network.#": "1",
                            "network.0.access_network": "false",
                            "network.0.fixed_ip_v4": "192.168.195.82",
                            "network.0.fixed_ip_v6": "",
                            "network.0.floating_ip": "",
                            "network.0.mac": "fa:16:3e:e3:5d:80",
                            "network.0.name": "vgcn-de03-private",
                            "network.0.port": "",
                            "network.0.uuid": "0e3fe711-4e20-4643-bc72-30949dd78950",
                            "power_state": "active",
                            "region": "Freiburg",
                            "security_groups.#": "2",
                            "security_groups.2908006740": "vgcn-de03-egress-public",
                            "security_groups.3699642652": "vgcn-de03-ingress-private",
                            "stop_before_destroy": "false",
                            "user_data": "e685e28b9f4991dddb2c515b5923670327cff652"
                        },
                        "meta": {
                            "e2bfb730-ecaa-11e6-8f88-34363bc7c4c0": {
                                "create": 1800000000000,
                                "delete": 1800000000000,
                                "update": 1800000000000
                            }
                        },
                        "tainted": false
                    },
                    "deposed": [],
                    "provider": "provider.openstack"
                },
                "openstack_compute_instance_v2.gpu-node-a.7": {
                    "type": "openstack_compute_instance_v2",
                    "depends_on": [
                        "data.openstack_networking_network_v2.internal",
                        "openstack_compute_instance_v2.central-manager",
                        "openstack_compute_instance_v2.nfs-server",
                        "openstack_compute_keypair_v2.my-cloud-key"
                    ],
                    "primary": {
                        "id": "d16e3581-8986-45ac-8d36-7c2019d2a3c8",
                        "attributes": {
                            "access_ip_v4": "192.168.195.220",
                            "access_ip_v6": "",
                            "all_metadata.%": "0",
                            "availability_zone": "nova",
                            "flavor_id": "50ca7a26-ee25-4097-b71c-3392905c9175",
                            "flavor_name": "g1.gput4_g1c8m20",
                            "force_delete": "false",
                            "id": "d16e3581-8986-45ac-8d36-7c2019d2a3c8",
                            "image_id": "413fa1a9-37cf-433e-9604-4733caf8d035",
                            "image_name": "vggp-v31-j138-29cbb3fcb2cf-master",
                            "key_pair": "cloud2",
                            "name": "vgcn-de03-gpu-node-7.pulsar",
                            "network.#": "1",
                            "network.0.access_network": "false",
                            "network.0.fixed_ip_v4": "192.168.195.220",
                            "network.0.fixed_ip_v6": "",
                            "network.0.floating_ip": "",
                            "network.0.mac": "fa:16:3e:92:6d:cb",
                            "network.0.name": "vgcn-de03-private",
                            "network.0.port": "",
                            "network.0.uuid": "0e3fe711-4e20-4643-bc72-30949dd78950",
                            "power_state": "active",
                            "region": "Freiburg",
                            "security_groups.#": "2",
                            "security_groups.2908006740": "vgcn-de03-egress-public",
                            "security_groups.3699642652": "vgcn-de03-ingress-private",
                            "stop_before_destroy": "false",
                            "user_data": "e685e28b9f4991dddb2c515b5923670327cff652"
                        },
                        "meta": {
                            "e2bfb730-ecaa-11e6-8f88-34363bc7c4c0": {
                                "create": 1800000000000,
                                "delete": 1800000000000,
                                "update": 1800000000000
                            }
                        },
                        "tainted": false
                    },
                    "deposed": [],
                    "provider": "provider.openstack"
                },
                "openstack_compute_instance_v2.gpu-node-b.0": {
                    "type": "openstack_compute_instance_v2",
                    "depends_on": [
                        "data.openstack_networking_network_v2.internal",
                        "openstack_compute_instance_v2.central-manager",
                        "openstack_compute_instance_v2.nfs-server",
                        "openstack_compute_keypair_v2.my-cloud-key"
                    ],
                    "primary": {
                        "id": "82a7e4d1-e735-43e0-9450-8b3edcc8239c",
                        "attributes": {
                            "access_ip_v4": "192.168.195.85",
                            "access_ip_v6": "",
                            "all_metadata.%": "0",
                            "availability_zone": "nova",
                            "flavor_id": "d2b84b78-1a35-4474-b31d-e5803c0e9a9c",
                            "flavor_name": "g1.n46_g1c8m20",
                            "force_delete": "false",
                            "id": "82a7e4d1-e735-43e0-9450-8b3edcc8239c",
                            "image_id": "413fa1a9-37cf-433e-9604-4733caf8d035",
                            "image_name": "vggp-v31-j138-29cbb3fcb2cf-master",
                            "key_pair": "cloud2",
                            "name": "vgcn-de03-gpu-node-b0.pulsar",
                            "network.#": "1",
                            "network.0.access_network": "false",
                            "network.0.fixed_ip_v4": "192.168.195.85",
                            "network.0.fixed_ip_v6": "",
                            "network.0.floating_ip": "",
                            "network.0.mac": "fa:16:3e:a1:c3:04",
                            "network.0.name": "vgcn-de03-private",
                            "network.0.port": "",
                            "network.0.uuid": "0e3fe711-4e20-4643-bc72-30949dd78950",
                            "power_state": "active",
                            "region": "Freiburg",
                            "security_groups.#": "2",
                            "security_groups.2908006740": "vgcn-de03-egress-public",
                            "security_groups.3699642652": "vgcn-de03-ingress-private",
                            "stop_before_destroy": "false",
                            "user_data": "e685e28b9f4991dddb2c515b5923670327cff652"
                        },
                        "meta": {
                            "e2bfb730-ecaa-11e6-8f88-34363bc7c4c0": {
                                "create": 1800000000000,
                                "delete": 1800000000000,
                                "update": 1800000000000
                            }
                        },
                        "tainted": false
                    },
                    "deposed": [],
                    "provider": "provider.openstack"
                },
                "openstack_compute_instance_v2.gpu-node-b.1": {
                    "type": "openstack_compute_instance_v2",
                    "depends_on": [
                        "data.openstack_networking_network_v2.internal",
                        "openstack_compute_instance_v2.central-manager",
                        "openstack_compute_instance_v2.nfs-server",
                        "openstack_compute_keypair_v2.my-cloud-key"
                    ],
                    "primary": {
                        "id": "3dfc4ed3-aec8-443f-a757-dd90615b0185",
                        "attributes": {
                            "access_ip_v4": "192.168.195.134",
                            "access_ip_v6": "",
                            "all_metadata.%": "0",
                            "availability_zone": "nova",
                            "flavor_id": "d2b84b78-1a35-4474-b31d-e5803c0e9a9c",
                            "flavor_name": "g1.n46_g1c8m20",
                            "force_delete": "false",
                            "id": "3dfc4ed3-aec8-443f-a757-dd90615b0185",
                            "image_id": "413fa1a9-37cf-433e-9604-4733caf8d035",
                            "image_name": "vggp-v31-j138-29cbb3fcb2cf-master",
                            "key_pair": "cloud2",
                            "name": "vgcn-de03-gpu-node-b1.pulsar",
                            "network.#": "1",
                            "network.0.access_network": "false",
                            "network.0.fixed_ip_v4": "192.168.195.134",
                            "network.0.fixed_ip_v6": "",
                            "network.0.floating_ip": "",
                            "network.0.mac": "fa:16:3e:f2:c2:20",
                            "network.0.name": "vgcn-de03-private",
                            "network.0.port": "",
                            "network.0.uuid": "0e3fe711-4e20-4643-bc72-30949dd78950",
                            "power_state": "active",
                            "region": "Freiburg",
                            "security_groups.#": "2",
                            "security_groups.2908006740": "vgcn-de03-egress-public",
                            "security_groups.3699642652": "vgcn-de03-ingress-private",
                            "stop_before_destroy": "false",
                            "user_data": "e685e28b9f4991dddb2c515b5923670327cff652"
                        },
                        "meta": {
                            "e2bfb730-ecaa-11e6-8f88-34363bc7c4c0": {
                                "create": 1800000000000,
                                "delete": 1800000000000,
                                "update": 1800000000000
                            }
                        },
                        "tainted": false
                    },
                    "deposed": [],
                    "provider": "provider.openstack"
                },
                "openstack_compute_instance_v2.gpu-node-b.2": {
                    "type": "openstack_compute_instance_v2",
                    "depends_on": [
                        "data.openstack_networking_network_v2.internal",
                        "openstack_compute_instance_v2.central-manager",
                        "openstack_compute_instance_v2.nfs-server",
                        "openstack_compute_keypair_v2.my-cloud-key"
                    ],
                    "primary": {
                        "id": "0782b081-ba61-4f22-9096-52846c4f7788",
                        "attributes": {
                            "access_ip_v4": "192.168.195.165",
                            "access_ip_v6": "",
                            "all_metadata.%": "0",
                            "availability_zone": "nova",
                            "flavor_id": "d2b84b78-1a35-4474-b31d-e5803c0e9a9c",
                            "flavor_name": "g1.n46_g1c8m20",
                            "force_delete": "false",
                            "id": "0782b081-ba61-4f22-9096-52846c4f7788",
                            "image_id": "413fa1a9-37cf-433e-9604-4733caf8d035",
                            "image_name": "vggp-v31-j138-29cbb3fcb2cf-master",
                            "key_pair": "cloud2",
                            "name": "vgcn-de03-gpu-node-b2.pulsar",
                            "network.#": "1",
                            "network.0.access_network": "false",
                            "network.0.fixed_ip_v4": "192.168.195.165",
                            "network.0.fixed_ip_v6": "",
                            "network.0.floating_ip": "",
                            "network.0.mac": "fa:16:3e:f2:e1:7e",
                            "network.0.name": "vgcn-de03-private",
                            "network.0.port": "",
                            "network.0.uuid": "0e3fe711-4e20-4643-bc72-30949dd78950",
                            "power_state": "active",
                            "region": "Freiburg",
                            "security_groups.#": "2",
                            "security_groups.2908006740": "vgcn-de03-egress-public",
                            "security_groups.3699642652": "vgcn-de03-ingress-private",
                            "stop_before_destroy": "false",
                            "user_data": "e685e28b9f4991dddb2c515b5923670327cff652"
                        },
                        "meta": {
                            "e2bfb730-ecaa-11e6-8f88-34363bc7c4c0": {
                                "create": 1800000000000,
                                "delete": 1800000000000,
                                "update": 1800000000000
                            }
                        },
                        "tainted": false
                    },
                    "deposed": [],
                    "provider": "provider.openstack"
                },
                "openstack_compute_instance_v2.gpu-node-b.3": {
                    "type": "openstack_compute_instance_v2",
                    "depends_on": [
                        "data.openstack_networking_network_v2.internal",
                        "openstack_compute_instance_v2.central-manager",
                        "openstack_compute_instance_v2.nfs-server",
                        "openstack_compute_keypair_v2.my-cloud-key"
                    ],
                    "primary": {
                        "id": "26b37412-3c63-4bc9-813c-18ccf7c041b5",
                        "attributes": {
                            "access_ip_v4": "192.168.195.53",
                            "access_ip_v6": "",
                            "all_metadata.%": "0",
                            "availability_zone": "nova",
                            "flavor_id": "d2b84b78-1a35-4474-b31d-e5803c0e9a9c",
                            "flavor_name": "g1.n46_g1c8m20",
                            "force_delete": "false",
                            "id": "26b37412-3c63-4bc9-813c-18ccf7c041b5",
                            "image_id": "413fa1a9-37cf-433e-9604-4733caf8d035",
                            "image_name": "vggp-v31-j138-29cbb3fcb2cf-master",
                            "key_pair": "cloud2",
                            "name": "vgcn-de03-gpu-node-b3.pulsar",
                            "network.#": "1",
                            "network.0.access_network": "false",
                            "network.0.fixed_ip_v4": "192.168.195.53",
                            "network.0.fixed_ip_v6": "",
                            "network.0.floating_ip": "",
                            "network.0.mac": "fa:16:3e:70:93:38",
                            "network.0.name": "vgcn-de03-private",
                            "network.0.port": "",
                            "network.0.uuid": "0e3fe711-4e20-4643-bc72-30949dd78950",
                            "power_state": "active",
                            "region": "Freiburg",
                            "security_groups.#": "2",
                            "security_groups.2908006740": "vgcn-de03-egress-public",
                            "security_groups.3699642652": "vgcn-de03-ingress-private",
                            "stop_before_destroy": "false",
                            "user_data": "e685e28b9f4991dddb2c515b5923670327cff652"
                        },
                        "meta": {
                            "e2bfb730-ecaa-11e6-8f88-34363bc7c4c0": {
                                "create": 1800000000000,
                                "delete": 1800000000000,
                                "update": 1800000000000
                            }
                        },
                        "tainted": false
                    },
                    "deposed": [],
                    "provider": "provider.openstack"
                },
                "openstack_compute_instance_v2.gpu-node-b.4": {
                    "type": "openstack_compute_instance_v2",
                    "depends_on": [
                        "data.openstack_networking_network_v2.internal",
                        "openstack_compute_instance_v2.central-manager",
                        "openstack_compute_instance_v2.nfs-server",
                        "openstack_compute_keypair_v2.my-cloud-key"
                    ],
                    "primary": {
                        "id": "0c5ec843-6e4b-43d9-9cb2-ce8263c5ed43",
                        "attributes": {
                            "access_ip_v4": "192.168.195.249",
                            "access_ip_v6": "",
                            "all_metadata.%": "0",
                            "availability_zone": "nova",
                            "flavor_id": "d2b84b78-1a35-4474-b31d-e5803c0e9a9c",
                            "flavor_name": "g1.n46_g1c8m20",
                            "force_delete": "false",
                            "id": "0c5ec843-6e4b-43d9-9cb2-ce8263c5ed43",
                            "image_id": "413fa1a9-37cf-433e-9604-4733caf8d035",
                            "image_name": "vggp-v31-j138-29cbb3fcb2cf-master",
                            "key_pair": "cloud2",
                            "name": "vgcn-de03-gpu-node-b4.pulsar",
                            "network.#": "1",
                            "network.0.access_network": "false",
                            "network.0.fixed_ip_v4": "192.168.195.249",
                            "network.0.fixed_ip_v6": "",
                            "network.0.floating_ip": "",
                            "network.0.mac": "fa:16:3e:5e:93:56",
                            "network.0.name": "vgcn-de03-private",
                            "network.0.port": "",
                            "network.0.uuid": "0e3fe711-4e20-4643-bc72-30949dd78950",
                            "power_state": "active",
                            "region": "Freiburg",
                            "security_groups.#": "2",
                            "security_groups.2908006740": "vgcn-de03-egress-public",
                            "security_groups.3699642652": "vgcn-de03-ingress-private",
                            "stop_before_destroy": "false",
                            "user_data": "e685e28b9f4991dddb2c515b5923670327cff652"
                        },
                        "meta": {
                            "e2bfb730-ecaa-11e6-8f88-34363bc7c4c0": {
                                "create": 1800000000000,
                                "delete": 1800000000000,
                                "update": 1800000000000
                            }
                        },
                        "tainted": false
                    },
                    "deposed": [],
                    "provider": "provider.openstack"
                },
                "openstack_compute_instance_v2.gpu-node-b.5": {
                    "type": "openstack_compute_instance_v2",
                    "depends_on": [
                        "data.openstack_networking_network_v2.internal",
                        "openstack_compute_instance_v2.central-manager",
                        "openstack_compute_instance_v2.nfs-server",
                        "openstack_compute_keypair_v2.my-cloud-key"
                    ],
                    "primary": {
                        "id": "affe5252-1e39-4b66-8183-a319ed39f2ea",
                        "attributes": {
                            "access_ip_v4": "192.168.195.24",
                            "access_ip_v6": "",
                            "all_metadata.%": "0",
                            "availability_zone": "nova",
                            "flavor_id": "d2b84b78-1a35-4474-b31d-e5803c0e9a9c",
                            "flavor_name": "g1.n46_g1c8m20",
                            "force_delete": "false",
                            "id": "affe5252-1e39-4b66-8183-a319ed39f2ea",
                            "image_id": "413fa1a9-37cf-433e-9604-4733caf8d035",
                            "image_name": "vggp-v31-j138-29cbb3fcb2cf-master",
                            "key_pair": "cloud2",
                            "name": "vgcn-de03-gpu-node-b5.pulsar",
                            "network.#": "1",
                            "network.0.access_network": "false",
                            "network.0.fixed_ip_v4": "192.168.195.24",
                            "network.0.fixed_ip_v6": "",
                            "network.0.floating_ip": "",
                            "network.0.mac": "fa:16:3e:c9:ab:36",
                            "network.0.name": "vgcn-de03-private",
                            "network.0.port": "",
                            "network.0.uuid": "0e3fe711-4e20-4643-bc72-30949dd78950",
                            "power_state": "active",
                            "region": "Freiburg",
                            "security_groups.#": "2",
                            "security_groups.2908006740": "vgcn-de03-egress-public",
                            "security_groups.3699642652": "vgcn-de03-ingress-private",
                            "stop_before_destroy": "false",
                            "user_data": "e685e28b9f4991dddb2c515b5923670327cff652"
                        },
                        "meta": {
                            "e2bfb730-ecaa-11e6-8f88-34363bc7c4c0": {
                                "create": 1800000000000,
                                "delete": 1800000000000,
                                "update": 1800000000000
                            }
                        },
                        "tainted": false
                    },
                    "deposed": [],
                    "provider": "provider.openstack"
                },
                "openstack_compute_instance_v2.gpu-node-b.6": {
                    "type": "openstack_compute_instance_v2",
                    "depends_on": [
                        "data.openstack_networking_network_v2.internal",
                        "openstack_compute_instance_v2.central-manager",
                        "openstack_compute_instance_v2.nfs-server",
                        "openstack_compute_keypair_v2.my-cloud-key"
                    ],
                    "primary": {
                        "id": "d944c470-78f4-42d4-bb83-b9a67e7b2e69",
                        "attributes": {
                            "access_ip_v4": "192.168.195.101",
                            "access_ip_v6": "",
                            "all_metadata.%": "0",
                            "availability_zone": "nova",
                            "flavor_id": "d2b84b78-1a35-4474-b31d-e5803c0e9a9c",
                            "flavor_name": "g1.n46_g1c8m20",
                            "force_delete": "false",
                            "id": "d944c470-78f4-42d4-bb83-b9a67e7b2e69",
                            "image_id": "413fa1a9-37cf-433e-9604-4733caf8d035",
                            "image_name": "vggp-v31-j138-29cbb3fcb2cf-master",
                            "key_pair": "cloud2",
                            "name": "vgcn-de03-gpu-node-b6.pulsar",
                            "network.#": "1",
                            "network.0.access_network": "false",
                            "network.0.fixed_ip_v4": "192.168.195.101",
                            "network.0.fixed_ip_v6": "",
                            "network.0.floating_ip": "",
                            "network.0.mac": "fa:16:3e:a6:6b:57",
                            "network.0.name": "vgcn-de03-private",
                            "network.0.port": "",
                            "network.0.uuid": "0e3fe711-4e20-4643-bc72-30949dd78950",
                            "power_state": "active",
                            "region": "Freiburg",
                            "security_groups.#": "2",
                            "security_groups.2908006740": "vgcn-de03-egress-public",
                            "security_groups.3699642652": "vgcn-de03-ingress-private",
                            "stop_before_destroy": "false",
                            "user_data": "e685e28b9f4991dddb2c515b5923670327cff652"
                        },
                        "meta": {
                            "e2bfb730-ecaa-11e6-8f88-34363bc7c4c0": {
                                "create": 1800000000000,
                                "delete": 1800000000000,
                                "update": 1800000000000
                            }
                        },
                        "tainted": false
                    },
                    "deposed": [],
                    "provider": "provider.openstack"
                },
                "openstack_compute_instance_v2.gpu-node-c.0": {
                    "type": "openstack_compute_instance_v2",
                    "depends_on": [
                        "data.openstack_networking_network_v2.internal",
                        "openstack_compute_instance_v2.central-manager",
                        "openstack_compute_instance_v2.nfs-server",
                        "openstack_compute_keypair_v2.my-cloud-key"
                    ],
                    "primary": {
                        "id": "295658d1-1dd5-435b-b88d-837478cf4c96",
                        "attributes": {
                            "access_ip_v4": "192.168.195.66",
                            "access_ip_v6": "",
                            "all_metadata.%": "0",
                            "availability_zone": "nova",
                            "flavor_id": "991cca92-06b5-46b8-bc93-b29cf833f600",
                            "flavor_name": "g1.n46_g1c8m20_2",
                            "force_delete": "false",
                            "id": "295658d1-1dd5-435b-b88d-837478cf4c96",
                            "image_id": "413fa1a9-37cf-433e-9604-4733caf8d035",
                            "image_name": "vggp-v31-j138-29cbb3fcb2cf-master",
                            "key_pair": "cloud2",
                            "name": "vgcn-de03-gpu-node-c0.pulsar",
                            "network.#": "1",
                            "network.0.access_network": "false",
                            "network.0.fixed_ip_v4": "192.168.195.66",
                            "network.0.fixed_ip_v6": "",
                            "network.0.floating_ip": "",
                            "network.0.mac": "fa:16:3e:2a:45:9f",
                            "network.0.name": "vgcn-de03-private",
                            "network.0.port": "",
                            "network.0.uuid": "0e3fe711-4e20-4643-bc72-30949dd78950",
                            "power_state": "active",
                            "region": "Freiburg",
                            "security_groups.#": "2",
                            "security_groups.2908006740": "vgcn-de03-egress-public",
                            "security_groups.3699642652": "vgcn-de03-ingress-private",
                            "stop_before_destroy": "false",
                            "user_data": "e685e28b9f4991dddb2c515b5923670327cff652"
                        },
                        "meta": {
                            "e2bfb730-ecaa-11e6-8f88-34363bc7c4c0": {
                                "create": 1800000000000,
                                "delete": 1800000000000,
                                "update": 1800000000000
                            }
                        },
                        "tainted": false
                    },
                    "deposed": [],
                    "provider": "provider.openstack"
                },
                "openstack_compute_instance_v2.gpu-node-c.1": {
                    "type": "openstack_compute_instance_v2",
                    "depends_on": [
                        "data.openstack_networking_network_v2.internal",
                        "openstack_compute_instance_v2.central-manager",
                        "openstack_compute_instance_v2.nfs-server",
                        "openstack_compute_keypair_v2.my-cloud-key"
                    ],
                    "primary": {
                        "id": "75f542b2-15ae-46cf-a6d0-2081111a2c2e",
                        "attributes": {
                            "access_ip_v4": "192.168.195.184",
                            "access_ip_v6": "",
                            "all_metadata.%": "0",
                            "availability_zone": "nova",
                            "flavor_id": "991cca92-06b5-46b8-bc93-b29cf833f600",
                            "flavor_name": "g1.n46_g1c8m20_2",
                            "force_delete": "false",
                            "id": "75f542b2-15ae-46cf-a6d0-2081111a2c2e",
                            "image_id": "413fa1a9-37cf-433e-9604-4733caf8d035",
                            "image_name": "vggp-v31-j138-29cbb3fcb2cf-master",
                            "key_pair": "cloud2",
                            "name": "vgcn-de03-gpu-node-c1.pulsar",
                            "network.#": "1",
                            "network.0.access_network": "false",
                            "network.0.fixed_ip_v4": "192.168.195.184",
                            "network.0.fixed_ip_v6": "",
                            "network.0.floating_ip": "",
                            "network.0.mac": "fa:16:3e:2e:cf:29",
                            "network.0.name": "vgcn-de03-private",
                            "network.0.port": "",
                            "network.0.uuid": "0e3fe711-4e20-4643-bc72-30949dd78950",
                            "power_state": "active",
                            "region": "Freiburg",
                            "security_groups.#": "2",
                            "security_groups.2908006740": "vgcn-de03-egress-public",
                            "security_groups.3699642652": "vgcn-de03-ingress-private",
                            "stop_before_destroy": "false",
                            "user_data": "e685e28b9f4991dddb2c515b5923670327cff652"
                        },
                        "meta": {
                            "e2bfb730-ecaa-11e6-8f88-34363bc7c4c0": {
                                "create": 1800000000000,
                                "delete": 1800000000000,
                                "update": 1800000000000
                            }
                        },
                        "tainted": false
                    },
                    "deposed": [],
                    "provider": "provider.openstack"
                },
                "openstack_compute_instance_v2.gpu-node-d": {
                    "type": "openstack_compute_instance_v2",
                    "depends_on": [
                        "data.openstack_networking_network_v2.internal",
                        "openstack_compute_instance_v2.central-manager",
                        "openstack_compute_instance_v2.nfs-server",
                        "openstack_compute_keypair_v2.my-cloud-key"
                    ],
                    "primary": {
                        "id": "50487ff6-b5e4-46ef-b1a9-e58368e180c8",
                        "attributes": {
                            "access_ip_v4": "192.168.195.118",
                            "access_ip_v6": "",
                            "all_metadata.%": "0",
                            "availability_zone": "nova",
                            "flavor_id": "4655da90-2d87-484a-863a-4d86104c7bcf",
                            "flavor_name": "g1.n36_g1c40m115",
                            "force_delete": "false",
                            "id": "50487ff6-b5e4-46ef-b1a9-e58368e180c8",
                            "image_id": "413fa1a9-37cf-433e-9604-4733caf8d035",
                            "image_name": "vggp-v31-j138-29cbb3fcb2cf-master",
                            "key_pair": "cloud2",
                            "name": "vgcn-de03-gpu-node-d0.pulsar",
                            "network.#": "1",
                            "network.0.access_network": "false",
                            "network.0.fixed_ip_v4": "192.168.195.118",
                            "network.0.fixed_ip_v6": "",
                            "network.0.floating_ip": "",
                            "network.0.mac": "fa:16:3e:97:64:a0",
                            "network.0.name": "vgcn-de03-private",
                            "network.0.port": "",
                            "network.0.uuid": "0e3fe711-4e20-4643-bc72-30949dd78950",
                            "power_state": "active",
                            "region": "Freiburg",
                            "security_groups.#": "2",
                            "security_groups.2908006740": "vgcn-de03-egress-public",
                            "security_groups.3699642652": "vgcn-de03-ingress-private",
                            "stop_before_destroy": "false",
                            "user_data": "e685e28b9f4991dddb2c515b5923670327cff652"
                        },
                        "meta": {
                            "e2bfb730-ecaa-11e6-8f88-34363bc7c4c0": {
                                "create": 1800000000000,
                                "delete": 1800000000000,
                                "update": 1800000000000
                            }
                        },
                        "tainted": false
                    },
                    "deposed": [],
                    "provider": "provider.openstack"
                },
                "openstack_compute_instance_v2.nfs-server": {
                    "type": "openstack_compute_instance_v2",
                    "depends_on": [
                        "data.openstack_images_image_v2.vgcn-image",
                        "data.openstack_networking_network_v2.internal",
                        "data.template_cloudinit_config.nfs-share",
                        "openstack_blockstorage_volume_v2.volume_nfs_data",
                        "openstack_compute_keypair_v2.my-cloud-key"
                    ],
                    "primary": {
                        "id": "5dbd46ec-ebcb-4968-8e00-a4d3a8618f15",
                        "attributes": {
                            "access_ip_v4": "192.168.195.17",
                            "access_ip_v6": "",
                            "all_metadata.%": "1",
                            "all_metadata.poweroff": "19_12_12_ceph_maintenance",
                            "availability_zone": "nova",
                            "block_device.#": "2",
                            "block_device.0.boot_index": "0",
                            "block_device.0.delete_on_termination": "true",
                            "block_device.0.destination_type": "local",
                            "block_device.0.device_type": "",
                            "block_device.0.disk_bus": "",
                            "block_device.0.guest_format": "",
                            "block_device.0.source_type": "image",
                            "block_device.0.uuid": "ff22f5e2-5668-4293-95c7-75d42288d1fa",
                            "block_device.0.volume_size": "0",
                            "block_device.1.boot_index": "-1",
                            "block_device.1.delete_on_termination": "true",
                            "block_device.1.destination_type": "volume",
                            "block_device.1.device_type": "",
                            "block_device.1.disk_bus": "",
                            "block_device.1.guest_format": "",
                            "block_device.1.source_type": "volume",
                            "block_device.1.uuid": "708f319e-ea74-4373-ae4b-c460f9ca9b9a",
                            "block_device.1.volume_size": "0",
                            "flavor_id": "36c48d98-dfa6-428f-b4f5-e1803cb9500b",
                            "flavor_name": "m1.medium",
                            "force_delete": "false",
                            "id": "5dbd46ec-ebcb-4968-8e00-a4d3a8618f15",
                            "image_id": "ff22f5e2-5668-4293-95c7-75d42288d1fa",
                            "image_name": "vggp-v31-j132-4ab83d5ffde9-master",
                            "key_pair": "cloud2",
                            "name": "vgcn-de03-nfs.pulsar",
                            "network.#": "1",
                            "network.0.access_network": "false",
                            "network.0.fixed_ip_v4": "192.168.195.17",
                            "network.0.fixed_ip_v6": "",
                            "network.0.floating_ip": "",
                            "network.0.mac": "fa:16:3e:6f:67:ab",
                            "network.0.name": "vgcn-de03-private",
                            "network.0.port": "",
                            "network.0.uuid": "0e3fe711-4e20-4643-bc72-30949dd78950",
                            "power_state": "active",
                            "region": "Freiburg",
                            "security_groups.#": "2",
                            "security_groups.2908006740": "vgcn-de03-egress-public",
                            "security_groups.3699642652": "vgcn-de03-ingress-private",
                            "stop_before_destroy": "false",
                            "user_data": "0e8ce8068aa1b8c618772b7a03d0d5d31fe0e8c1"
                        },
                        "meta": {
                            "e2bfb730-ecaa-11e6-8f88-34363bc7c4c0": {
                                "create": 1800000000000,
                                "delete": 1800000000000,
                                "update": 1800000000000
                            }
                        },
                        "tainted": false
                    },
                    "deposed": [],
                    "provider": "provider.openstack"
                },
                "openstack_compute_keypair_v2.my-cloud-key": {
                    "type": "openstack_compute_keypair_v2",
                    "depends_on": [],
                    "primary": {
                        "id": "cloud2",
                        "attributes": {
                            "fingerprint": "4a:72:2c:7e:d2:b7:f2:c4:5a:9e:bb:ca:c7:8f:d7:a3",
                            "id": "cloud2",
                            "name": "cloud2",
                            "private_key": "",
                            "public_key": "ssh-rsa AAAAB3NzaC1yc2EAAAADAQABAAACAQDV7gfNbNN5O8vH6/tM/iOFXKBP2YKRHXOmdfV8ogvu9BdVV0IPmDzk2EooVpThDE1VMv1hz3811tvBhHRJ6IgNhVIV/61w/+RazQD/AU27X8bX+Hb9EQ/bP4DW+6ySd/z5vdDLzpH5dbiMhzPEDkXVsylUT+hkQnas6cHspDhHmtKQ5MWOgDe3D/IEudTDJQe8hxxaU4TaZUmFzn7eYp9HvuK8qW0yCy4NWOxJJHA+G5wSCyLuKnaKo4AitUIzSKF1AB94oq7b96KONhPxgRptAk4OYIUTdNFbrI5HDaSNzHLnF5FbjQvG+Eu6m5nY5yvJMogE+jiuWeIXCZTCFljg287FUo0ohmbZpd802L6VXun14VumRC+rRgPrvBALo/CsyCsPIoBSTKhVElxKVOcRjmTLNfrUZM0GQxqJhIvah8BV+JTExkipPwkrKTdMAWIXvCoehxV+WMpBWqtEEzAzEoqJpaiec7HfriwsHTGESZWAPYEbFjzbHXQZtqBkbOvtokPMRmTWfWKxaplCMN6ddJeeY6faorD0w/e6lszWES1Q1ieajiPKDy37UvybKKvPTk4o3MzyzYOS4c8HQj+jnGeR5Q3ETuyz4psLyOfuBtIrfOeuxV42rFDmkYM3IrrRR+F9oklFG6Ig8DVfgQEzSG36NkgvpF4OdFvigYqXvw== cloud@vgcn",
                            "region": "Freiburg"
                        },
                        "meta": {},
                        "tainted": false
                    },
                    "deposed": [],
                    "provider": "provider.openstack"
                },
                "openstack_compute_volume_attach_v2.attached-gpu-node-c.0": {
                    "type": "openstack_compute_volume_attach_v2",
                    "depends_on": [
                        "openstack_blockstorage_volume_v2.gpu-node-c-vol.*",
                        "openstack_compute_instance_v2.gpu-node-c.*"
                    ],
                    "primary": {
                        "id": "295658d1-1dd5-435b-b88d-837478cf4c96/f1a5f339-234f-4e9b-9cf2-755b16a83764",
                        "attributes": {
                            "device": "/dev/vdb",
                            "id": "295658d1-1dd5-435b-b88d-837478cf4c96/f1a5f339-234f-4e9b-9cf2-755b16a83764",
                            "instance_id": "295658d1-1dd5-435b-b88d-837478cf4c96",
                            "region": "Freiburg",
                            "volume_id": "f1a5f339-234f-4e9b-9cf2-755b16a83764"
                        },
                        "meta": {
                            "e2bfb730-ecaa-11e6-8f88-34363bc7c4c0": {
                                "create": 600000000000,
                                "delete": 600000000000
                            }
                        },
                        "tainted": false
                    },
                    "deposed": [],
                    "provider": "provider.openstack"
                },
                "openstack_compute_volume_attach_v2.attached-gpu-node-c.1": {
                    "type": "openstack_compute_volume_attach_v2",
                    "depends_on": [
                        "openstack_blockstorage_volume_v2.gpu-node-c-vol.*",
                        "openstack_compute_instance_v2.gpu-node-c.*"
                    ],
                    "primary": {
                        "id": "75f542b2-15ae-46cf-a6d0-2081111a2c2e/bbd5fb0d-7ef1-4e20-a688-5b5f473e2e24",
                        "attributes": {
                            "device": "/dev/vdb",
                            "id": "75f542b2-15ae-46cf-a6d0-2081111a2c2e/bbd5fb0d-7ef1-4e20-a688-5b5f473e2e24",
                            "instance_id": "75f542b2-15ae-46cf-a6d0-2081111a2c2e",
                            "region": "Freiburg",
                            "volume_id": "bbd5fb0d-7ef1-4e20-a688-5b5f473e2e24"
                        },
                        "meta": {
                            "e2bfb730-ecaa-11e6-8f88-34363bc7c4c0": {
                                "create": 600000000000,
                                "delete": 600000000000
                            }
                        },
                        "tainted": false
                    },
                    "deposed": [],
                    "provider": "provider.openstack"
                },
                "openstack_compute_volume_attach_v2.attached-node-a.0": {
                    "type": "openstack_compute_volume_attach_v2",
                    "depends_on": [
                        "openstack_blockstorage_volume_v2.node-a-vol.*",
                        "openstack_compute_instance_v2.gpu-node-a.*"
                    ],
                    "primary": {
                        "id": "ec05b33e-226c-42c1-965a-b769e1b26431/723adcfe-20c6-457d-abef-e89bbe3468d5",
                        "attributes": {
                            "device": "/dev/vdb",
                            "id": "ec05b33e-226c-42c1-965a-b769e1b26431/723adcfe-20c6-457d-abef-e89bbe3468d5",
                            "instance_id": "ec05b33e-226c-42c1-965a-b769e1b26431",
                            "region": "Freiburg",
                            "volume_id": "723adcfe-20c6-457d-abef-e89bbe3468d5"
                        },
                        "meta": {
                            "e2bfb730-ecaa-11e6-8f88-34363bc7c4c0": {
                                "create": 600000000000,
                                "delete": 600000000000
                            }
                        },
                        "tainted": false
                    },
                    "deposed": [],
                    "provider": "provider.openstack"
                },
                "openstack_compute_volume_attach_v2.attached-node-a.1": {
                    "type": "openstack_compute_volume_attach_v2",
                    "depends_on": [
                        "openstack_blockstorage_volume_v2.node-a-vol.*",
                        "openstack_compute_instance_v2.gpu-node-a.*"
                    ],
                    "primary": {
                        "id": "7a8a3a1f-5d86-44a7-a903-537a208b4053/92092b02-1dfe-4145-9034-09eb56ae0e83",
                        "attributes": {
                            "device": "/dev/vdb",
                            "id": "7a8a3a1f-5d86-44a7-a903-537a208b4053/92092b02-1dfe-4145-9034-09eb56ae0e83",
                            "instance_id": "7a8a3a1f-5d86-44a7-a903-537a208b4053",
                            "region": "Freiburg",
                            "volume_id": "92092b02-1dfe-4145-9034-09eb56ae0e83"
                        },
                        "meta": {
                            "e2bfb730-ecaa-11e6-8f88-34363bc7c4c0": {
                                "create": 600000000000,
                                "delete": 600000000000
                            }
                        },
                        "tainted": false
                    },
                    "deposed": [],
                    "provider": "provider.openstack"
                },
                "openstack_compute_volume_attach_v2.attached-node-a.2": {
                    "type": "openstack_compute_volume_attach_v2",
                    "depends_on": [
                        "openstack_blockstorage_volume_v2.node-a-vol.*",
                        "openstack_compute_instance_v2.gpu-node-a.*"
                    ],
                    "primary": {
                        "id": "b5c0f2d3-1fd2-4b4b-9320-4f446837d6d6/fa370caf-828a-4396-8fe3-703928d384bf",
                        "attributes": {
                            "device": "/dev/vdb",
                            "id": "b5c0f2d3-1fd2-4b4b-9320-4f446837d6d6/fa370caf-828a-4396-8fe3-703928d384bf",
                            "instance_id": "b5c0f2d3-1fd2-4b4b-9320-4f446837d6d6",
                            "region": "Freiburg",
                            "volume_id": "fa370caf-828a-4396-8fe3-703928d384bf"
                        },
                        "meta": {
                            "e2bfb730-ecaa-11e6-8f88-34363bc7c4c0": {
                                "create": 600000000000,
                                "delete": 600000000000
                            }
                        },
                        "tainted": false
                    },
                    "deposed": [],
                    "provider": "provider.openstack"
                },
                "openstack_compute_volume_attach_v2.attached-node-a.3": {
                    "type": "openstack_compute_volume_attach_v2",
                    "depends_on": [
                        "openstack_blockstorage_volume_v2.node-a-vol.*",
                        "openstack_compute_instance_v2.gpu-node-a.*"
                    ],
                    "primary": {
                        "id": "dc61ce9c-2094-40f4-88ce-9bf8c6af422e/bc6954e3-be62-4d4f-abb2-9567ae21616f",
                        "attributes": {
                            "device": "/dev/vdb",
                            "id": "dc61ce9c-2094-40f4-88ce-9bf8c6af422e/bc6954e3-be62-4d4f-abb2-9567ae21616f",
                            "instance_id": "dc61ce9c-2094-40f4-88ce-9bf8c6af422e",
                            "region": "Freiburg",
                            "volume_id": "bc6954e3-be62-4d4f-abb2-9567ae21616f"
                        },
                        "meta": {
                            "e2bfb730-ecaa-11e6-8f88-34363bc7c4c0": {
                                "create": 600000000000,
                                "delete": 600000000000
                            }
                        },
                        "tainted": false
                    },
                    "deposed": [],
                    "provider": "provider.openstack"
                },
                "openstack_compute_volume_attach_v2.attached-node-a.4": {
                    "type": "openstack_compute_volume_attach_v2",
                    "depends_on": [
                        "openstack_blockstorage_volume_v2.node-a-vol.*",
                        "openstack_compute_instance_v2.gpu-node-a.*"
                    ],
                    "primary": {
                        "id": "8ac26316-bb09-4b06-af71-97016ae6d4bc/0feabc64-64b0-4cad-9cfe-1b2994bf4973",
                        "attributes": {
                            "device": "/dev/vdb",
                            "id": "8ac26316-bb09-4b06-af71-97016ae6d4bc/0feabc64-64b0-4cad-9cfe-1b2994bf4973",
                            "instance_id": "8ac26316-bb09-4b06-af71-97016ae6d4bc",
                            "region": "Freiburg",
                            "volume_id": "0feabc64-64b0-4cad-9cfe-1b2994bf4973"
                        },
                        "meta": {
                            "e2bfb730-ecaa-11e6-8f88-34363bc7c4c0": {
                                "create": 600000000000,
                                "delete": 600000000000
                            }
                        },
                        "tainted": false
                    },
                    "deposed": [],
                    "provider": "provider.openstack"
                },
                "openstack_compute_volume_attach_v2.attached-node-a.5": {
                    "type": "openstack_compute_volume_attach_v2",
                    "depends_on": [
                        "openstack_blockstorage_volume_v2.node-a-vol.*",
                        "openstack_compute_instance_v2.gpu-node-a.*"
                    ],
                    "primary": {
                        "id": "b624685c-ed26-4cbf-8caa-fd57eb8dbabb/e6d1512c-ca5c-413c-a45c-32543998be22",
                        "attributes": {
                            "device": "/dev/vdb",
                            "id": "b624685c-ed26-4cbf-8caa-fd57eb8dbabb/e6d1512c-ca5c-413c-a45c-32543998be22",
                            "instance_id": "b624685c-ed26-4cbf-8caa-fd57eb8dbabb",
                            "region": "Freiburg",
                            "volume_id": "e6d1512c-ca5c-413c-a45c-32543998be22"
                        },
                        "meta": {
                            "e2bfb730-ecaa-11e6-8f88-34363bc7c4c0": {
                                "create": 600000000000,
                                "delete": 600000000000
                            }
                        },
                        "tainted": false
                    },
                    "deposed": [],
                    "provider": "provider.openstack"
                },
                "openstack_compute_volume_attach_v2.attached-node-a.6": {
                    "type": "openstack_compute_volume_attach_v2",
                    "depends_on": [
                        "openstack_blockstorage_volume_v2.node-a-vol.*",
                        "openstack_compute_instance_v2.gpu-node-a.*"
                    ],
                    "primary": {
                        "id": "ebad8003-d4d3-4516-b312-621b57a1e544/16a40715-8d5c-44db-9105-23823187f170",
                        "attributes": {
                            "device": "/dev/vdb",
                            "id": "ebad8003-d4d3-4516-b312-621b57a1e544/16a40715-8d5c-44db-9105-23823187f170",
                            "instance_id": "ebad8003-d4d3-4516-b312-621b57a1e544",
                            "region": "Freiburg",
                            "volume_id": "16a40715-8d5c-44db-9105-23823187f170"
                        },
                        "meta": {
                            "e2bfb730-ecaa-11e6-8f88-34363bc7c4c0": {
                                "create": 600000000000,
                                "delete": 600000000000
                            }
                        },
                        "tainted": false
                    },
                    "deposed": [],
                    "provider": "provider.openstack"
                },
                "openstack_compute_volume_attach_v2.attached-node-a.7": {
                    "type": "openstack_compute_volume_attach_v2",
                    "depends_on": [
                        "openstack_blockstorage_volume_v2.node-a-vol.*",
                        "openstack_compute_instance_v2.gpu-node-a.*"
                    ],
                    "primary": {
                        "id": "d16e3581-8986-45ac-8d36-7c2019d2a3c8/6fa7f89c-baa4-4570-ba7e-44ae9a98d421",
                        "attributes": {
                            "device": "/dev/vdb",
                            "id": "d16e3581-8986-45ac-8d36-7c2019d2a3c8/6fa7f89c-baa4-4570-ba7e-44ae9a98d421",
                            "instance_id": "d16e3581-8986-45ac-8d36-7c2019d2a3c8",
                            "region": "Freiburg",
                            "volume_id": "6fa7f89c-baa4-4570-ba7e-44ae9a98d421"
                        },
                        "meta": {
                            "e2bfb730-ecaa-11e6-8f88-34363bc7c4c0": {
                                "create": 600000000000,
                                "delete": 600000000000
                            }
                        },
                        "tainted": false
                    },
                    "deposed": [],
                    "provider": "provider.openstack"
                },
                "openstack_compute_volume_attach_v2.attached-node-b.0": {
                    "type": "openstack_compute_volume_attach_v2",
                    "depends_on": [
                        "openstack_blockstorage_volume_v2.node-b-vol.*",
                        "openstack_compute_instance_v2.gpu-node-b.*"
                    ],
                    "primary": {
                        "id": "82a7e4d1-e735-43e0-9450-8b3edcc8239c/f7b82498-45cb-4be7-8f6f-45bc2f53de58",
                        "attributes": {
                            "device": "/dev/vdb",
                            "id": "82a7e4d1-e735-43e0-9450-8b3edcc8239c/f7b82498-45cb-4be7-8f6f-45bc2f53de58",
                            "instance_id": "82a7e4d1-e735-43e0-9450-8b3edcc8239c",
                            "region": "Freiburg",
                            "volume_id": "f7b82498-45cb-4be7-8f6f-45bc2f53de58"
                        },
                        "meta": {
                            "e2bfb730-ecaa-11e6-8f88-34363bc7c4c0": {
                                "create": 600000000000,
                                "delete": 600000000000
                            }
                        },
                        "tainted": false
                    },
                    "deposed": [],
                    "provider": "provider.openstack"
                },
                "openstack_compute_volume_attach_v2.attached-node-b.1": {
                    "type": "openstack_compute_volume_attach_v2",
                    "depends_on": [
                        "openstack_blockstorage_volume_v2.node-b-vol.*",
                        "openstack_compute_instance_v2.gpu-node-b.*"
                    ],
                    "primary": {
                        "id": "3dfc4ed3-aec8-443f-a757-dd90615b0185/be0dc063-264c-44f3-9478-3c2180323469",
                        "attributes": {
                            "device": "/dev/vdb",
                            "id": "3dfc4ed3-aec8-443f-a757-dd90615b0185/be0dc063-264c-44f3-9478-3c2180323469",
                            "instance_id": "3dfc4ed3-aec8-443f-a757-dd90615b0185",
                            "region": "Freiburg",
                            "volume_id": "be0dc063-264c-44f3-9478-3c2180323469"
                        },
                        "meta": {
                            "e2bfb730-ecaa-11e6-8f88-34363bc7c4c0": {
                                "create": 600000000000,
                                "delete": 600000000000
                            }
                        },
                        "tainted": false
                    },
                    "deposed": [],
                    "provider": "provider.openstack"
                },
                "openstack_compute_volume_attach_v2.attached-node-b.2": {
                    "type": "openstack_compute_volume_attach_v2",
                    "depends_on": [
                        "openstack_blockstorage_volume_v2.node-b-vol.*",
                        "openstack_compute_instance_v2.gpu-node-b.*"
                    ],
                    "primary": {
                        "id": "0782b081-ba61-4f22-9096-52846c4f7788/b24682dd-5ab8-4ef7-a9a0-026ac5165a8d",
                        "attributes": {
                            "device": "/dev/vdb",
                            "id": "0782b081-ba61-4f22-9096-52846c4f7788/b24682dd-5ab8-4ef7-a9a0-026ac5165a8d",
                            "instance_id": "0782b081-ba61-4f22-9096-52846c4f7788",
                            "region": "Freiburg",
                            "volume_id": "b24682dd-5ab8-4ef7-a9a0-026ac5165a8d"
                        },
                        "meta": {
                            "e2bfb730-ecaa-11e6-8f88-34363bc7c4c0": {
                                "create": 600000000000,
                                "delete": 600000000000
                            }
                        },
                        "tainted": false
                    },
                    "deposed": [],
                    "provider": "provider.openstack"
                },
                "openstack_compute_volume_attach_v2.attached-node-b.3": {
                    "type": "openstack_compute_volume_attach_v2",
                    "depends_on": [
                        "openstack_blockstorage_volume_v2.node-b-vol.*",
                        "openstack_compute_instance_v2.gpu-node-b.*"
                    ],
                    "primary": {
                        "id": "26b37412-3c63-4bc9-813c-18ccf7c041b5/4c24be2f-b136-4ef3-a84f-4707c3f0da1a",
                        "attributes": {
                            "device": "/dev/vdb",
                            "id": "26b37412-3c63-4bc9-813c-18ccf7c041b5/4c24be2f-b136-4ef3-a84f-4707c3f0da1a",
                            "instance_id": "26b37412-3c63-4bc9-813c-18ccf7c041b5",
                            "region": "Freiburg",
                            "volume_id": "4c24be2f-b136-4ef3-a84f-4707c3f0da1a"
                        },
                        "meta": {
                            "e2bfb730-ecaa-11e6-8f88-34363bc7c4c0": {
                                "create": 600000000000,
                                "delete": 600000000000
                            }
                        },
                        "tainted": false
                    },
                    "deposed": [],
                    "provider": "provider.openstack"
                },
                "openstack_compute_volume_attach_v2.attached-node-b.4": {
                    "type": "openstack_compute_volume_attach_v2",
                    "depends_on": [
                        "openstack_blockstorage_volume_v2.node-b-vol.*",
                        "openstack_compute_instance_v2.gpu-node-b.*"
                    ],
                    "primary": {
                        "id": "0c5ec843-6e4b-43d9-9cb2-ce8263c5ed43/df636021-fa87-4468-b419-1e4af92ad521",
                        "attributes": {
                            "device": "/dev/vdb",
                            "id": "0c5ec843-6e4b-43d9-9cb2-ce8263c5ed43/df636021-fa87-4468-b419-1e4af92ad521",
                            "instance_id": "0c5ec843-6e4b-43d9-9cb2-ce8263c5ed43",
                            "region": "Freiburg",
                            "volume_id": "df636021-fa87-4468-b419-1e4af92ad521"
                        },
                        "meta": {
                            "e2bfb730-ecaa-11e6-8f88-34363bc7c4c0": {
                                "create": 600000000000,
                                "delete": 600000000000
                            }
                        },
                        "tainted": false
                    },
                    "deposed": [],
                    "provider": "provider.openstack"
                },
                "openstack_compute_volume_attach_v2.attached-node-b.5": {
                    "type": "openstack_compute_volume_attach_v2",
                    "depends_on": [
                        "openstack_blockstorage_volume_v2.node-b-vol.*",
                        "openstack_compute_instance_v2.gpu-node-b.*"
                    ],
                    "primary": {
                        "id": "affe5252-1e39-4b66-8183-a319ed39f2ea/217834ae-e3ef-4ee3-8774-f1660dca1f8a",
                        "attributes": {
                            "device": "/dev/vdb",
                            "id": "affe5252-1e39-4b66-8183-a319ed39f2ea/217834ae-e3ef-4ee3-8774-f1660dca1f8a",
                            "instance_id": "affe5252-1e39-4b66-8183-a319ed39f2ea",
                            "region": "Freiburg",
                            "volume_id": "217834ae-e3ef-4ee3-8774-f1660dca1f8a"
                        },
                        "meta": {
                            "e2bfb730-ecaa-11e6-8f88-34363bc7c4c0": {
                                "create": 600000000000,
                                "delete": 600000000000
                            }
                        },
                        "tainted": false
                    },
                    "deposed": [],
                    "provider": "provider.openstack"
                },
                "openstack_compute_volume_attach_v2.attached-node-b.6": {
                    "type": "openstack_compute_volume_attach_v2",
                    "depends_on": [
                        "openstack_blockstorage_volume_v2.node-b-vol.*",
                        "openstack_compute_instance_v2.gpu-node-b.*"
                    ],
                    "primary": {
                        "id": "d944c470-78f4-42d4-bb83-b9a67e7b2e69/ad68b68b-5de4-4c95-8718-527d812217ae",
                        "attributes": {
                            "device": "/dev/vdb",
                            "id": "d944c470-78f4-42d4-bb83-b9a67e7b2e69/ad68b68b-5de4-4c95-8718-527d812217ae",
                            "instance_id": "d944c470-78f4-42d4-bb83-b9a67e7b2e69",
                            "region": "Freiburg",
                            "volume_id": "ad68b68b-5de4-4c95-8718-527d812217ae"
                        },
                        "meta": {
                            "e2bfb730-ecaa-11e6-8f88-34363bc7c4c0": {
                                "create": 600000000000,
                                "delete": 600000000000
                            }
                        },
                        "tainted": false
                    },
                    "deposed": [],
                    "provider": "provider.openstack"
                },
                "openstack_compute_volume_attach_v2.attached-node-d": {
                    "type": "openstack_compute_volume_attach_v2",
                    "depends_on": [
                        "openstack_blockstorage_volume_v2.gpu-node-d-vol",
                        "openstack_compute_instance_v2.gpu-node-d.*"
                    ],
                    "primary": {
                        "id": "50487ff6-b5e4-46ef-b1a9-e58368e180c8/a0a584df-5091-4e87-b760-3afc2ad8d212",
                        "attributes": {
                            "device": "/dev/vdb",
                            "id": "50487ff6-b5e4-46ef-b1a9-e58368e180c8/a0a584df-5091-4e87-b760-3afc2ad8d212",
                            "instance_id": "50487ff6-b5e4-46ef-b1a9-e58368e180c8",
                            "region": "Freiburg",
                            "volume_id": "a0a584df-5091-4e87-b760-3afc2ad8d212"
                        },
                        "meta": {
                            "e2bfb730-ecaa-11e6-8f88-34363bc7c4c0": {
                                "create": 600000000000,
                                "delete": 600000000000
                            }
                        },
                        "tainted": false
                    },
                    "deposed": [],
                    "provider": "provider.openstack"
                },
                "openstack_networking_network_v2._internal": {
                    "type": "openstack_networking_network_v2",
                    "depends_on": [],
                    "primary": {
                        "id": "0e3fe711-4e20-4643-bc72-30949dd78950",
                        "attributes": {
                            "admin_state_up": "true",
                            "all_tags.#": "0",
                            "availability_zone_hints.#": "0",
                            "description": "",
                            "dns_domain": "",
                            "external": "false",
                            "id": "0e3fe711-4e20-4643-bc72-30949dd78950",
                            "mtu": "1450",
                            "name": "vgcn-de03-private",
                            "port_security_enabled": "true",
                            "qos_policy_id": "",
                            "region": "Freiburg",
                            "shared": "false",
                            "tags.#": "0",
                            "tenant_id": "36d6d9420bb04403b55fb21052efe4be",
                            "transparent_vlan": "false"
                        },
                        "meta": {
                            "e2bfb730-ecaa-11e6-8f88-34363bc7c4c0": {
                                "create": 600000000000,
                                "delete": 600000000000
                            }
                        },
                        "tainted": false
                    },
                    "deposed": [],
                    "provider": "provider.openstack"
                },
                "openstack_networking_router_interface_v2.router_interface_1": {
                    "type": "openstack_networking_router_interface_v2",
                    "depends_on": [
                        "openstack_networking_router_v2.router_1",
                        "openstack_networking_subnet_v2._internal"
                    ],
                    "primary": {
                        "id": "307715a1-3a32-409a-90bf-5981c82c93ec",
                        "attributes": {
                            "id": "307715a1-3a32-409a-90bf-5981c82c93ec",
                            "port_id": "307715a1-3a32-409a-90bf-5981c82c93ec",
                            "region": "Freiburg",
                            "router_id": "08e526f0-b9ba-4347-9f34-51e1299014ea",
                            "subnet_id": "6e030854-dfb2-4a53-a2bb-5a826b533f5f"
                        },
                        "meta": {
                            "e2bfb730-ecaa-11e6-8f88-34363bc7c4c0": {
                                "create": 600000000000,
                                "delete": 600000000000
                            }
                        },
                        "tainted": false
                    },
                    "deposed": [],
                    "provider": "provider.openstack"
                },
                "openstack_networking_router_v2.router_1": {
                    "type": "openstack_networking_router_v2",
                    "depends_on": [
                        "data.openstack_networking_network_v2.external"
                    ],
                    "primary": {
                        "id": "08e526f0-b9ba-4347-9f34-51e1299014ea",
                        "attributes": {
                            "admin_state_up": "true",
                            "all_tags.#": "0",
                            "availability_zone_hints.#": "0",
                            "description": "",
                            "distributed": "false",
                            "enable_snat": "true",
                            "external_fixed_ip.#": "1",
                            "external_fixed_ip.0.ip_address": "192.52.34.157",
                            "external_fixed_ip.0.subnet_id": "ee3e2b95-351c-49c7-a57f-cac4dfe57832",
                            "external_gateway": "6a68b40c-356f-4d4c-95e9-e5c72855fb35",
                            "external_network_id": "6a68b40c-356f-4d4c-95e9-e5c72855fb35",
                            "id": "08e526f0-b9ba-4347-9f34-51e1299014ea",
                            "name": "vgcn-de03-router",
                            "region": "Freiburg",
                            "tags.#": "0",
                            "tenant_id": "36d6d9420bb04403b55fb21052efe4be"
                        },
                        "meta": {
                            "e2bfb730-ecaa-11e6-8f88-34363bc7c4c0": {
                                "create": 600000000000,
                                "delete": 600000000000
                            }
                        },
                        "tainted": false
                    },
                    "deposed": [],
                    "provider": "provider.openstack"
                },
                "openstack_networking_secgroup_rule_v2.egress-public-4": {
                    "type": "openstack_networking_secgroup_rule_v2",
                    "depends_on": [
                        "openstack_networking_secgroup_v2.egress-public"
                    ],
                    "primary": {
                        "id": "326b954a-5044-4ce4-ab79-d78b97df5729",
                        "attributes": {
                            "description": "",
                            "direction": "egress",
                            "ethertype": "IPv4",
                            "id": "326b954a-5044-4ce4-ab79-d78b97df5729",
                            "port_range_max": "0",
                            "port_range_min": "0",
                            "protocol": "",
                            "region": "Freiburg",
                            "remote_group_id": "",
                            "remote_ip_prefix": "",
                            "security_group_id": "170fdd72-746e-4b6e-8cea-eaeff4609a16",
                            "tenant_id": "36d6d9420bb04403b55fb21052efe4be"
                        },
                        "meta": {
                            "e2bfb730-ecaa-11e6-8f88-34363bc7c4c0": {
                                "delete": 600000000000
                            }
                        },
                        "tainted": false
                    },
                    "deposed": [],
                    "provider": "provider.openstack"
                },
                "openstack_networking_secgroup_rule_v2.egress-public-6": {
                    "type": "openstack_networking_secgroup_rule_v2",
                    "depends_on": [
                        "openstack_networking_secgroup_v2.egress-public"
                    ],
                    "primary": {
                        "id": "f2303e36-d0b7-4c0b-8056-84d3269338f5",
                        "attributes": {
                            "description": "",
                            "direction": "egress",
                            "ethertype": "IPv6",
                            "id": "f2303e36-d0b7-4c0b-8056-84d3269338f5",
                            "port_range_max": "0",
                            "port_range_min": "0",
                            "protocol": "",
                            "region": "Freiburg",
                            "remote_group_id": "",
                            "remote_ip_prefix": "",
                            "security_group_id": "170fdd72-746e-4b6e-8cea-eaeff4609a16",
                            "tenant_id": "36d6d9420bb04403b55fb21052efe4be"
                        },
                        "meta": {
                            "e2bfb730-ecaa-11e6-8f88-34363bc7c4c0": {
                                "delete": 600000000000
                            }
                        },
                        "tainted": false
                    },
                    "deposed": [],
                    "provider": "provider.openstack"
                },
                "openstack_networking_secgroup_rule_v2.ingress-private-4": {
                    "type": "openstack_networking_secgroup_rule_v2",
                    "depends_on": [
                        "openstack_networking_secgroup_v2.ingress-private"
                    ],
                    "primary": {
                        "id": "062cdf5d-aaf6-4b26-87f6-4f169e69ea75",
                        "attributes": {
                            "description": "",
                            "direction": "ingress",
                            "ethertype": "IPv4",
                            "id": "062cdf5d-aaf6-4b26-87f6-4f169e69ea75",
                            "port_range_max": "0",
                            "port_range_min": "0",
                            "protocol": "",
                            "region": "Freiburg",
                            "remote_group_id": "",
                            "remote_ip_prefix": "192.168.195.0/24",
                            "security_group_id": "251a15bd-e25b-42ac-a1c4-2f3719b63ce3",
                            "tenant_id": "36d6d9420bb04403b55fb21052efe4be"
                        },
                        "meta": {
                            "e2bfb730-ecaa-11e6-8f88-34363bc7c4c0": {
                                "delete": 600000000000
                            }
                        },
                        "tainted": false
                    },
                    "deposed": [],
                    "provider": "provider.openstack"
                },
                "openstack_networking_secgroup_rule_v2.public-ssh-4": {
                    "type": "openstack_networking_secgroup_rule_v2",
                    "depends_on": [
                        "openstack_networking_secgroup_v2.public-ssh"
                    ],
                    "primary": {
                        "id": "fc9f5bd7-99c3-455c-be36-ae214201034d",
                        "attributes": {
                            "description": "",
                            "direction": "ingress",
                            "ethertype": "IPv4",
                            "id": "fc9f5bd7-99c3-455c-be36-ae214201034d",
                            "port_range_max": "22",
                            "port_range_min": "22",
                            "protocol": "tcp",
                            "region": "Freiburg",
                            "remote_group_id": "",
                            "remote_ip_prefix": "",
                            "security_group_id": "c8ce691e-16c9-43fa-aba3-7792ccbe37e1",
                            "tenant_id": "36d6d9420bb04403b55fb21052efe4be"
                        },
                        "meta": {
                            "e2bfb730-ecaa-11e6-8f88-34363bc7c4c0": {
                                "delete": 600000000000
                            }
                        },
                        "tainted": false
                    },
                    "deposed": [],
                    "provider": "provider.openstack"
                },
                "openstack_networking_secgroup_rule_v2.publich-ssh-6": {
                    "type": "openstack_networking_secgroup_rule_v2",
                    "depends_on": [
                        "openstack_networking_secgroup_v2.public-ssh"
                    ],
                    "primary": {
                        "id": "8a875aba-320c-4963-89ca-937deac03d42",
                        "attributes": {
                            "description": "",
                            "direction": "ingress",
                            "ethertype": "IPv6",
                            "id": "8a875aba-320c-4963-89ca-937deac03d42",
                            "port_range_max": "22",
                            "port_range_min": "22",
                            "protocol": "tcp",
                            "region": "Freiburg",
                            "remote_group_id": "",
                            "remote_ip_prefix": "",
                            "security_group_id": "c8ce691e-16c9-43fa-aba3-7792ccbe37e1",
                            "tenant_id": "36d6d9420bb04403b55fb21052efe4be"
                        },
                        "meta": {
                            "e2bfb730-ecaa-11e6-8f88-34363bc7c4c0": {
                                "delete": 600000000000
                            }
                        },
                        "tainted": false
                    },
                    "deposed": [],
                    "provider": "provider.openstack"
                },
                "openstack_networking_secgroup_v2.egress-public": {
                    "type": "openstack_networking_secgroup_v2",
                    "depends_on": [],
                    "primary": {
                        "id": "170fdd72-746e-4b6e-8cea-eaeff4609a16",
                        "attributes": {
                            "all_tags.#": "0",
                            "delete_default_rules": "true",
                            "description": "[tf] Allow any outgoing connection",
                            "id": "170fdd72-746e-4b6e-8cea-eaeff4609a16",
                            "name": "vgcn-de03-egress-public",
                            "region": "Freiburg",
                            "tags.#": "0",
                            "tenant_id": "36d6d9420bb04403b55fb21052efe4be"
                        },
                        "meta": {
                            "e2bfb730-ecaa-11e6-8f88-34363bc7c4c0": {
                                "delete": 600000000000
                            }
                        },
                        "tainted": false
                    },
                    "deposed": [],
                    "provider": "provider.openstack"
                },
                "openstack_networking_secgroup_v2.ingress-private": {
                    "type": "openstack_networking_secgroup_v2",
                    "depends_on": [],
                    "primary": {
                        "id": "251a15bd-e25b-42ac-a1c4-2f3719b63ce3",
                        "attributes": {
                            "all_tags.#": "0",
                            "delete_default_rules": "true",
                            "description": "[tf] Allow any incoming connection from private network",
                            "id": "251a15bd-e25b-42ac-a1c4-2f3719b63ce3",
                            "name": "vgcn-de03-ingress-private",
                            "region": "Freiburg",
                            "tags.#": "0",
                            "tenant_id": "36d6d9420bb04403b55fb21052efe4be"
                        },
                        "meta": {
                            "e2bfb730-ecaa-11e6-8f88-34363bc7c4c0": {
                                "delete": 600000000000
                            }
                        },
                        "tainted": false
                    },
                    "deposed": [],
                    "provider": "provider.openstack"
                },
                "openstack_networking_secgroup_v2.public-ssh": {
                    "type": "openstack_networking_secgroup_v2",
                    "depends_on": [],
                    "primary": {
                        "id": "c8ce691e-16c9-43fa-aba3-7792ccbe37e1",
                        "attributes": {
                            "all_tags.#": "0",
                            "delete_default_rules": "true",
                            "description": "[tf] Allow SSH connections from anywhere",
                            "id": "c8ce691e-16c9-43fa-aba3-7792ccbe37e1",
                            "name": "vgcn-de03-public-ssh",
                            "region": "Freiburg",
                            "tags.#": "0",
                            "tenant_id": "36d6d9420bb04403b55fb21052efe4be"
                        },
                        "meta": {
                            "e2bfb730-ecaa-11e6-8f88-34363bc7c4c0": {
                                "delete": 600000000000
                            }
                        },
                        "tainted": false
                    },
                    "deposed": [],
                    "provider": "provider.openstack"
                },
                "openstack_networking_subnet_v2._internal": {
                    "type": "openstack_networking_subnet_v2",
                    "depends_on": [
                        "openstack_networking_network_v2._internal"
                    ],
                    "primary": {
                        "id": "6e030854-dfb2-4a53-a2bb-5a826b533f5f",
                        "attributes": {
                            "all_tags.#": "0",
                            "allocation_pool.#": "1",
                            "allocation_pool.1630629780.end": "192.168.195.254",
                            "allocation_pool.1630629780.start": "192.168.195.2",
                            "allocation_pools.#": "1",
                            "allocation_pools.0.end": "192.168.195.254",
                            "allocation_pools.0.start": "192.168.195.2",
                            "cidr": "192.168.195.0/24",
                            "description": "",
                            "dns_nameservers.#": "0",
                            "enable_dhcp": "true",
                            "gateway_ip": "192.168.195.1",
                            "id": "6e030854-dfb2-4a53-a2bb-5a826b533f5f",
                            "ip_version": "4",
                            "ipv6_address_mode": "",
                            "ipv6_ra_mode": "",
                            "name": "vgcn-de03-private-subnet",
                            "network_id": "0e3fe711-4e20-4643-bc72-30949dd78950",
                            "no_gateway": "false",
                            "region": "Freiburg",
                            "subnetpool_id": "",
                            "tags.#": "0",
                            "tenant_id": "36d6d9420bb04403b55fb21052efe4be"
                        },
                        "meta": {
                            "e2bfb730-ecaa-11e6-8f88-34363bc7c4c0": {
                                "create": 600000000000,
                                "delete": 600000000000
                            }
                        },
                        "tainted": false
                    },
                    "deposed": [],
                    "provider": "provider.openstack"
                }
            },
            "depends_on": []
        }
    ]
}
