{
    "version": 3,
    "terraform_version": "0.11.14",
    "serial": 12,
    "lineage": "835e16d4-409a-ba9e-bfd8-b56343980df6",
    "modules": [
        {
            "path": [
                "root"
            ],
            "outputs": {
                "ip_v4_internal": {
                    "sensitive": false,
                    "type": "string",
                    "value": "192.168.199.4"
                },
                "ip_v4_public": {
                    "sensitive": false,
                    "type": "string",
                    "value": "192.52.33.118"
                },
                "node_name": {
                    "sensitive": false,
                    "type": "string",
                    "value": "vgcn-de01-central-manager.pulsar"
                }
            },
            "resources": {
                "data.openstack_compute_keypair_v2.my-cloud-key": {
                    "type": "openstack_compute_keypair_v2",
                    "depends_on": [],
                    "primary": {
                        "id": "cloud2",
                        "attributes": {
                            "fingerprint": "4a:72:2c:7e:d2:b7:f2:c4:5a:9e:bb:ca:c7:8f:d7:a3",
                            "id": "cloud2",
                            "name": "cloud2",
                            "public_key": "ssh-rsa AAAAB3NzaC1yc2EAAAADAQABAAACAQDV7gfNbNN5O8vH6/tM/iOFXKBP2YKRHXOmdfV8ogvu9BdVV0IPmDzk2EooVpThDE1VMv1hz3811tvBhHRJ6IgNhVIV/61w/+RazQD/AU27X8bX+Hb9EQ/bP4DW+6ySd/z5vdDLzpH5dbiMhzPEDkXVsylUT+hkQnas6cHspDhHmtKQ5MWOgDe3D/IEudTDJQe8hxxaU4TaZUmFzn7eYp9HvuK8qW0yCy4NWOxJJHA+G5wSCyLuKnaKo4AitUIzSKF1AB94oq7b96KONhPxgRptAk4OYIUTdNFbrI5HDaSNzHLnF5FbjQvG+Eu6m5nY5yvJMogE+jiuWeIXCZTCFljg287FUo0ohmbZpd802L6VXun14VumRC+rRgPrvBALo/CsyCsPIoBSTKhVElxKVOcRjmTLNfrUZM0GQxqJhIvah8BV+JTExkipPwkrKTdMAWIXvCoehxV+WMpBWqtEEzAzEoqJpaiec7HfriwsHTGESZWAPYEbFjzbHXQZtqBkbOvtokPMRmTWfWKxaplCMN6ddJeeY6faorD0w/e6lszWES1Q1ieajiPKDy37UvybKKvPTk4o3MzyzYOS4c8HQj+jnGeR5Q3ETuyz4psLyOfuBtIrfOeuxV42rFDmkYM3IrrRR+F9oklFG6Ig8DVfgQEzSG36NkgvpF4OdFvigYqXvw== cloud@vgcn",
                            "region": "Freiburg"
                        },
                        "meta": {},
                        "tainted": false
                    },
                    "deposed": [],
                    "provider": "provider.openstack"
                },
                "data.openstack_images_image_v2.vgcn-image": {
                    "type": "openstack_images_image_v2",
                    "depends_on": [],
                    "primary": {
                        "id": "ff22f5e2-5668-4293-95c7-75d42288d1fa",
                        "attributes": {
                            "checksum": "008352d7679af7f7fdaa04d899035bb6",
                            "container_format": "bare",
                            "created_at": "2019-09-05T12:12:33Z",
                            "disk_format": "raw",
                            "file": "/v2/images/ff22f5e2-5668-4293-95c7-75d42288d1fa/file",
                            "id": "ff22f5e2-5668-4293-95c7-75d42288d1fa",
                            "metadata.%": "0",
                            "min_disk_gb": "0",
                            "min_ram_mb": "0",
                            "most_recent": "false",
                            "name": "vggp-v31-j132-4ab83d5ffde9-master",
                            "owner": "36d6d9420bb04403b55fb21052efe4be",
                            "protected": "false",
                            "schema": "/v2/schemas/image",
                            "size_bytes": "4194304000",
                            "sort_direction": "asc",
                            "sort_key": "name",
                            "tags.#": "0",
                            "updated_at": "2019-09-05T12:13:54Z",
                            "visibility": "shared"
                        },
                        "meta": {},
                        "tainted": false
                    },
                    "deposed": [],
                    "provider": "provider.openstack"
                },
                "data.openstack_networking_network_v2.external": {
                    "type": "openstack_networking_network_v2",
                    "depends_on": [],
                    "primary": {
                        "id": "6a68b40c-356f-4d4c-95e9-e5c72855fb35",
                        "attributes": {
                            "admin_state_up": "true",
                            "all_tags.#": "0",
                            "availability_zone_hints.#": "0",
                            "description": "",
                            "dns_domain": "",
                            "external": "true",
                            "id": "6a68b40c-356f-4d4c-95e9-e5c72855fb35",
                            "mtu": "1500",
                            "name": "public",
                            "region": "Freiburg",
                            "shared": "true",
                            "tenant_id": "0e73357886c449e3a6eb13d513c49aa4",
                            "transparent_vlan": "false"
                        },
                        "meta": {},
                        "tainted": false
                    },
                    "deposed": [],
                    "provider": "provider.openstack"
                },
                "data.openstack_networking_network_v2.internal": {
                    "type": "openstack_networking_network_v2",
                    "depends_on": [],
                    "primary": {
                        "id": "7aff370d-7c61-49df-8ecf-75e2f343e5fa",
                        "attributes": {
                            "admin_state_up": "true",
                            "all_tags.#": "0",
                            "availability_zone_hints.#": "0",
                            "description": "",
                            "dns_domain": "",
                            "external": "false",
                            "id": "7aff370d-7c61-49df-8ecf-75e2f343e5fa",
                            "mtu": "1450",
                            "name": "vgcn-de01-private",
                            "region": "Freiburg",
                            "shared": "false",
                            "tenant_id": "36d6d9420bb04403b55fb21052efe4be",
                            "transparent_vlan": "false"
                        },
                        "meta": {},
                        "tainted": false
                    },
                    "deposed": [],
                    "provider": "provider.openstack"
                },
                "data.template_cloudinit_config.nfs-share": {
                    "type": "template_cloudinit_config",
                    "depends_on": [],
                    "primary": {
                        "id": "3217397081",
                        "attributes": {
                            "base64_encode": "true",
                            "gzip": "true",
                            "id": "3217397081",
                            "part.#": "2",
                            "part.0.content": "#!/bin/bash\n\nmkfs -t xfs /dev/vdb\necho \"/dev/vdb  /data/share xfs defaults,nofail 0 2\" \u003e\u003e /etc/fstab\nmount /data/share\nmkdir -p /data/share\nchown centos:centos -R /data/share\n",
                            "part.0.content_type": "text/x-shellscript",
                            "part.0.filename": "",
                            "part.0.merge_type": "",
                            "part.1.content": "    #cloud-config\n    write_files:\n    - content: |\n        /data/share *(rw,sync)\n      owner: root:root\n      path: /etc/exports\n      permissions: '0644'\n\n    runcmd:\n     - [ systemctl, enable, nfs-server ]\n     - [ systemctl, start, nfs-server ]\n     - [ exportfs, -avr ]\n",
                            "part.1.content_type": "text/cloud-config",
                            "part.1.filename": "",
                            "part.1.merge_type": "",
                            "rendered": "H4sIAAAAAAAA/6yQX2sVMRDF3wP7Hcbbh6pszFWKQsSCf/rgw1UoKoiIZJNJN3STLJnZe/eCH152t5Wt2jfzkDDn/DIznLc5MSaWn449aohDx6E3hVUMI7qX0OQhOVOOrza797uLNx8/f3j3+vLrRkyV/IKFQk4anj7ZVqISUq6hSvzuXUwij0VeJJtdSFcaXjSBV8A8nHFkNUpqsevIltBzJXYh4l9zTh6oJiTVGGqFiNeeQDKMnkA53Ku9awTaNsPmtgRQzrBR1JqCM+jQm6FjqlP2JnSwhWcbOD8HhWyVJzaNiHlIvP4o4rULBWR/R7RtPiSwmDiTXh6Ql3eQ/xOM7fLgpM3Jh6t7cgEAOFlzs3IogfGHDx2SngUJdmmv4ecsTGed0OOH5VDTMdlHN3Y+JCwaSs6sp+tG7g23eskMxz4XplsDSww07UYaTrfPz85OxWyVIdnoljVAwjegIzFGy10NmEzTYQ3JkyQseyzw/Z8gsSl8H7cs4qkGafaT82f6UlbiVwAAAP//53DkVfUCAAA="
                        },
                        "meta": {},
                        "tainted": false
                    },
                    "deposed": [],
                    "provider": "provider.template"
                },
                "openstack_blockstorage_volume_v2.volume_nfs_data": {
                    "type": "openstack_blockstorage_volume_v2",
                    "depends_on": [],
                    "primary": {
                        "id": "17f890ad-aa0f-43ce-a478-e01847c73d45",
                        "attributes": {
                            "attachment.#": "0",
                            "availability_zone": "nova",
                            "description": "",
                            "id": "17f890ad-aa0f-43ce-a478-e01847c73d45",
                            "metadata.%": "0",
                            "name": "vgcn-de01-nfs_data",
                            "region": "Freiburg",
                            "size": "300",
                            "snapshot_id": "",
                            "source_vol_id": "",
                            "volume_type": "default"
                        },
                        "meta": {
                            "e2bfb730-ecaa-11e6-8f88-34363bc7c4c0": {
                                "create": 600000000000,
                                "delete": 600000000000
                            }
                        },
                        "tainted": false
                    },
                    "deposed": [],
                    "provider": "provider.openstack"
                },
                "openstack_compute_instance_v2.central-manager": {
                    "type": "openstack_compute_instance_v2",
                    "depends_on": [
                        "data.openstack_compute_keypair_v2.my-cloud-key",
                        "data.openstack_images_image_v2.vgcn-image",
                        "data.openstack_networking_network_v2.external",
                        "data.openstack_networking_network_v2.internal",
                        "openstack_compute_instance_v2.nfs-server"
                    ],
                    "primary": {
                        "id": "6ce3a66d-6aef-4455-be11-92260f1e8fe0",
                        "attributes": {
                            "access_ip_v4": "192.52.33.118",
                            "access_ip_v6": "",
                            "all_metadata.%": "0",
                            "availability_zone": "nova",
                            "flavor_id": "21bed2e4-ef48-4584-88a2-977ea9ad20a4",
                            "flavor_name": "m1.xlarge",
                            "force_delete": "false",
                            "id": "6ce3a66d-6aef-4455-be11-92260f1e8fe0",
                            "image_id": "ff22f5e2-5668-4293-95c7-75d42288d1fa",
                            "image_name": "vggp-v31-j132-4ab83d5ffde9-master",
                            "key_pair": "cloud2",
                            "name": "vgcn-de01-central-manager.pulsar",
                            "network.#": "2",
                            "network.0.access_network": "false",
                            "network.0.fixed_ip_v4": "192.52.33.118",
                            "network.0.fixed_ip_v6": "",
                            "network.0.floating_ip": "",
                            "network.0.mac": "fa:16:3e:2b:7a:e9",
                            "network.0.name": "public",
                            "network.0.port": "",
                            "network.0.uuid": "6a68b40c-356f-4d4c-95e9-e5c72855fb35",
                            "network.1.access_network": "false",
                            "network.1.fixed_ip_v4": "192.168.199.4",
                            "network.1.fixed_ip_v6": "",
                            "network.1.floating_ip": "",
                            "network.1.mac": "fa:16:3e:db:56:cc",
                            "network.1.name": "vgcn-de01-private",
                            "network.1.port": "",
                            "network.1.uuid": "7aff370d-7c61-49df-8ecf-75e2f343e5fa",
                            "power_state": "active",
                            "region": "Freiburg",
                            "security_groups.#": "3",
                            "security_groups.146309595": "vgcn-de01-ingress-private",
                            "security_groups.1642522662": "vgcn-de01-public-ssh",
                            "security_groups.97654981": "vgcn-de01-egress-public",
                            "stop_before_destroy": "false",
                            "user_data": "2fc9ef1f30656a560bb59d624e83ff7061871b7c"
                        },
                        "meta": {
                            "e2bfb730-ecaa-11e6-8f88-34363bc7c4c0": {
                                "create": 1800000000000,
                                "delete": 1800000000000,
                                "update": 1800000000000
                            }
                        },
                        "tainted": false
                    },
                    "deposed": [],
                    "provider": "provider.openstack"
                },
                "openstack_compute_instance_v2.exec-node.0": {
                    "type": "openstack_compute_instance_v2",
                    "depends_on": [
                        "data.openstack_compute_keypair_v2.my-cloud-key",
                        "data.openstack_images_image_v2.vgcn-image",
                        "data.openstack_networking_network_v2.internal",
                        "openstack_compute_instance_v2.central-manager",
                        "openstack_compute_instance_v2.nfs-server"
                    ],
                    "primary": {
                        "id": "610eaf5b-2de9-45a1-be8b-aebf78ac5008",
                        "attributes": {
                            "access_ip_v4": "192.168.199.7",
                            "access_ip_v6": "",
                            "all_metadata.%": "0",
                            "availability_zone": "nova",
                            "flavor_id": "3043b007-5ed1-4785-9cd8-0ed18aad283f",
                            "flavor_name": "m1.xxlarge",
                            "force_delete": "false",
                            "id": "610eaf5b-2de9-45a1-be8b-aebf78ac5008",
                            "image_id": "ff22f5e2-5668-4293-95c7-75d42288d1fa",
                            "image_name": "vggp-v31-j132-4ab83d5ffde9-master",
                            "key_pair": "cloud2",
                            "name": "vgcn-de01-exec-node-0.pulsar",
                            "network.#": "1",
                            "network.0.access_network": "false",
                            "network.0.fixed_ip_v4": "192.168.199.7",
                            "network.0.fixed_ip_v6": "",
                            "network.0.floating_ip": "",
                            "network.0.mac": "fa:16:3e:40:1b:38",
                            "network.0.name": "vgcn-de01-private",
                            "network.0.port": "",
                            "network.0.uuid": "7aff370d-7c61-49df-8ecf-75e2f343e5fa",
                            "power_state": "active",
                            "region": "Freiburg",
                            "security_groups.#": "2",
                            "security_groups.146309595": "vgcn-de01-ingress-private",
                            "security_groups.97654981": "vgcn-de01-egress-public",
                            "stop_before_destroy": "false",
                            "user_data": "62a78c6fad5a493a3ed11365ba633e8c6f34410d"
                        },
                        "meta": {
                            "e2bfb730-ecaa-11e6-8f88-34363bc7c4c0": {
                                "create": 1800000000000,
                                "delete": 1800000000000,
                                "update": 1800000000000
                            }
                        },
                        "tainted": false
                    },
                    "deposed": [],
                    "provider": "provider.openstack"
                },
                "openstack_compute_instance_v2.exec-node.1": {
                    "type": "openstack_compute_instance_v2",
                    "depends_on": [
                        "data.openstack_compute_keypair_v2.my-cloud-key",
                        "data.openstack_images_image_v2.vgcn-image",
                        "data.openstack_networking_network_v2.internal",
                        "openstack_compute_instance_v2.central-manager",
                        "openstack_compute_instance_v2.nfs-server"
                    ],
                    "primary": {
                        "id": "d7186843-9c37-495e-98a4-3b26272e70be",
                        "attributes": {
                            "access_ip_v4": "192.168.199.25",
                            "access_ip_v6": "",
                            "all_metadata.%": "0",
                            "availability_zone": "nova",
                            "flavor_id": "3043b007-5ed1-4785-9cd8-0ed18aad283f",
                            "flavor_name": "m1.xxlarge",
                            "force_delete": "false",
                            "id": "d7186843-9c37-495e-98a4-3b26272e70be",
                            "image_id": "ff22f5e2-5668-4293-95c7-75d42288d1fa",
                            "image_name": "vggp-v31-j132-4ab83d5ffde9-master",
                            "key_pair": "cloud2",
                            "name": "vgcn-de01-exec-node-1.pulsar",
                            "network.#": "1",
                            "network.0.access_network": "false",
                            "network.0.fixed_ip_v4": "192.168.199.25",
                            "network.0.fixed_ip_v6": "",
                            "network.0.floating_ip": "",
                            "network.0.mac": "fa:16:3e:15:20:b9",
                            "network.0.name": "vgcn-de01-private",
                            "network.0.port": "",
                            "network.0.uuid": "7aff370d-7c61-49df-8ecf-75e2f343e5fa",
                            "power_state": "active",
                            "region": "Freiburg",
                            "security_groups.#": "2",
                            "security_groups.146309595": "vgcn-de01-ingress-private",
                            "security_groups.97654981": "vgcn-de01-egress-public",
                            "stop_before_destroy": "false",
                            "user_data": "62a78c6fad5a493a3ed11365ba633e8c6f34410d"
                        },
                        "meta": {
                            "e2bfb730-ecaa-11e6-8f88-34363bc7c4c0": {
                                "create": 1800000000000,
                                "delete": 1800000000000,
                                "update": 1800000000000
                            }
                        },
                        "tainted": false
                    },
                    "deposed": [],
                    "provider": "provider.openstack"
                },
                "openstack_compute_instance_v2.exec-node.2": {
                    "type": "openstack_compute_instance_v2",
                    "depends_on": [
                        "data.openstack_compute_keypair_v2.my-cloud-key",
                        "data.openstack_images_image_v2.vgcn-image",
                        "data.openstack_networking_network_v2.internal",
                        "openstack_compute_instance_v2.central-manager",
                        "openstack_compute_instance_v2.nfs-server"
                    ],
                    "primary": {
                        "id": "585f6e14-e4f9-410c-b6ff-3cb7d1c5c9a7",
                        "attributes": {
                            "access_ip_v4": "192.168.199.3",
                            "access_ip_v6": "",
                            "all_metadata.%": "0",
                            "availability_zone": "nova",
                            "flavor_id": "3043b007-5ed1-4785-9cd8-0ed18aad283f",
                            "flavor_name": "m1.xxlarge",
                            "force_delete": "false",
                            "id": "585f6e14-e4f9-410c-b6ff-3cb7d1c5c9a7",
                            "image_id": "ff22f5e2-5668-4293-95c7-75d42288d1fa",
                            "image_name": "vggp-v31-j132-4ab83d5ffde9-master",
                            "key_pair": "cloud2",
                            "name": "vgcn-de01-exec-node-2.pulsar",
                            "network.#": "1",
                            "network.0.access_network": "false",
                            "network.0.fixed_ip_v4": "192.168.199.3",
                            "network.0.fixed_ip_v6": "",
                            "network.0.floating_ip": "",
                            "network.0.mac": "fa:16:3e:51:4f:1c",
                            "network.0.name": "vgcn-de01-private",
                            "network.0.port": "",
                            "network.0.uuid": "7aff370d-7c61-49df-8ecf-75e2f343e5fa",
                            "power_state": "active",
                            "region": "Freiburg",
                            "security_groups.#": "2",
                            "security_groups.146309595": "vgcn-de01-ingress-private",
                            "security_groups.97654981": "vgcn-de01-egress-public",
                            "stop_before_destroy": "false",
                            "user_data": "62a78c6fad5a493a3ed11365ba633e8c6f34410d"
                        },
                        "meta": {
                            "e2bfb730-ecaa-11e6-8f88-34363bc7c4c0": {
                                "create": 1800000000000,
                                "delete": 1800000000000,
                                "update": 1800000000000
                            }
                        },
                        "tainted": false
                    },
                    "deposed": [],
                    "provider": "provider.openstack"
                },
                "openstack_compute_instance_v2.exec-node.3": {
                    "type": "openstack_compute_instance_v2",
                    "depends_on": [
                        "data.openstack_compute_keypair_v2.my-cloud-key",
                        "data.openstack_images_image_v2.vgcn-image",
                        "data.openstack_networking_network_v2.internal",
                        "openstack_compute_instance_v2.central-manager",
                        "openstack_compute_instance_v2.nfs-server"
                    ],
                    "primary": {
                        "id": "b0a7bfe5-ec6b-47f9-9039-6f0f3cd65789",
                        "attributes": {
                            "access_ip_v4": "192.168.199.9",
                            "access_ip_v6": "",
                            "all_metadata.%": "0",
                            "availability_zone": "nova",
                            "flavor_id": "3043b007-5ed1-4785-9cd8-0ed18aad283f",
                            "flavor_name": "m1.xxlarge",
                            "force_delete": "false",
                            "id": "b0a7bfe5-ec6b-47f9-9039-6f0f3cd65789",
                            "image_id": "ff22f5e2-5668-4293-95c7-75d42288d1fa",
                            "image_name": "vggp-v31-j132-4ab83d5ffde9-master",
                            "key_pair": "cloud2",
                            "name": "vgcn-de01-exec-node-3.pulsar",
                            "network.#": "1",
                            "network.0.access_network": "false",
                            "network.0.fixed_ip_v4": "192.168.199.9",
                            "network.0.fixed_ip_v6": "",
                            "network.0.floating_ip": "",
                            "network.0.mac": "fa:16:3e:2b:bd:35",
                            "network.0.name": "vgcn-de01-private",
                            "network.0.port": "",
                            "network.0.uuid": "7aff370d-7c61-49df-8ecf-75e2f343e5fa",
                            "power_state": "active",
                            "region": "Freiburg",
                            "security_groups.#": "2",
                            "security_groups.146309595": "vgcn-de01-ingress-private",
                            "security_groups.97654981": "vgcn-de01-egress-public",
                            "stop_before_destroy": "false",
                            "user_data": "62a78c6fad5a493a3ed11365ba633e8c6f34410d"
                        },
                        "meta": {
                            "e2bfb730-ecaa-11e6-8f88-34363bc7c4c0": {
                                "create": 1800000000000,
                                "delete": 1800000000000,
                                "update": 1800000000000
                            }
                        },
                        "tainted": false
                    },
                    "deposed": [],
                    "provider": "provider.openstack"
                },
                "openstack_compute_instance_v2.exec-node.4": {
                    "type": "openstack_compute_instance_v2",
                    "depends_on": [
                        "data.openstack_compute_keypair_v2.my-cloud-key",
                        "data.openstack_images_image_v2.vgcn-image",
                        "data.openstack_networking_network_v2.internal",
                        "openstack_compute_instance_v2.central-manager",
                        "openstack_compute_instance_v2.nfs-server"
                    ],
                    "primary": {
                        "id": "b4c82743-d4c5-41ac-b095-4373adf5f005",
                        "attributes": {
                            "access_ip_v4": "192.168.199.30",
                            "access_ip_v6": "",
                            "all_metadata.%": "0",
                            "availability_zone": "nova",
                            "flavor_id": "3043b007-5ed1-4785-9cd8-0ed18aad283f",
                            "flavor_name": "m1.xxlarge",
                            "force_delete": "false",
                            "id": "b4c82743-d4c5-41ac-b095-4373adf5f005",
                            "image_id": "ff22f5e2-5668-4293-95c7-75d42288d1fa",
                            "image_name": "vggp-v31-j132-4ab83d5ffde9-master",
                            "key_pair": "cloud2",
                            "name": "vgcn-de01-exec-node-4.pulsar",
                            "network.#": "1",
                            "network.0.access_network": "false",
                            "network.0.fixed_ip_v4": "192.168.199.30",
                            "network.0.fixed_ip_v6": "",
                            "network.0.floating_ip": "",
                            "network.0.mac": "fa:16:3e:de:13:25",
                            "network.0.name": "vgcn-de01-private",
                            "network.0.port": "",
                            "network.0.uuid": "7aff370d-7c61-49df-8ecf-75e2f343e5fa",
                            "power_state": "active",
                            "region": "Freiburg",
                            "security_groups.#": "2",
                            "security_groups.146309595": "vgcn-de01-ingress-private",
                            "security_groups.97654981": "vgcn-de01-egress-public",
                            "stop_before_destroy": "false",
                            "user_data": "62a78c6fad5a493a3ed11365ba633e8c6f34410d"
                        },
                        "meta": {
                            "e2bfb730-ecaa-11e6-8f88-34363bc7c4c0": {
                                "create": 1800000000000,
                                "delete": 1800000000000,
                                "update": 1800000000000
                            }
                        },
                        "tainted": false
                    },
                    "deposed": [],
                    "provider": "provider.openstack"
                },
                "openstack_compute_instance_v2.nfs-server": {
                    "type": "openstack_compute_instance_v2",
                    "depends_on": [
                        "data.openstack_compute_keypair_v2.my-cloud-key",
                        "data.openstack_images_image_v2.vgcn-image",
                        "data.openstack_networking_network_v2.internal",
                        "data.template_cloudinit_config.nfs-share",
                        "openstack_blockstorage_volume_v2.volume_nfs_data"
                    ],
                    "primary": {
                        "id": "05e30127-edfd-4a80-b165-971e02450339",
                        "attributes": {
                            "access_ip_v4": "192.168.199.5",
                            "access_ip_v6": "",
                            "all_metadata.%": "0",
                            "availability_zone": "nova",
                            "block_device.#": "2",
                            "block_device.0.boot_index": "0",
                            "block_device.0.delete_on_termination": "true",
                            "block_device.0.destination_type": "local",
                            "block_device.0.device_type": "",
                            "block_device.0.disk_bus": "",
                            "block_device.0.guest_format": "",
                            "block_device.0.source_type": "image",
                            "block_device.0.uuid": "ff22f5e2-5668-4293-95c7-75d42288d1fa",
                            "block_device.0.volume_size": "0",
                            "block_device.1.boot_index": "-1",
                            "block_device.1.delete_on_termination": "true",
                            "block_device.1.destination_type": "volume",
                            "block_device.1.device_type": "",
                            "block_device.1.disk_bus": "",
                            "block_device.1.guest_format": "",
                            "block_device.1.source_type": "volume",
                            "block_device.1.uuid": "17f890ad-aa0f-43ce-a478-e01847c73d45",
                            "block_device.1.volume_size": "0",
                            "flavor_id": "b106b327-7d6e-4f88-825d-11145eb25ad7",
                            "flavor_name": "m1.large",
                            "force_delete": "false",
                            "id": "05e30127-edfd-4a80-b165-971e02450339",
                            "image_id": "ff22f5e2-5668-4293-95c7-75d42288d1fa",
                            "image_name": "vggp-v31-j132-4ab83d5ffde9-master",
                            "key_pair": "cloud2",
                            "name": "vgcn-de01-nfs.pulsar",
                            "network.#": "1",
                            "network.0.access_network": "false",
                            "network.0.fixed_ip_v4": "192.168.199.5",
                            "network.0.fixed_ip_v6": "",
                            "network.0.floating_ip": "",
                            "network.0.mac": "fa:16:3e:1a:b4:77",
                            "network.0.name": "vgcn-de01-private",
                            "network.0.port": "",
                            "network.0.uuid": "7aff370d-7c61-49df-8ecf-75e2f343e5fa",
                            "power_state": "active",
                            "region": "Freiburg",
                            "security_groups.#": "2",
                            "security_groups.146309595": "vgcn-de01-ingress-private",
                            "security_groups.97654981": "vgcn-de01-egress-public",
                            "stop_before_destroy": "false",
                            "user_data": "0e8ce8068aa1b8c618772b7a03d0d5d31fe0e8c1"
                        },
                        "meta": {
                            "e2bfb730-ecaa-11e6-8f88-34363bc7c4c0": {
                                "create": 1800000000000,
                                "delete": 1800000000000,
                                "update": 1800000000000
                            }
                        },
                        "tainted": false
                    },
                    "deposed": [],
                    "provider": "provider.openstack"
                },
                "openstack_networking_network_v2._internal": {
                    "type": "openstack_networking_network_v2",
                    "depends_on": [],
                    "primary": {
                        "id": "7aff370d-7c61-49df-8ecf-75e2f343e5fa",
                        "attributes": {
                            "admin_state_up": "true",
                            "all_tags.#": "0",
                            "availability_zone_hints.#": "0",
                            "description": "",
                            "dns_domain": "",
                            "external": "false",
                            "id": "7aff370d-7c61-49df-8ecf-75e2f343e5fa",
                            "mtu": "1450",
                            "name": "vgcn-de01-private",
                            "port_security_enabled": "true",
                            "qos_policy_id": "",
                            "region": "Freiburg",
                            "shared": "false",
                            "tags.#": "0",
                            "tenant_id": "36d6d9420bb04403b55fb21052efe4be",
                            "transparent_vlan": "false"
                        },
                        "meta": {
                            "e2bfb730-ecaa-11e6-8f88-34363bc7c4c0": {
                                "create": 600000000000,
                                "delete": 600000000000
                            }
                        },
                        "tainted": false
                    },
                    "deposed": [],
                    "provider": "provider.openstack"
                },
                "openstack_networking_router_interface_v2.router_interface_1": {
                    "type": "openstack_networking_router_interface_v2",
                    "depends_on": [
                        "openstack_networking_router_v2.router_1",
                        "openstack_networking_subnet_v2._internal"
                    ],
                    "primary": {
                        "id": "6f2f6774-71c7-4e9e-a432-621cc69ecfbd",
                        "attributes": {
                            "id": "6f2f6774-71c7-4e9e-a432-621cc69ecfbd",
                            "port_id": "6f2f6774-71c7-4e9e-a432-621cc69ecfbd",
                            "region": "Freiburg",
                            "router_id": "c02eee44-53e7-4f1b-84d5-e55fa4131aab",
                            "subnet_id": "feaf46b4-3db6-4a8e-a4b8-9d3526ec16e4"
                        },
                        "meta": {
                            "e2bfb730-ecaa-11e6-8f88-34363bc7c4c0": {
                                "create": 600000000000,
                                "delete": 600000000000
                            }
                        },
                        "tainted": false
                    },
                    "deposed": [],
                    "provider": "provider.openstack"
                },
                "openstack_networking_router_v2.router_1": {
                    "type": "openstack_networking_router_v2",
                    "depends_on": [
                        "data.openstack_networking_network_v2.external"
                    ],
                    "primary": {
                        "id": "c02eee44-53e7-4f1b-84d5-e55fa4131aab",
                        "attributes": {
                            "admin_state_up": "true",
                            "all_tags.#": "0",
                            "availability_zone_hints.#": "0",
                            "description": "",
                            "distributed": "false",
                            "enable_snat": "true",
                            "external_fixed_ip.#": "1",
                            "external_fixed_ip.0.ip_address": "192.52.33.202",
                            "external_fixed_ip.0.subnet_id": "ee3e2b95-351c-49c7-a57f-cac4dfe57832",
                            "external_gateway": "6a68b40c-356f-4d4c-95e9-e5c72855fb35",
                            "external_network_id": "6a68b40c-356f-4d4c-95e9-e5c72855fb35",
                            "id": "c02eee44-53e7-4f1b-84d5-e55fa4131aab",
                            "name": "vgcn-de01-router",
                            "region": "Freiburg",
                            "tags.#": "0",
                            "tenant_id": "36d6d9420bb04403b55fb21052efe4be"
                        },
                        "meta": {
                            "e2bfb730-ecaa-11e6-8f88-34363bc7c4c0": {
                                "create": 600000000000,
                                "delete": 600000000000
                            }
                        },
                        "tainted": false
                    },
                    "deposed": [],
                    "provider": "provider.openstack"
                },
                "openstack_networking_secgroup_rule_v2.egress-public-4": {
                    "type": "openstack_networking_secgroup_rule_v2",
                    "depends_on": [
                        "openstack_networking_secgroup_v2.egress-public"
                    ],
                    "primary": {
                        "id": "348f9f5c-71aa-4265-b024-8561ac4ee72f",
                        "attributes": {
                            "description": "",
                            "direction": "egress",
                            "ethertype": "IPv4",
                            "id": "348f9f5c-71aa-4265-b024-8561ac4ee72f",
                            "port_range_max": "0",
                            "port_range_min": "0",
                            "protocol": "",
                            "region": "Freiburg",
                            "remote_group_id": "",
                            "remote_ip_prefix": "",
                            "security_group_id": "13914668-5f00-4f97-b673-78d4e00bd66b",
                            "tenant_id": "36d6d9420bb04403b55fb21052efe4be"
                        },
                        "meta": {
                            "e2bfb730-ecaa-11e6-8f88-34363bc7c4c0": {
                                "delete": 600000000000
                            }
                        },
                        "tainted": false
                    },
                    "deposed": [],
                    "provider": "provider.openstack"
                },
                "openstack_networking_secgroup_rule_v2.egress-public-6": {
                    "type": "openstack_networking_secgroup_rule_v2",
                    "depends_on": [
                        "openstack_networking_secgroup_v2.egress-public"
                    ],
                    "primary": {
                        "id": "cc1fefa6-6690-4d3a-9e57-4035acb26f9c",
                        "attributes": {
                            "description": "",
                            "direction": "egress",
                            "ethertype": "IPv6",
                            "id": "cc1fefa6-6690-4d3a-9e57-4035acb26f9c",
                            "port_range_max": "0",
                            "port_range_min": "0",
                            "protocol": "",
                            "region": "Freiburg",
                            "remote_group_id": "",
                            "remote_ip_prefix": "",
                            "security_group_id": "13914668-5f00-4f97-b673-78d4e00bd66b",
                            "tenant_id": "36d6d9420bb04403b55fb21052efe4be"
                        },
                        "meta": {
                            "e2bfb730-ecaa-11e6-8f88-34363bc7c4c0": {
                                "delete": 600000000000
                            }
                        },
                        "tainted": false
                    },
                    "deposed": [],
                    "provider": "provider.openstack"
                },
                "openstack_networking_secgroup_rule_v2.ingress-private-4": {
                    "type": "openstack_networking_secgroup_rule_v2",
                    "depends_on": [
                        "openstack_networking_secgroup_v2.ingress-private"
                    ],
                    "primary": {
                        "id": "ff66575e-a45d-4c41-b4ae-a380ea695685",
                        "attributes": {
                            "description": "",
                            "direction": "ingress",
                            "ethertype": "IPv4",
                            "id": "ff66575e-a45d-4c41-b4ae-a380ea695685",
                            "port_range_max": "0",
                            "port_range_min": "0",
                            "protocol": "",
                            "region": "Freiburg",
                            "remote_group_id": "",
                            "remote_ip_prefix": "192.168.199.0/24",
                            "security_group_id": "af47b0d9-fec3-4682-9066-674de8cb856c",
                            "tenant_id": "36d6d9420bb04403b55fb21052efe4be"
                        },
                        "meta": {
                            "e2bfb730-ecaa-11e6-8f88-34363bc7c4c0": {
                                "delete": 600000000000
                            }
                        },
                        "tainted": false
                    },
                    "deposed": [],
                    "provider": "provider.openstack"
                },
                "openstack_networking_secgroup_rule_v2.public-ssh-4": {
                    "type": "openstack_networking_secgroup_rule_v2",
                    "depends_on": [
                        "openstack_networking_secgroup_v2.public-ssh"
                    ],
                    "primary": {
                        "id": "2e0e5ac2-69b8-4946-b829-bbdcf6bec927",
                        "attributes": {
                            "description": "",
                            "direction": "ingress",
                            "ethertype": "IPv4",
                            "id": "2e0e5ac2-69b8-4946-b829-bbdcf6bec927",
                            "port_range_max": "22",
                            "port_range_min": "22",
                            "protocol": "tcp",
                            "region": "Freiburg",
                            "remote_group_id": "",
                            "remote_ip_prefix": "",
                            "security_group_id": "76b74efa-95a4-4c31-87d5-6190ef5ff38c",
                            "tenant_id": "36d6d9420bb04403b55fb21052efe4be"
                        },
                        "meta": {
                            "e2bfb730-ecaa-11e6-8f88-34363bc7c4c0": {
                                "delete": 600000000000
                            }
                        },
                        "tainted": false
                    },
                    "deposed": [],
                    "provider": "provider.openstack"
                },
                "openstack_networking_secgroup_rule_v2.publich-ssh-6": {
                    "type": "openstack_networking_secgroup_rule_v2",
                    "depends_on": [
                        "openstack_networking_secgroup_v2.public-ssh"
                    ],
                    "primary": {
                        "id": "def12a1e-7138-4fc9-a718-903cc5c2e562",
                        "attributes": {
                            "description": "",
                            "direction": "ingress",
                            "ethertype": "IPv6",
                            "id": "def12a1e-7138-4fc9-a718-903cc5c2e562",
                            "port_range_max": "22",
                            "port_range_min": "22",
                            "protocol": "tcp",
                            "region": "Freiburg",
                            "remote_group_id": "",
                            "remote_ip_prefix": "",
                            "security_group_id": "76b74efa-95a4-4c31-87d5-6190ef5ff38c",
                            "tenant_id": "36d6d9420bb04403b55fb21052efe4be"
                        },
                        "meta": {
                            "e2bfb730-ecaa-11e6-8f88-34363bc7c4c0": {
                                "delete": 600000000000
                            }
                        },
                        "tainted": false
                    },
                    "deposed": [],
                    "provider": "provider.openstack"
                },
                "openstack_networking_secgroup_v2.egress-public": {
                    "type": "openstack_networking_secgroup_v2",
                    "depends_on": [],
                    "primary": {
                        "id": "13914668-5f00-4f97-b673-78d4e00bd66b",
                        "attributes": {
                            "all_tags.#": "0",
                            "delete_default_rules": "true",
                            "description": "[tf] Allow any outgoing connection",
                            "id": "13914668-5f00-4f97-b673-78d4e00bd66b",
                            "name": "vgcn-de01-egress-public",
                            "region": "Freiburg",
                            "tags.#": "0",
                            "tenant_id": "36d6d9420bb04403b55fb21052efe4be"
                        },
                        "meta": {
                            "e2bfb730-ecaa-11e6-8f88-34363bc7c4c0": {
                                "delete": 600000000000
                            }
                        },
                        "tainted": false
                    },
                    "deposed": [],
                    "provider": "provider.openstack"
                },
                "openstack_networking_secgroup_v2.ingress-private": {
                    "type": "openstack_networking_secgroup_v2",
                    "depends_on": [],
                    "primary": {
                        "id": "af47b0d9-fec3-4682-9066-674de8cb856c",
                        "attributes": {
                            "all_tags.#": "0",
                            "delete_default_rules": "true",
                            "description": "[tf] Allow any incoming connection from private network",
                            "id": "af47b0d9-fec3-4682-9066-674de8cb856c",
                            "name": "vgcn-de01-ingress-private",
                            "region": "Freiburg",
                            "tags.#": "0",
                            "tenant_id": "36d6d9420bb04403b55fb21052efe4be"
                        },
                        "meta": {
                            "e2bfb730-ecaa-11e6-8f88-34363bc7c4c0": {
                                "delete": 600000000000
                            }
                        },
                        "tainted": false
                    },
                    "deposed": [],
                    "provider": "provider.openstack"
                },
                "openstack_networking_secgroup_v2.public-ssh": {
                    "type": "openstack_networking_secgroup_v2",
                    "depends_on": [],
                    "primary": {
                        "id": "76b74efa-95a4-4c31-87d5-6190ef5ff38c",
                        "attributes": {
                            "all_tags.#": "0",
                            "delete_default_rules": "true",
                            "description": "[tf] Allow SSH connections from anywhere",
                            "id": "76b74efa-95a4-4c31-87d5-6190ef5ff38c",
                            "name": "vgcn-de01-public-ssh",
                            "region": "Freiburg",
                            "tags.#": "0",
                            "tenant_id": "36d6d9420bb04403b55fb21052efe4be"
                        },
                        "meta": {
                            "e2bfb730-ecaa-11e6-8f88-34363bc7c4c0": {
                                "delete": 600000000000
                            }
                        },
                        "tainted": false
                    },
                    "deposed": [],
                    "provider": "provider.openstack"
                },
                "openstack_networking_subnet_v2._internal": {
                    "type": "openstack_networking_subnet_v2",
                    "depends_on": [
                        "openstack_networking_network_v2._internal"
                    ],
                    "primary": {
                        "id": "feaf46b4-3db6-4a8e-a4b8-9d3526ec16e4",
                        "attributes": {
                            "all_tags.#": "0",
                            "allocation_pool.#": "1",
                            "allocation_pool.1415211854.end": "192.168.199.254",
                            "allocation_pool.1415211854.start": "192.168.199.2",
                            "allocation_pools.#": "1",
                            "allocation_pools.0.end": "192.168.199.254",
                            "allocation_pools.0.start": "192.168.199.2",
                            "cidr": "192.168.199.0/24",
                            "description": "",
                            "dns_nameservers.#": "0",
                            "enable_dhcp": "true",
                            "gateway_ip": "192.168.199.1",
                            "id": "feaf46b4-3db6-4a8e-a4b8-9d3526ec16e4",
                            "ip_version": "4",
                            "ipv6_address_mode": "",
                            "ipv6_ra_mode": "",
                            "name": "vgcn-de01-private-subnet",
                            "network_id": "7aff370d-7c61-49df-8ecf-75e2f343e5fa",
                            "no_gateway": "false",
                            "region": "Freiburg",
                            "subnetpool_id": "",
                            "tags.#": "0",
                            "tenant_id": "36d6d9420bb04403b55fb21052efe4be"
                        },
                        "meta": {
                            "e2bfb730-ecaa-11e6-8f88-34363bc7c4c0": {
                                "create": 600000000000,
                                "delete": 600000000000
                            }
                        },
                        "tainted": false
                    },
                    "deposed": [],
                    "provider": "provider.openstack"
                }
            },
            "depends_on": []
        }
    ]
}
